{
  "requires": true,
  "lockfileVersion": 1,
  "dependencies": {
    "ansi-to-html": {
      "version": "0.6.9",
      "resolved": "https://registry.npmjs.org/ansi-to-html/-/ansi-to-html-0.6.9.tgz",
      "integrity": "sha512-hwNdg2DNgCzsrvaNc+LDqSxJkpxf9oEt4R7KE0IeURXhEOlontEqNpXNiGeFBpSes8TZF+ZZ9sjB85QzjPsI6A==",
      "requires": {
        "entities": "^1.1.1"
      }
    },
    "entities": {
      "version": "1.1.2",
      "resolved": "https://registry.npmjs.org/entities/-/entities-1.1.2.tgz",
      "integrity": "sha512-f2LZMYl1Fzu7YSBKg+RoROelpOaNrcGmE9AZubeDfrCEia483oW4MI4VyFd5VNHIgQ/7qm1I0wUHK1eJnn2y2w=="
    }
  }
}
