{
  "requires": true,
  "lockfileVersion": 1,
  "dependencies": {
    "ansi-to-html": {
      "version": "0.6.6",
      "resolved": "https://registry.npmjs.org/ansi-to-html/-/ansi-to-html-0.6.6.tgz",
      "integrity": "sha512-90M/2sZna3OsoOEbSyXK46poFnlClBC53Rx6etNKQK7iShsX5fI5E/M9Ld6FurtLaxAWLuAPi0Jp8p3y5oAkxg==",
      "requires": {
        "entities": "1.1.1"
      }
    },
    "entities": {
      "version": "1.1.1",
      "resolved": "https://registry.npmjs.org/entities/-/entities-1.1.1.tgz",
      "integrity": "sha1-blwtClYhtdra7O+AuQ7ftc13cvA="
    }
  }
}
