{
  "requires": true,
  "lockfileVersion": 1,
  "dependencies": {
    "ansi-to-html": {
      "version": "0.6.4",
      "resolved": "https://registry.npmjs.org/ansi-to-html/-/ansi-to-html-0.6.4.tgz",
      "integrity": "sha512-XuUGfj3zOAg3/NCU7Oyf9PaCyFuDVj8dzMqezMycPxo5U52atXt+R4L/zW7ETNA2GTjyj/KGBVEFI8sgPWUu2w==",
      "requires": {
        "entities": "1.1.1"
      }
    },
    "entities": {
      "version": "1.1.1",
      "resolved": "https://registry.npmjs.org/entities/-/entities-1.1.1.tgz",
      "integrity": "sha1-blwtClYhtdra7O+AuQ7ftc13cvA="
    }
  }
}
