
Microsoft Visual Studio Solution File, Format Version 12.00
# Visual Studio 14
VisualStudioVersion = 14.0.25420.1
MinimumVisualStudioVersion = 10.0.40219.1
Project("{FAE04EC0-301F-11D3-BF4B-00C04F79EFBC}") = "BookAStar.Droid", "BookAStar\BookAStar.Droid\BookAStar.Droid.csproj", "{2A8C2BD7-B1B6-4D74-A3FC-3F5DB3BE325E}"
EndProject
Project("{FAE04EC0-301F-11D3-BF4B-00C04F79EFBC}") = "BookAStar.iOS", "BookAStar\BookAStar.iOS\BookAStar.iOS.csproj", "{B1F4A89B-DD33-4E4B-A98A-FB0308B573D3}"
EndProject
Project("{FAE04EC0-301F-11D3-BF4B-00C04F79EFBC}") = "BookAStar", "BookAStar\BookAStar\BookAStar.csproj", "{A0815650-0A0A-47B0-8826-771F0E1AD137}"
EndProject
Project("{FAE04EC0-301F-11D3-BF4B-00C04F79EFBC}") = "YavscLib", "YavscLib\YavscLib.csproj", "{67F9D3A8-F71E-4428-913F-C37AE82CDB24}"
EndProject
Global
	GlobalSection(SolutionConfigurationPlatforms) = preSolution
		Ad-Hoc|Any CPU = Ad-Hoc|Any CPU
		Ad-Hoc|ARM = Ad-Hoc|ARM
		Ad-Hoc|iPhone = Ad-Hoc|iPhone
		Ad-Hoc|iPhoneSimulator = Ad-Hoc|iPhoneSimulator
		Ad-Hoc|x64 = Ad-Hoc|x64
		Ad-Hoc|x86 = Ad-Hoc|x86
		AppStore|Any CPU = AppStore|Any CPU
		AppStore|ARM = AppStore|ARM
		AppStore|iPhone = AppStore|iPhone
		AppStore|iPhoneSimulator = AppStore|iPhoneSimulator
		AppStore|x64 = AppStore|x64
		AppStore|x86 = AppStore|x86
		Debug|Any CPU = Debug|Any CPU
		Debug|ARM = Debug|ARM
		Debug|iPhone = Debug|iPhone
		Debug|iPhoneSimulator = Debug|iPhoneSimulator
		Debug|x64 = Debug|x64
		Debug|x86 = Debug|x86
		Release|Any CPU = Release|Any CPU
		Release|ARM = Release|ARM
		Release|iPhone = Release|iPhone
		Release|iPhoneSimulator = Release|iPhoneSimulator
		Release|x64 = Release|x64
		Release|x86 = Release|x86
	EndGlobalSection
	GlobalSection(ProjectConfigurationPlatforms) = postSolution
		{2A8C2BD7-B1B6-4D74-A3FC-3F5DB3BE325E}.Ad-Hoc|Any CPU.ActiveCfg = Release|Any CPU
		{2A8C2BD7-B1B6-4D74-A3FC-3F5DB3BE325E}.Ad-Hoc|Any CPU.Build.0 = Release|Any CPU
		{2A8C2BD7-B1B6-4D74-A3FC-3F5DB3BE325E}.Ad-Hoc|Any CPU.Deploy.0 = Release|Any CPU
		{2A8C2BD7-B1B6-4D74-A3FC-3F5DB3BE325E}.Ad-Hoc|ARM.ActiveCfg = Release|Any CPU
		{2A8C2BD7-B1B6-4D74-A3FC-3F5DB3BE325E}.Ad-Hoc|ARM.Build.0 = Release|Any CPU
		{2A8C2BD7-B1B6-4D74-A3FC-3F5DB3BE325E}.Ad-Hoc|ARM.Deploy.0 = Release|Any CPU
		{2A8C2BD7-B1B6-4D74-A3FC-3F5DB3BE325E}.Ad-Hoc|iPhone.ActiveCfg = Release|Any CPU
		{2A8C2BD7-B1B6-4D74-A3FC-3F5DB3BE325E}.Ad-Hoc|iPhone.Build.0 = Release|Any CPU
		{2A8C2BD7-B1B6-4D74-A3FC-3F5DB3BE325E}.Ad-Hoc|iPhone.Deploy.0 = Release|Any CPU
		{2A8C2BD7-B1B6-4D74-A3FC-3F5DB3BE325E}.Ad-Hoc|iPhoneSimulator.ActiveCfg = Release|Any CPU
		{2A8C2BD7-B1B6-4D74-A3FC-3F5DB3BE325E}.Ad-Hoc|iPhoneSimulator.Build.0 = Release|Any CPU
		{2A8C2BD7-B1B6-4D74-A3FC-3F5DB3BE325E}.Ad-Hoc|iPhoneSimulator.Deploy.0 = Release|Any CPU
		{2A8C2BD7-B1B6-4D74-A3FC-3F5DB3BE325E}.Ad-Hoc|x64.ActiveCfg = Release|Any CPU
		{2A8C2BD7-B1B6-4D74-A3FC-3F5DB3BE325E}.Ad-Hoc|x64.Build.0 = Release|Any CPU
		{2A8C2BD7-B1B6-4D74-A3FC-3F5DB3BE325E}.Ad-Hoc|x64.Deploy.0 = Release|Any CPU
		{2A8C2BD7-B1B6-4D74-A3FC-3F5DB3BE325E}.Ad-Hoc|x86.ActiveCfg = Release|Any CPU
		{2A8C2BD7-B1B6-4D74-A3FC-3F5DB3BE325E}.Ad-Hoc|x86.Build.0 = Release|Any CPU
		{2A8C2BD7-B1B6-4D74-A3FC-3F5DB3BE325E}.Ad-Hoc|x86.Deploy.0 = Release|Any CPU
		{2A8C2BD7-B1B6-4D74-A3FC-3F5DB3BE325E}.AppStore|Any CPU.ActiveCfg = Release|Any CPU
		{2A8C2BD7-B1B6-4D74-A3FC-3F5DB3BE325E}.AppStore|Any CPU.Build.0 = Release|Any CPU
		{2A8C2BD7-B1B6-4D74-A3FC-3F5DB3BE325E}.AppStore|Any CPU.Deploy.0 = Release|Any CPU
		{2A8C2BD7-B1B6-4D74-A3FC-3F5DB3BE325E}.AppStore|ARM.ActiveCfg = Release|Any CPU
		{2A8C2BD7-B1B6-4D74-A3FC-3F5DB3BE325E}.AppStore|ARM.Build.0 = Release|Any CPU
		{2A8C2BD7-B1B6-4D74-A3FC-3F5DB3BE325E}.AppStore|ARM.Deploy.0 = Release|Any CPU
		{2A8C2BD7-B1B6-4D74-A3FC-3F5DB3BE325E}.AppStore|iPhone.ActiveCfg = Release|Any CPU
		{2A8C2BD7-B1B6-4D74-A3FC-3F5DB3BE325E}.AppStore|iPhone.Build.0 = Release|Any CPU
		{2A8C2BD7-B1B6-4D74-A3FC-3F5DB3BE325E}.AppStore|iPhone.Deploy.0 = Release|Any CPU
		{2A8C2BD7-B1B6-4D74-A3FC-3F5DB3BE325E}.AppStore|iPhoneSimulator.ActiveCfg = Release|Any CPU
		{2A8C2BD7-B1B6-4D74-A3FC-3F5DB3BE325E}.AppStore|iPhoneSimulator.Build.0 = Release|Any CPU
		{2A8C2BD7-B1B6-4D74-A3FC-3F5DB3BE325E}.AppStore|iPhoneSimulator.Deploy.0 = Release|Any CPU
		{2A8C2BD7-B1B6-4D74-A3FC-3F5DB3BE325E}.AppStore|x64.ActiveCfg = Release|Any CPU
		{2A8C2BD7-B1B6-4D74-A3FC-3F5DB3BE325E}.AppStore|x64.Build.0 = Release|Any CPU
		{2A8C2BD7-B1B6-4D74-A3FC-3F5DB3BE325E}.AppStore|x64.Deploy.0 = Release|Any CPU
		{2A8C2BD7-B1B6-4D74-A3FC-3F5DB3BE325E}.AppStore|x86.ActiveCfg = Release|Any CPU
		{2A8C2BD7-B1B6-4D74-A3FC-3F5DB3BE325E}.AppStore|x86.Build.0 = Release|Any CPU
		{2A8C2BD7-B1B6-4D74-A3FC-3F5DB3BE325E}.AppStore|x86.Deploy.0 = Release|Any CPU
		{2A8C2BD7-B1B6-4D74-A3FC-3F5DB3BE325E}.Debug|Any CPU.ActiveCfg = Debug|Any CPU
		{2A8C2BD7-B1B6-4D74-A3FC-3F5DB3BE325E}.Debug|Any CPU.Build.0 = Debug|Any CPU
		{2A8C2BD7-B1B6-4D74-A3FC-3F5DB3BE325E}.Debug|Any CPU.Deploy.0 = Debug|Any CPU
		{2A8C2BD7-B1B6-4D74-A3FC-3F5DB3BE325E}.Debug|ARM.ActiveCfg = Debug|Any CPU
		{2A8C2BD7-B1B6-4D74-A3FC-3F5DB3BE325E}.Debug|ARM.Build.0 = Debug|Any CPU
		{2A8C2BD7-B1B6-4D74-A3FC-3F5DB3BE325E}.Debug|ARM.Deploy.0 = Debug|Any CPU
		{2A8C2BD7-B1B6-4D74-A3FC-3F5DB3BE325E}.Debug|iPhone.ActiveCfg = Debug|Any CPU
		{2A8C2BD7-B1B6-4D74-A3FC-3F5DB3BE325E}.Debug|iPhone.Build.0 = Debug|Any CPU
		{2A8C2BD7-B1B6-4D74-A3FC-3F5DB3BE325E}.Debug|iPhone.Deploy.0 = Debug|Any CPU
		{2A8C2BD7-B1B6-4D74-A3FC-3F5DB3BE325E}.Debug|iPhoneSimulator.ActiveCfg = Debug|Any CPU
		{2A8C2BD7-B1B6-4D74-A3FC-3F5DB3BE325E}.Debug|iPhoneSimulator.Build.0 = Debug|Any CPU
		{2A8C2BD7-B1B6-4D74-A3FC-3F5DB3BE325E}.Debug|iPhoneSimulator.Deploy.0 = Debug|Any CPU
		{2A8C2BD7-B1B6-4D74-A3FC-3F5DB3BE325E}.Debug|x64.ActiveCfg = Debug|Any CPU
		{2A8C2BD7-B1B6-4D74-A3FC-3F5DB3BE325E}.Debug|x64.Build.0 = Debug|Any CPU
		{2A8C2BD7-B1B6-4D74-A3FC-3F5DB3BE325E}.Debug|x64.Deploy.0 = Debug|Any CPU
		{2A8C2BD7-B1B6-4D74-A3FC-3F5DB3BE325E}.Debug|x86.ActiveCfg = Debug|Any CPU
		{2A8C2BD7-B1B6-4D74-A3FC-3F5DB3BE325E}.Debug|x86.Build.0 = Debug|Any CPU
		{2A8C2BD7-B1B6-4D74-A3FC-3F5DB3BE325E}.Debug|x86.Deploy.0 = Debug|Any CPU
		{2A8C2BD7-B1B6-4D74-A3FC-3F5DB3BE325E}.Release|Any CPU.ActiveCfg = Release|Any CPU
		{2A8C2BD7-B1B6-4D74-A3FC-3F5DB3BE325E}.Release|Any CPU.Build.0 = Release|Any CPU
		{2A8C2BD7-B1B6-4D74-A3FC-3F5DB3BE325E}.Release|Any CPU.Deploy.0 = Release|Any CPU
		{2A8C2BD7-B1B6-4D74-A3FC-3F5DB3BE325E}.Release|ARM.ActiveCfg = Release|Any CPU
		{2A8C2BD7-B1B6-4D74-A3FC-3F5DB3BE325E}.Release|ARM.Build.0 = Release|Any CPU
		{2A8C2BD7-B1B6-4D74-A3FC-3F5DB3BE325E}.Release|ARM.Deploy.0 = Release|Any CPU
		{2A8C2BD7-B1B6-4D74-A3FC-3F5DB3BE325E}.Release|iPhone.ActiveCfg = Release|Any CPU
		{2A8C2BD7-B1B6-4D74-A3FC-3F5DB3BE325E}.Release|iPhone.Build.0 = Release|Any CPU
		{2A8C2BD7-B1B6-4D74-A3FC-3F5DB3BE325E}.Release|iPhone.Deploy.0 = Release|Any CPU
		{2A8C2BD7-B1B6-4D74-A3FC-3F5DB3BE325E}.Release|iPhoneSimulator.ActiveCfg = Release|Any CPU
		{2A8C2BD7-B1B6-4D74-A3FC-3F5DB3BE325E}.Release|iPhoneSimulator.Build.0 = Release|Any CPU
		{2A8C2BD7-B1B6-4D74-A3FC-3F5DB3BE325E}.Release|iPhoneSimulator.Deploy.0 = Release|Any CPU
		{2A8C2BD7-B1B6-4D74-A3FC-3F5DB3BE325E}.Release|x64.ActiveCfg = Release|Any CPU
		{2A8C2BD7-B1B6-4D74-A3FC-3F5DB3BE325E}.Release|x64.Build.0 = Release|Any CPU
		{2A8C2BD7-B1B6-4D74-A3FC-3F5DB3BE325E}.Release|x64.Deploy.0 = Release|Any CPU
		{2A8C2BD7-B1B6-4D74-A3FC-3F5DB3BE325E}.Release|x86.ActiveCfg = Release|Any CPU
		{2A8C2BD7-B1B6-4D74-A3FC-3F5DB3BE325E}.Release|x86.Build.0 = Release|Any CPU
		{2A8C2BD7-B1B6-4D74-A3FC-3F5DB3BE325E}.Release|x86.Deploy.0 = Release|Any CPU
		{B1F4A89B-DD33-4E4B-A98A-FB0308B573D3}.Ad-Hoc|Any CPU.ActiveCfg = Ad-Hoc|iPhone
		{B1F4A89B-DD33-4E4B-A98A-FB0308B573D3}.Ad-Hoc|ARM.ActiveCfg = Ad-Hoc|iPhone
		{B1F4A89B-DD33-4E4B-A98A-FB0308B573D3}.Ad-Hoc|iPhone.ActiveCfg = Ad-Hoc|iPhone
		{B1F4A89B-DD33-4E4B-A98A-FB0308B573D3}.Ad-Hoc|iPhone.Build.0 = Ad-Hoc|iPhone
		{B1F4A89B-DD33-4E4B-A98A-FB0308B573D3}.Ad-Hoc|iPhoneSimulator.ActiveCfg = Ad-Hoc|iPhoneSimulator
		{B1F4A89B-DD33-4E4B-A98A-FB0308B573D3}.Ad-Hoc|iPhoneSimulator.Build.0 = Ad-Hoc|iPhoneSimulator
		{B1F4A89B-DD33-4E4B-A98A-FB0308B573D3}.Ad-Hoc|x64.ActiveCfg = Ad-Hoc|iPhone
		{B1F4A89B-DD33-4E4B-A98A-FB0308B573D3}.Ad-Hoc|x86.ActiveCfg = Ad-Hoc|iPhone
		{B1F4A89B-DD33-4E4B-A98A-FB0308B573D3}.AppStore|Any CPU.ActiveCfg = AppStore|iPhone
		{B1F4A89B-DD33-4E4B-A98A-FB0308B573D3}.AppStore|ARM.ActiveCfg = AppStore|iPhone
		{B1F4A89B-DD33-4E4B-A98A-FB0308B573D3}.AppStore|iPhone.ActiveCfg = AppStore|iPhone
		{B1F4A89B-DD33-4E4B-A98A-FB0308B573D3}.AppStore|iPhone.Build.0 = AppStore|iPhone
		{B1F4A89B-DD33-4E4B-A98A-FB0308B573D3}.AppStore|iPhoneSimulator.ActiveCfg = AppStore|iPhoneSimulator
		{B1F4A89B-DD33-4E4B-A98A-FB0308B573D3}.AppStore|iPhoneSimulator.Build.0 = AppStore|iPhoneSimulator
		{B1F4A89B-DD33-4E4B-A98A-FB0308B573D3}.AppStore|x64.ActiveCfg = AppStore|iPhone
		{B1F4A89B-DD33-4E4B-A98A-FB0308B573D3}.AppStore|x86.ActiveCfg = AppStore|iPhone
		{B1F4A89B-DD33-4E4B-A98A-FB0308B573D3}.Debug|Any CPU.ActiveCfg = Debug|iPhone
		{B1F4A89B-DD33-4E4B-A98A-FB0308B573D3}.Debug|ARM.ActiveCfg = Debug|iPhone
		{B1F4A89B-DD33-4E4B-A98A-FB0308B573D3}.Debug|iPhone.ActiveCfg = Debug|iPhone
		{B1F4A89B-DD33-4E4B-A98A-FB0308B573D3}.Debug|iPhone.Build.0 = Debug|iPhone
		{B1F4A89B-DD33-4E4B-A98A-FB0308B573D3}.Debug|iPhoneSimulator.ActiveCfg = Debug|iPhoneSimulator
		{B1F4A89B-DD33-4E4B-A98A-FB0308B573D3}.Debug|iPhoneSimulator.Build.0 = Debug|iPhoneSimulator
		{B1F4A89B-DD33-4E4B-A98A-FB0308B573D3}.Debug|x64.ActiveCfg = Debug|iPhone
		{B1F4A89B-DD33-4E4B-A98A-FB0308B573D3}.Debug|x86.ActiveCfg = Debug|iPhone
		{B1F4A89B-DD33-4E4B-A98A-FB0308B573D3}.Release|Any CPU.ActiveCfg = Release|iPhone
		{B1F4A89B-DD33-4E4B-A98A-FB0308B573D3}.Release|ARM.ActiveCfg = Release|iPhone
		{B1F4A89B-DD33-4E4B-A98A-FB0308B573D3}.Release|iPhone.ActiveCfg = Release|iPhone
		{B1F4A89B-DD33-4E4B-A98A-FB0308B573D3}.Release|iPhone.Build.0 = Release|iPhone
		{B1F4A89B-DD33-4E4B-A98A-FB0308B573D3}.Release|iPhoneSimulator.ActiveCfg = Release|iPhoneSimulator
		{B1F4A89B-DD33-4E4B-A98A-FB0308B573D3}.Release|iPhoneSimulator.Build.0 = Release|iPhoneSimulator
		{B1F4A89B-DD33-4E4B-A98A-FB0308B573D3}.Release|x64.ActiveCfg = Release|iPhone
		{B1F4A89B-DD33-4E4B-A98A-FB0308B573D3}.Release|x86.ActiveCfg = Release|iPhone
		{A0815650-0A0A-47B0-8826-771F0E1AD137}.Ad-Hoc|Any CPU.ActiveCfg = Release|Any CPU
		{A0815650-0A0A-47B0-8826-771F0E1AD137}.Ad-Hoc|Any CPU.Build.0 = Release|Any CPU
		{A0815650-0A0A-47B0-8826-771F0E1AD137}.Ad-Hoc|ARM.ActiveCfg = Release|Any CPU
		{A0815650-0A0A-47B0-8826-771F0E1AD137}.Ad-Hoc|ARM.Build.0 = Release|Any CPU
		{A0815650-0A0A-47B0-8826-771F0E1AD137}.Ad-Hoc|iPhone.ActiveCfg = Release|Any CPU
		{A0815650-0A0A-47B0-8826-771F0E1AD137}.Ad-Hoc|iPhone.Build.0 = Release|Any CPU
		{A0815650-0A0A-47B0-8826-771F0E1AD137}.Ad-Hoc|iPhoneSimulator.ActiveCfg = Release|Any CPU
		{A0815650-0A0A-47B0-8826-771F0E1AD137}.Ad-Hoc|iPhoneSimulator.Build.0 = Release|Any CPU
		{A0815650-0A0A-47B0-8826-771F0E1AD137}.Ad-Hoc|x64.ActiveCfg = Release|Any CPU
		{A0815650-0A0A-47B0-8826-771F0E1AD137}.Ad-Hoc|x64.Build.0 = Release|Any CPU
		{A0815650-0A0A-47B0-8826-771F0E1AD137}.Ad-Hoc|x86.ActiveCfg = Release|Any CPU
		{A0815650-0A0A-47B0-8826-771F0E1AD137}.Ad-Hoc|x86.Build.0 = Release|Any CPU
		{A0815650-0A0A-47B0-8826-771F0E1AD137}.AppStore|Any CPU.ActiveCfg = Release|Any CPU
		{A0815650-0A0A-47B0-8826-771F0E1AD137}.AppStore|Any CPU.Build.0 = Release|Any CPU
		{A0815650-0A0A-47B0-8826-771F0E1AD137}.AppStore|ARM.ActiveCfg = Release|Any CPU
		{A0815650-0A0A-47B0-8826-771F0E1AD137}.AppStore|ARM.Build.0 = Release|Any CPU
		{A0815650-0A0A-47B0-8826-771F0E1AD137}.AppStore|iPhone.ActiveCfg = Release|Any CPU
		{A0815650-0A0A-47B0-8826-771F0E1AD137}.AppStore|iPhone.Build.0 = Release|Any CPU
		{A0815650-0A0A-47B0-8826-771F0E1AD137}.AppStore|iPhoneSimulator.ActiveCfg = Release|Any CPU
		{A0815650-0A0A-47B0-8826-771F0E1AD137}.AppStore|iPhoneSimulator.Build.0 = Release|Any CPU
		{A0815650-0A0A-47B0-8826-771F0E1AD137}.AppStore|x64.ActiveCfg = Release|Any CPU
		{A0815650-0A0A-47B0-8826-771F0E1AD137}.AppStore|x64.Build.0 = Release|Any CPU
		{A0815650-0A0A-47B0-8826-771F0E1AD137}.AppStore|x86.ActiveCfg = Release|Any CPU
		{A0815650-0A0A-47B0-8826-771F0E1AD137}.AppStore|x86.Build.0 = Release|Any CPU
		{A0815650-0A0A-47B0-8826-771F0E1AD137}.Debug|Any CPU.ActiveCfg = Debug|Any CPU
		{A0815650-0A0A-47B0-8826-771F0E1AD137}.Debug|Any CPU.Build.0 = Debug|Any CPU
		{A0815650-0A0A-47B0-8826-771F0E1AD137}.Debug|ARM.ActiveCfg = Debug|Any CPU
		{A0815650-0A0A-47B0-8826-771F0E1AD137}.Debug|ARM.Build.0 = Debug|Any CPU
		{A0815650-0A0A-47B0-8826-771F0E1AD137}.Debug|iPhone.ActiveCfg = Debug|Any CPU
		{A0815650-0A0A-47B0-8826-771F0E1AD137}.Debug|iPhone.Build.0 = Debug|Any CPU
		{A0815650-0A0A-47B0-8826-771F0E1AD137}.Debug|iPhoneSimulator.ActiveCfg = Debug|Any CPU
		{A0815650-0A0A-47B0-8826-771F0E1AD137}.Debug|iPhoneSimulator.Build.0 = Debug|Any CPU
		{A0815650-0A0A-47B0-8826-771F0E1AD137}.Debug|x64.ActiveCfg = Debug|Any CPU
		{A0815650-0A0A-47B0-8826-771F0E1AD137}.Debug|x64.Build.0 = Debug|Any CPU
		{A0815650-0A0A-47B0-8826-771F0E1AD137}.Debug|x86.ActiveCfg = Debug|Any CPU
		{A0815650-0A0A-47B0-8826-771F0E1AD137}.Debug|x86.Build.0 = Debug|Any CPU
		{A0815650-0A0A-47B0-8826-771F0E1AD137}.Release|Any CPU.ActiveCfg = Release|Any CPU
		{A0815650-0A0A-47B0-8826-771F0E1AD137}.Release|Any CPU.Build.0 = Release|Any CPU
		{A0815650-0A0A-47B0-8826-771F0E1AD137}.Release|ARM.ActiveCfg = Release|Any CPU
		{A0815650-0A0A-47B0-8826-771F0E1AD137}.Release|ARM.Build.0 = Release|Any CPU
		{A0815650-0A0A-47B0-8826-771F0E1AD137}.Release|iPhone.ActiveCfg = Release|Any CPU
		{A0815650-0A0A-47B0-8826-771F0E1AD137}.Release|iPhone.Build.0 = Release|Any CPU
		{A0815650-0A0A-47B0-8826-771F0E1AD137}.Release|iPhoneSimulator.ActiveCfg = Release|Any CPU
		{A0815650-0A0A-47B0-8826-771F0E1AD137}.Release|iPhoneSimulator.Build.0 = Release|Any CPU
		{A0815650-0A0A-47B0-8826-771F0E1AD137}.Release|x64.ActiveCfg = Release|Any CPU
		{A0815650-0A0A-47B0-8826-771F0E1AD137}.Release|x64.Build.0 = Release|Any CPU
		{A0815650-0A0A-47B0-8826-771F0E1AD137}.Release|x86.ActiveCfg = Release|Any CPU
		{A0815650-0A0A-47B0-8826-771F0E1AD137}.Release|x86.Build.0 = Release|Any CPU
		{67F9D3A8-F71E-4428-913F-C37AE82CDB24}.Ad-Hoc|Any CPU.ActiveCfg = Release|Any CPU
		{67F9D3A8-F71E-4428-913F-C37AE82CDB24}.Ad-Hoc|Any CPU.Build.0 = Release|Any CPU
		{67F9D3A8-F71E-4428-913F-C37AE82CDB24}.Ad-Hoc|ARM.ActiveCfg = Release|Any CPU
		{67F9D3A8-F71E-4428-913F-C37AE82CDB24}.Ad-Hoc|ARM.Build.0 = Release|Any CPU
		{67F9D3A8-F71E-4428-913F-C37AE82CDB24}.Ad-Hoc|iPhone.ActiveCfg = Release|Any CPU
		{67F9D3A8-F71E-4428-913F-C37AE82CDB24}.Ad-Hoc|iPhone.Build.0 = Release|Any CPU
		{67F9D3A8-F71E-4428-913F-C37AE82CDB24}.Ad-Hoc|iPhoneSimulator.ActiveCfg = Release|Any CPU
		{67F9D3A8-F71E-4428-913F-C37AE82CDB24}.Ad-Hoc|iPhoneSimulator.Build.0 = Release|Any CPU
		{67F9D3A8-F71E-4428-913F-C37AE82CDB24}.Ad-Hoc|x64.ActiveCfg = Release|Any CPU
		{67F9D3A8-F71E-4428-913F-C37AE82CDB24}.Ad-Hoc|x64.Build.0 = Release|Any CPU
		{67F9D3A8-F71E-4428-913F-C37AE82CDB24}.Ad-Hoc|x86.ActiveCfg = Release|Any CPU
		{67F9D3A8-F71E-4428-913F-C37AE82CDB24}.Ad-Hoc|x86.Build.0 = Release|Any CPU
		{67F9D3A8-F71E-4428-913F-C37AE82CDB24}.AppStore|Any CPU.ActiveCfg = Release|Any CPU
		{67F9D3A8-F71E-4428-913F-C37AE82CDB24}.AppStore|Any CPU.Build.0 = Release|Any CPU
		{67F9D3A8-F71E-4428-913F-C37AE82CDB24}.AppStore|ARM.ActiveCfg = Release|Any CPU
		{67F9D3A8-F71E-4428-913F-C37AE82CDB24}.AppStore|ARM.Build.0 = Release|Any CPU
		{67F9D3A8-F71E-4428-913F-C37AE82CDB24}.AppStore|iPhone.ActiveCfg = Release|Any CPU
		{67F9D3A8-F71E-4428-913F-C37AE82CDB24}.AppStore|iPhone.Build.0 = Release|Any CPU
		{67F9D3A8-F71E-4428-913F-C37AE82CDB24}.AppStore|iPhoneSimulator.ActiveCfg = Release|Any CPU
		{67F9D3A8-F71E-4428-913F-C37AE82CDB24}.AppStore|iPhoneSimulator.Build.0 = Release|Any CPU
		{67F9D3A8-F71E-4428-913F-C37AE82CDB24}.AppStore|x64.ActiveCfg = Release|Any CPU
		{67F9D3A8-F71E-4428-913F-C37AE82CDB24}.AppStore|x64.Build.0 = Release|Any CPU
		{67F9D3A8-F71E-4428-913F-C37AE82CDB24}.AppStore|x86.ActiveCfg = Release|Any CPU
		{67F9D3A8-F71E-4428-913F-C37AE82CDB24}.AppStore|x86.Build.0 = Release|Any CPU
		{67F9D3A8-F71E-4428-913F-C37AE82CDB24}.Debug|Any CPU.ActiveCfg = Debug|Any CPU
		{67F9D3A8-F71E-4428-913F-C37AE82CDB24}.Debug|Any CPU.Build.0 = Debug|Any CPU
		{67F9D3A8-F71E-4428-913F-C37AE82CDB24}.Debug|ARM.ActiveCfg = Debug|Any CPU
		{67F9D3A8-F71E-4428-913F-C37AE82CDB24}.Debug|ARM.Build.0 = Debug|Any CPU
		{67F9D3A8-F71E-4428-913F-C37AE82CDB24}.Debug|iPhone.ActiveCfg = Debug|Any CPU
		{67F9D3A8-F71E-4428-913F-C37AE82CDB24}.Debug|iPhone.Build.0 = Debug|Any CPU
		{67F9D3A8-F71E-4428-913F-C37AE82CDB24}.Debug|iPhoneSimulator.ActiveCfg = Debug|Any CPU
		{67F9D3A8-F71E-4428-913F-C37AE82CDB24}.Debug|iPhoneSimulator.Build.0 = Debug|Any CPU
		{67F9D3A8-F71E-4428-913F-C37AE82CDB24}.Debug|x64.ActiveCfg = Debug|Any CPU
		{67F9D3A8-F71E-4428-913F-C37AE82CDB24}.Debug|x64.Build.0 = Debug|Any CPU
		{67F9D3A8-F71E-4428-913F-C37AE82CDB24}.Debug|x86.ActiveCfg = Debug|Any CPU
		{67F9D3A8-F71E-4428-913F-C37AE82CDB24}.Debug|x86.Build.0 = Debug|Any CPU
		{67F9D3A8-F71E-4428-913F-C37AE82CDB24}.Release|Any CPU.ActiveCfg = Release|Any CPU
		{67F9D3A8-F71E-4428-913F-C37AE82CDB24}.Release|Any CPU.Build.0 = Release|Any CPU
		{67F9D3A8-F71E-4428-913F-C37AE82CDB24}.Release|ARM.ActiveCfg = Release|Any CPU
		{67F9D3A8-F71E-4428-913F-C37AE82CDB24}.Release|ARM.Build.0 = Release|Any CPU
		{67F9D3A8-F71E-4428-913F-C37AE82CDB24}.Release|iPhone.ActiveCfg = Release|Any CPU
		{67F9D3A8-F71E-4428-913F-C37AE82CDB24}.Release|iPhone.Build.0 = Release|Any CPU
		{67F9D3A8-F71E-4428-913F-C37AE82CDB24}.Release|iPhoneSimulator.ActiveCfg = Release|Any CPU
		{67F9D3A8-F71E-4428-913F-C37AE82CDB24}.Release|iPhoneSimulator.Build.0 = Release|Any CPU
		{67F9D3A8-F71E-4428-913F-C37AE82CDB24}.Release|x64.ActiveCfg = Release|Any CPU
		{67F9D3A8-F71E-4428-913F-C37AE82CDB24}.Release|x64.Build.0 = Release|Any CPU
		{67F9D3A8-F71E-4428-913F-C37AE82CDB24}.Release|x86.ActiveCfg = Release|Any CPU
		{67F9D3A8-F71E-4428-913F-C37AE82CDB24}.Release|x86.Build.0 = Release|Any CPU
	EndGlobalSection
	GlobalSection(SolutionProperties) = preSolution
		HideSolutionNode = FALSE
	EndGlobalSection
EndGlobal
