
Microsoft Visual Studio Solution File, Format Version 11.00
# Visual Studio 2010
Project("{FAE04EC0-301F-11D3-BF4B-00C04F79EFBC}") = "Web", "web\Web.csproj", "{77044C92-D2F1-45BD-80DD-AA25B311B027}"
EndProject
Project("{FAE04EC0-301F-11D3-BF4B-00C04F79EFBC}") = "NpgsqlMRPProviders", "NpgsqlMRPProviders\NpgsqlMRPProviders.csproj", "{BBA7175D-7F92-4278-96FC-84C495A2B5A6}"
EndProject
Project("{FAE04EC0-301F-11D3-BF4B-00C04F79EFBC}") = "NpgsqlBlogProvider", "NpgsqlBlogProvider\NpgsqlBlogProvider.csproj", "{C6E9E91B-97D3-48D9-8AA7-05356929E162}"
EndProject
Project("{FAE04EC0-301F-11D3-BF4B-00C04F79EFBC}") = "SalesCatalog", "SalesCatalog\SalesCatalog.csproj", "{90BF2234-7252-4CD5-B2A4-17501B19279B}"
EndProject
Project("{FAE04EC0-301F-11D3-BF4B-00C04F79EFBC}") = "YavscModel", "yavscModel\YavscModel.csproj", "{68F5B80A-616E-4C3C-91A0-828AA40000BD}"
EndProject
Project("{FAE04EC0-301F-11D3-BF4B-00C04F79EFBC}") = "NpgsqlContentProvider", "NpgsqlContentProvider\NpgsqlContentProvider.csproj", "{821FF72D-9F4B-4A2C-B95C-7B965291F119}"
EndProject
Project("{FAE04EC0-301F-11D3-BF4B-00C04F79EFBC}") = "YavscClient", "yavscclient\YavscClient.csproj", "{EEFCECE6-3B7F-4BBE-B7AF-69377AF3CF39}"
EndProject
Project("{FAE04EC0-301F-11D3-BF4B-00C04F79EFBC}") = "WebControls", "WebControls\WebControls.csproj", "{59E1DF7B-FFA0-4DEB-B5F3-76EBD98D5356}"
EndProject
Project("{FAE04EC0-301F-11D3-BF4B-00C04F79EFBC}") = "ITContentProvider", "ITContentProvider\ITContentProvider.csproj", "{9D7D892E-9B77-4713-892D-C26E1E944119}"
EndProject
Project("{2150E333-8FDC-42A3-9474-1A3956D46DE8}") = "plugins", "plugins", "{ECEC9074-ACB5-4A74-BE22-FF7B40F25A1A}"
EndProject
Project("{FAE04EC0-301F-11D3-BF4B-00C04F79EFBC}") = "fortune", "plugins\fortune\fortune.csproj", "{B5F49C21-7BB3-4DC0-AE65-F4ED0F6D15BD}"
EndProject
Project("{2150E333-8FDC-42A3-9474-1A3956D46DE8}") = "Solution Items", "Solution Items", "{7E3CF14D-91B6-4088-8630-7655C749130E}"
	ProjectSection(SolutionItems) = preProject
		LICENSE = LICENSE
		Makefile = Makefile
		noavatar.xcf = noavatar.xcf
		README.md = README.md
	EndProjectSection
EndProject
Global
	GlobalSection(SolutionConfigurationPlatforms) = preSolution
		Debug|Any CPU = Debug|Any CPU
		Release|Any CPU = Release|Any CPU
	EndGlobalSection
	GlobalSection(ProjectConfigurationPlatforms) = postSolution
		{59E1DF7B-FFA0-4DEB-B5F3-76EBD98D5356}.Debug|Any CPU.ActiveCfg = Debug|Any CPU
		{59E1DF7B-FFA0-4DEB-B5F3-76EBD98D5356}.Debug|Any CPU.Build.0 = Debug|Any CPU
		{59E1DF7B-FFA0-4DEB-B5F3-76EBD98D5356}.Release|Any CPU.ActiveCfg = Release|Any CPU
		{59E1DF7B-FFA0-4DEB-B5F3-76EBD98D5356}.Release|Any CPU.Build.0 = Release|Any CPU
		{68F5B80A-616E-4C3C-91A0-828AA40000BD}.Debug|Any CPU.ActiveCfg = Debug|Any CPU
		{68F5B80A-616E-4C3C-91A0-828AA40000BD}.Debug|Any CPU.Build.0 = Debug|Any CPU
		{68F5B80A-616E-4C3C-91A0-828AA40000BD}.Release|Any CPU.ActiveCfg = Release|Any CPU
		{68F5B80A-616E-4C3C-91A0-828AA40000BD}.Release|Any CPU.Build.0 = Release|Any CPU
		{77044C92-D2F1-45BD-80DD-AA25B311B027}.Debug|Any CPU.ActiveCfg = Debug|Any CPU
		{77044C92-D2F1-45BD-80DD-AA25B311B027}.Debug|Any CPU.Build.0 = Debug|Any CPU
		{77044C92-D2F1-45BD-80DD-AA25B311B027}.Release|Any CPU.ActiveCfg = Release|Any CPU
		{77044C92-D2F1-45BD-80DD-AA25B311B027}.Release|Any CPU.Build.0 = Release|Any CPU
		{821FF72D-9F4B-4A2C-B95C-7B965291F119}.Debug|Any CPU.ActiveCfg = Debug|Any CPU
		{821FF72D-9F4B-4A2C-B95C-7B965291F119}.Debug|Any CPU.Build.0 = Debug|Any CPU
		{821FF72D-9F4B-4A2C-B95C-7B965291F119}.Release|Any CPU.ActiveCfg = Release|Any CPU
		{821FF72D-9F4B-4A2C-B95C-7B965291F119}.Release|Any CPU.Build.0 = Release|Any CPU
		{90BF2234-7252-4CD5-B2A4-17501B19279B}.Debug|Any CPU.ActiveCfg = Debug|Any CPU
		{90BF2234-7252-4CD5-B2A4-17501B19279B}.Debug|Any CPU.Build.0 = Debug|Any CPU
		{90BF2234-7252-4CD5-B2A4-17501B19279B}.Release|Any CPU.ActiveCfg = Release|Any CPU
		{90BF2234-7252-4CD5-B2A4-17501B19279B}.Release|Any CPU.Build.0 = Release|Any CPU
		{9D7D892E-9B77-4713-892D-C26E1E944119}.Debug|Any CPU.ActiveCfg = Debug|Any CPU
		{9D7D892E-9B77-4713-892D-C26E1E944119}.Debug|Any CPU.Build.0 = Debug|Any CPU
		{9D7D892E-9B77-4713-892D-C26E1E944119}.Release|Any CPU.ActiveCfg = Release|Any CPU
		{9D7D892E-9B77-4713-892D-C26E1E944119}.Release|Any CPU.Build.0 = Release|Any CPU
		{B5F49C21-7BB3-4DC0-AE65-F4ED0F6D15BD}.Debug|Any CPU.ActiveCfg = Debug|Any CPU
		{B5F49C21-7BB3-4DC0-AE65-F4ED0F6D15BD}.Debug|Any CPU.Build.0 = Debug|Any CPU
		{B5F49C21-7BB3-4DC0-AE65-F4ED0F6D15BD}.Release|Any CPU.ActiveCfg = Release|Any CPU
		{B5F49C21-7BB3-4DC0-AE65-F4ED0F6D15BD}.Release|Any CPU.Build.0 = Release|Any CPU
		{BBA7175D-7F92-4278-96FC-84C495A2B5A6}.Debug|Any CPU.ActiveCfg = Debug|Any CPU
		{BBA7175D-7F92-4278-96FC-84C495A2B5A6}.Debug|Any CPU.Build.0 = Debug|Any CPU
		{BBA7175D-7F92-4278-96FC-84C495A2B5A6}.Release|Any CPU.ActiveCfg = Release|Any CPU
		{BBA7175D-7F92-4278-96FC-84C495A2B5A6}.Release|Any CPU.Build.0 = Release|Any CPU
		{C6E9E91B-97D3-48D9-8AA7-05356929E162}.Debug|Any CPU.ActiveCfg = Debug|Any CPU
		{C6E9E91B-97D3-48D9-8AA7-05356929E162}.Debug|Any CPU.Build.0 = Debug|Any CPU
		{C6E9E91B-97D3-48D9-8AA7-05356929E162}.Release|Any CPU.ActiveCfg = Release|Any CPU
		{C6E9E91B-97D3-48D9-8AA7-05356929E162}.Release|Any CPU.Build.0 = Release|Any CPU
		{EEFCECE6-3B7F-4BBE-B7AF-69377AF3CF39}.Debug|Any CPU.ActiveCfg = Debug|Any CPU
		{EEFCECE6-3B7F-4BBE-B7AF-69377AF3CF39}.Debug|Any CPU.Build.0 = Debug|Any CPU
		{EEFCECE6-3B7F-4BBE-B7AF-69377AF3CF39}.Release|Any CPU.ActiveCfg = Release|Any CPU
		{EEFCECE6-3B7F-4BBE-B7AF-69377AF3CF39}.Release|Any CPU.Build.0 = Release|Any CPU
	EndGlobalSection
	GlobalSection(NestedProjects) = preSolution
		{B5F49C21-7BB3-4DC0-AE65-F4ED0F6D15BD} = {ECEC9074-ACB5-4A74-BE22-FF7B40F25A1A}
	EndGlobalSection
	GlobalSection(MonoDevelopProperties) = preSolution
		Policies = $0
		$0.StandardHeader = $1
		$1.Text = @\n ${FileName}\n \n Author:\n      ${AuthorName} <${AuthorEmail}>\n \n Copyright (c) ${Year} ${CopyrightHolder}\n\n This program is free software: you can redistribute it and/or modify\n it under the terms of the GNU Lesser General Public License as published by\n the Free Software Foundation, either version 3 of the License, or\n (at your option) any later version.\n\n This program is distributed in the hope that it will be useful,\n but WITHOUT ANY WARRANTY; without even the implied warranty of\n MERCHANTABILITY or FITNESS FOR A PARTICULAR PURPOSE.  See the\n GNU Lesser General Public License for more details.\n\n You should have received a copy of the GNU Lesser General Public License\n along with this program.  If not, see <http://www.gnu.org/licenses/>.
		$1.IncludeInNewFiles = True
		$0.VersionControlPolicy = $2
		$2.inheritsSet = Mono
		$0.ChangeLogPolicy = $3
		$3.UpdateMode = ProjectRoot
		$3.VcsIntegration = RequireEntry
		$3.MessageStyle = $4
		$4.LineAlign = 0
		$3.inheritsSet = Mono
	EndGlobalSection
EndGlobal
