
Microsoft Visual Studio Solution File, Format Version 12.00
# Visual Studio Version 17
VisualStudioVersion = 17.0.31903.59
MinimumVisualStudioVersion = 10.0.40219.1
Project("{2150E333-8FDC-42A3-9474-1A3956D46DE8}") = "src", "src", "{CDB1BDB5-53F9-4B43-864F-60F2E74F44E2}"
EndProject
Project("{FAE04EC0-301F-11D3-BF4B-00C04F79EFBC}") = "Yavsc.Abstract", "src\Yavsc.Abstract\Yavsc.Abstract.csproj", "{8AD551DA-AFB7-4C2A-BB33-9418E38659BC}"
EndProject
Project("{FAE04EC0-301F-11D3-BF4B-00C04F79EFBC}") = "Yavsc.Server", "src\Yavsc.Server\Yavsc.Server.csproj", "{4F852616-39EE-4075-B6F9-BE1E2DDB877B}"
EndProject
Project("{FAE04EC0-301F-11D3-BF4B-00C04F79EFBC}") = "Yavsc.Org", "src\Yavsc.Org\Yavsc.Org.csproj", "{88142EC2-FEB2-4D69-AD3A-74F3364360F0}"
EndProject
Project("{FAE04EC0-301F-11D3-BF4B-00C04F79EFBC}") = "Yavsc.Web", "src\Yavsc.Web\Yavsc.Web.csproj", "{1F594222-C5CB-4D4A-94A1-C5AEB4990B59}"
EndProject
Project("{FAE04EC0-301F-11D3-BF4B-00C04F79EFBC}") = "Api", "src\Api\Api.csproj", "{95DAD2B5-4324-4E89-A337-5703E45CFBE8}"
EndProject
Project("{FAE04EC0-301F-11D3-BF4B-00C04F79EFBC}") = "cli", "src\cli\cli.csproj", "{27DA6CEC-4266-4F78-BB32-8388F9A401D0}"
EndProject
Project("{2150E333-8FDC-42A3-9474-1A3956D46DE8}") = "test", "test", "{76A7FBA6-B7EC-4864-85C0-1F470794BA0F}"
EndProject
Project("{FAE04EC0-301F-11D3-BF4B-00C04F79EFBC}") = "yavscTests", "test\yavscTests\yavscTests.csproj", "{CDCF676A-2037-472E-8C8B-67C5E4FDFEA1}"
EndProject
Project("{FAE04EC0-301F-11D3-BF4B-00C04F79EFBC}") = "Yavsc.Blogs", "src\Yavsc.Blogs\Yavsc.Blogs.csproj", "{5D9E161F-3CB3-4854-9D07-3DF6882EA66C}"
EndProject
Project("{2150E333-8FDC-42A3-9474-1A3956D46DE8}") = "PostIt", "PostIt", "{E13D107F-4053-D0DE-6394-453609595BFE}"
EndProject
Project("{FAE04EC0-301F-11D3-BF4B-00C04F79EFBC}") = "PostIt", "src\PostIt\PostIt\PostIt.csproj", "{38B554FD-2AAF-4278-B87B-729FA4DC0111}"
EndProject
Project("{FAE04EC0-301F-11D3-BF4B-00C04F79EFBC}") = "PostIt.Android", "src\PostIt\PostIt.Android\PostIt.Android.csproj", "{4C092CF8-524A-494D-AAFC-69383DFBA31D}"
EndProject
Project("{FAE04EC0-301F-11D3-BF4B-00C04F79EFBC}") = "PostIt.Browser", "src\PostIt\PostIt.Browser\PostIt.Browser.csproj", "{AF96C1C4-D128-4CD7-A8BB-D194E6D270F0}"
EndProject
Project("{FAE04EC0-301F-11D3-BF4B-00C04F79EFBC}") = "PostIt.Desktop", "src\PostIt\PostIt.Desktop\PostIt.Desktop.csproj", "{EFE24256-9335-44C5-8B77-E180C2DB3C0B}"
EndProject
Global
	GlobalSection(SolutionConfigurationPlatforms) = preSolution
		Debug|Any CPU = Debug|Any CPU
		Debug|x64 = Debug|x64
		Debug|x86 = Debug|x86
		Release|Any CPU = Release|Any CPU
		Release|x64 = Release|x64
		Release|x86 = Release|x86
	EndGlobalSection
	GlobalSection(ProjectConfigurationPlatforms) = postSolution
		{8AD551DA-AFB7-4C2A-BB33-9418E38659BC}.Debug|Any CPU.ActiveCfg = Debug|Any CPU
		{8AD551DA-AFB7-4C2A-BB33-9418E38659BC}.Debug|Any CPU.Build.0 = Debug|Any CPU
		{8AD551DA-AFB7-4C2A-BB33-9418E38659BC}.Debug|x64.ActiveCfg = Debug|Any CPU
		{8AD551DA-AFB7-4C2A-BB33-9418E38659BC}.Debug|x64.Build.0 = Debug|Any CPU
		{8AD551DA-AFB7-4C2A-BB33-9418E38659BC}.Debug|x86.ActiveCfg = Debug|Any CPU
		{8AD551DA-AFB7-4C2A-BB33-9418E38659BC}.Debug|x86.Build.0 = Debug|Any CPU
		{8AD551DA-AFB7-4C2A-BB33-9418E38659BC}.Release|Any CPU.ActiveCfg = Release|Any CPU
		{8AD551DA-AFB7-4C2A-BB33-9418E38659BC}.Release|Any CPU.Build.0 = Release|Any CPU
		{8AD551DA-AFB7-4C2A-BB33-9418E38659BC}.Release|x64.ActiveCfg = Release|Any CPU
		{8AD551DA-AFB7-4C2A-BB33-9418E38659BC}.Release|x64.Build.0 = Release|Any CPU
		{8AD551DA-AFB7-4C2A-BB33-9418E38659BC}.Release|x86.ActiveCfg = Release|Any CPU
		{8AD551DA-AFB7-4C2A-BB33-9418E38659BC}.Release|x86.Build.0 = Release|Any CPU
		{4F852616-39EE-4075-B6F9-BE1E2DDB877B}.Debug|Any CPU.ActiveCfg = Debug|Any CPU
		{4F852616-39EE-4075-B6F9-BE1E2DDB877B}.Debug|Any CPU.Build.0 = Debug|Any CPU
		{4F852616-39EE-4075-B6F9-BE1E2DDB877B}.Debug|x64.ActiveCfg = Debug|Any CPU
		{4F852616-39EE-4075-B6F9-BE1E2DDB877B}.Debug|x64.Build.0 = Debug|Any CPU
		{4F852616-39EE-4075-B6F9-BE1E2DDB877B}.Debug|x86.ActiveCfg = Debug|Any CPU
		{4F852616-39EE-4075-B6F9-BE1E2DDB877B}.Debug|x86.Build.0 = Debug|Any CPU
		{4F852616-39EE-4075-B6F9-BE1E2DDB877B}.Release|Any CPU.ActiveCfg = Release|Any CPU
		{4F852616-39EE-4075-B6F9-BE1E2DDB877B}.Release|Any CPU.Build.0 = Release|Any CPU
		{4F852616-39EE-4075-B6F9-BE1E2DDB877B}.Release|x64.ActiveCfg = Release|Any CPU
		{4F852616-39EE-4075-B6F9-BE1E2DDB877B}.Release|x64.Build.0 = Release|Any CPU
		{4F852616-39EE-4075-B6F9-BE1E2DDB877B}.Release|x86.ActiveCfg = Release|Any CPU
		{4F852616-39EE-4075-B6F9-BE1E2DDB877B}.Release|x86.Build.0 = Release|Any CPU
		{88142EC2-FEB2-4D69-AD3A-74F3364360F0}.Debug|Any CPU.ActiveCfg = Debug|Any CPU
		{88142EC2-FEB2-4D69-AD3A-74F3364360F0}.Debug|Any CPU.Build.0 = Debug|Any CPU
		{88142EC2-FEB2-4D69-AD3A-74F3364360F0}.Debug|x64.ActiveCfg = Debug|Any CPU
		{88142EC2-FEB2-4D69-AD3A-74F3364360F0}.Debug|x64.Build.0 = Debug|Any CPU
		{88142EC2-FEB2-4D69-AD3A-74F3364360F0}.Debug|x86.ActiveCfg = Debug|Any CPU
		{88142EC2-FEB2-4D69-AD3A-74F3364360F0}.Debug|x86.Build.0 = Debug|Any CPU
		{88142EC2-FEB2-4D69-AD3A-74F3364360F0}.Release|Any CPU.ActiveCfg = Release|Any CPU
		{88142EC2-FEB2-4D69-AD3A-74F3364360F0}.Release|Any CPU.Build.0 = Release|Any CPU
		{88142EC2-FEB2-4D69-AD3A-74F3364360F0}.Release|x64.ActiveCfg = Release|Any CPU
		{88142EC2-FEB2-4D69-AD3A-74F3364360F0}.Release|x64.Build.0 = Release|Any CPU
		{88142EC2-FEB2-4D69-AD3A-74F3364360F0}.Release|x86.ActiveCfg = Release|Any CPU
		{88142EC2-FEB2-4D69-AD3A-74F3364360F0}.Release|x86.Build.0 = Release|Any CPU
		{1F594222-C5CB-4D4A-94A1-C5AEB4990B59}.Debug|Any CPU.ActiveCfg = Debug|Any CPU
		{1F594222-C5CB-4D4A-94A1-C5AEB4990B59}.Debug|Any CPU.Build.0 = Debug|Any CPU
		{1F594222-C5CB-4D4A-94A1-C5AEB4990B59}.Debug|x64.ActiveCfg = Debug|Any CPU
		{1F594222-C5CB-4D4A-94A1-C5AEB4990B59}.Debug|x64.Build.0 = Debug|Any CPU
		{1F594222-C5CB-4D4A-94A1-C5AEB4990B59}.Debug|x86.ActiveCfg = Debug|Any CPU
		{1F594222-C5CB-4D4A-94A1-C5AEB4990B59}.Debug|x86.Build.0 = Debug|Any CPU
		{1F594222-C5CB-4D4A-94A1-C5AEB4990B59}.Release|Any CPU.ActiveCfg = Release|Any CPU
		{1F594222-C5CB-4D4A-94A1-C5AEB4990B59}.Release|Any CPU.Build.0 = Release|Any CPU
		{1F594222-C5CB-4D4A-94A1-C5AEB4990B59}.Release|x64.ActiveCfg = Release|Any CPU
		{1F594222-C5CB-4D4A-94A1-C5AEB4990B59}.Release|x64.Build.0 = Release|Any CPU
		{1F594222-C5CB-4D4A-94A1-C5AEB4990B59}.Release|x86.ActiveCfg = Release|Any CPU
		{1F594222-C5CB-4D4A-94A1-C5AEB4990B59}.Release|x86.Build.0 = Release|Any CPU
		{95DAD2B5-4324-4E89-A337-5703E45CFBE8}.Debug|Any CPU.ActiveCfg = Debug|Any CPU
		{95DAD2B5-4324-4E89-A337-5703E45CFBE8}.Debug|Any CPU.Build.0 = Debug|Any CPU
		{95DAD2B5-4324-4E89-A337-5703E45CFBE8}.Debug|x64.ActiveCfg = Debug|Any CPU
		{95DAD2B5-4324-4E89-A337-5703E45CFBE8}.Debug|x64.Build.0 = Debug|Any CPU
		{95DAD2B5-4324-4E89-A337-5703E45CFBE8}.Debug|x86.ActiveCfg = Debug|Any CPU
		{95DAD2B5-4324-4E89-A337-5703E45CFBE8}.Debug|x86.Build.0 = Debug|Any CPU
		{95DAD2B5-4324-4E89-A337-5703E45CFBE8}.Release|Any CPU.ActiveCfg = Release|Any CPU
		{95DAD2B5-4324-4E89-A337-5703E45CFBE8}.Release|Any CPU.Build.0 = Release|Any CPU
		{95DAD2B5-4324-4E89-A337-5703E45CFBE8}.Release|x64.ActiveCfg = Release|Any CPU
		{95DAD2B5-4324-4E89-A337-5703E45CFBE8}.Release|x64.Build.0 = Release|Any CPU
		{95DAD2B5-4324-4E89-A337-5703E45CFBE8}.Release|x86.ActiveCfg = Release|Any CPU
		{95DAD2B5-4324-4E89-A337-5703E45CFBE8}.Release|x86.Build.0 = Release|Any CPU
		{27DA6CEC-4266-4F78-BB32-8388F9A401D0}.Debug|Any CPU.ActiveCfg = Debug|Any CPU
		{27DA6CEC-4266-4F78-BB32-8388F9A401D0}.Debug|Any CPU.Build.0 = Debug|Any CPU
		{27DA6CEC-4266-4F78-BB32-8388F9A401D0}.Debug|x64.ActiveCfg = Debug|Any CPU
		{27DA6CEC-4266-4F78-BB32-8388F9A401D0}.Debug|x64.Build.0 = Debug|Any CPU
		{27DA6CEC-4266-4F78-BB32-8388F9A401D0}.Debug|x86.ActiveCfg = Debug|Any CPU
		{27DA6CEC-4266-4F78-BB32-8388F9A401D0}.Debug|x86.Build.0 = Debug|Any CPU
		{27DA6CEC-4266-4F78-BB32-8388F9A401D0}.Release|Any CPU.ActiveCfg = Release|Any CPU
		{27DA6CEC-4266-4F78-BB32-8388F9A401D0}.Release|Any CPU.Build.0 = Release|Any CPU
		{27DA6CEC-4266-4F78-BB32-8388F9A401D0}.Release|x64.ActiveCfg = Release|Any CPU
		{27DA6CEC-4266-4F78-BB32-8388F9A401D0}.Release|x64.Build.0 = Release|Any CPU
		{27DA6CEC-4266-4F78-BB32-8388F9A401D0}.Release|x86.ActiveCfg = Release|Any CPU
		{27DA6CEC-4266-4F78-BB32-8388F9A401D0}.Release|x86.Build.0 = Release|Any CPU
		{CDCF676A-2037-472E-8C8B-67C5E4FDFEA1}.Debug|Any CPU.ActiveCfg = Debug|Any CPU
		{CDCF676A-2037-472E-8C8B-67C5E4FDFEA1}.Debug|Any CPU.Build.0 = Debug|Any CPU
		{CDCF676A-2037-472E-8C8B-67C5E4FDFEA1}.Debug|x64.ActiveCfg = Debug|Any CPU
		{CDCF676A-2037-472E-8C8B-67C5E4FDFEA1}.Debug|x64.Build.0 = Debug|Any CPU
		{CDCF676A-2037-472E-8C8B-67C5E4FDFEA1}.Debug|x86.ActiveCfg = Debug|Any CPU
		{CDCF676A-2037-472E-8C8B-67C5E4FDFEA1}.Debug|x86.Build.0 = Debug|Any CPU
		{CDCF676A-2037-472E-8C8B-67C5E4FDFEA1}.Release|Any CPU.ActiveCfg = Release|Any CPU
		{CDCF676A-2037-472E-8C8B-67C5E4FDFEA1}.Release|Any CPU.Build.0 = Release|Any CPU
		{CDCF676A-2037-472E-8C8B-67C5E4FDFEA1}.Release|x64.ActiveCfg = Release|Any CPU
		{CDCF676A-2037-472E-8C8B-67C5E4FDFEA1}.Release|x64.Build.0 = Release|Any CPU
		{CDCF676A-2037-472E-8C8B-67C5E4FDFEA1}.Release|x86.ActiveCfg = Release|Any CPU
		{CDCF676A-2037-472E-8C8B-67C5E4FDFEA1}.Release|x86.Build.0 = Release|Any CPU
		{5D9E161F-3CB3-4854-9D07-3DF6882EA66C}.Debug|Any CPU.ActiveCfg = Debug|Any CPU
		{5D9E161F-3CB3-4854-9D07-3DF6882EA66C}.Debug|Any CPU.Build.0 = Debug|Any CPU
		{5D9E161F-3CB3-4854-9D07-3DF6882EA66C}.Debug|x64.ActiveCfg = Debug|Any CPU
		{5D9E161F-3CB3-4854-9D07-3DF6882EA66C}.Debug|x64.Build.0 = Debug|Any CPU
		{5D9E161F-3CB3-4854-9D07-3DF6882EA66C}.Debug|x86.ActiveCfg = Debug|Any CPU
		{5D9E161F-3CB3-4854-9D07-3DF6882EA66C}.Debug|x86.Build.0 = Debug|Any CPU
		{5D9E161F-3CB3-4854-9D07-3DF6882EA66C}.Release|Any CPU.ActiveCfg = Release|Any CPU
		{5D9E161F-3CB3-4854-9D07-3DF6882EA66C}.Release|Any CPU.Build.0 = Release|Any CPU
		{5D9E161F-3CB3-4854-9D07-3DF6882EA66C}.Release|x64.ActiveCfg = Release|Any CPU
		{5D9E161F-3CB3-4854-9D07-3DF6882EA66C}.Release|x64.Build.0 = Release|Any CPU
		{5D9E161F-3CB3-4854-9D07-3DF6882EA66C}.Release|x86.ActiveCfg = Release|Any CPU
		{5D9E161F-3CB3-4854-9D07-3DF6882EA66C}.Release|x86.Build.0 = Release|Any CPU
		{38B554FD-2AAF-4278-B87B-729FA4DC0111}.Debug|Any CPU.ActiveCfg = Debug|Any CPU
		{38B554FD-2AAF-4278-B87B-729FA4DC0111}.Debug|Any CPU.Build.0 = Debug|Any CPU
		{38B554FD-2AAF-4278-B87B-729FA4DC0111}.Debug|x64.ActiveCfg = Debug|Any CPU
		{38B554FD-2AAF-4278-B87B-729FA4DC0111}.Debug|x64.Build.0 = Debug|Any CPU
		{38B554FD-2AAF-4278-B87B-729FA4DC0111}.Debug|x86.ActiveCfg = Debug|Any CPU
		{38B554FD-2AAF-4278-B87B-729FA4DC0111}.Debug|x86.Build.0 = Debug|Any CPU
		{38B554FD-2AAF-4278-B87B-729FA4DC0111}.Release|Any CPU.ActiveCfg = Release|Any CPU
		{38B554FD-2AAF-4278-B87B-729FA4DC0111}.Release|Any CPU.Build.0 = Release|Any CPU
		{38B554FD-2AAF-4278-B87B-729FA4DC0111}.Release|x64.ActiveCfg = Release|Any CPU
		{38B554FD-2AAF-4278-B87B-729FA4DC0111}.Release|x64.Build.0 = Release|Any CPU
		{38B554FD-2AAF-4278-B87B-729FA4DC0111}.Release|x86.ActiveCfg = Release|Any CPU
		{38B554FD-2AAF-4278-B87B-729FA4DC0111}.Release|x86.Build.0 = Release|Any CPU
		{4C092CF8-524A-494D-AAFC-69383DFBA31D}.Debug|Any CPU.ActiveCfg = Debug|Any CPU
		{4C092CF8-524A-494D-AAFC-69383DFBA31D}.Debug|Any CPU.Build.0 = Debug|Any CPU
		{4C092CF8-524A-494D-AAFC-69383DFBA31D}.Debug|x64.ActiveCfg = Debug|Any CPU
		{4C092CF8-524A-494D-AAFC-69383DFBA31D}.Debug|x64.Build.0 = Debug|Any CPU
		{4C092CF8-524A-494D-AAFC-69383DFBA31D}.Debug|x86.ActiveCfg = Debug|Any CPU
		{4C092CF8-524A-494D-AAFC-69383DFBA31D}.Debug|x86.Build.0 = Debug|Any CPU
		{4C092CF8-524A-494D-AAFC-69383DFBA31D}.Release|Any CPU.ActiveCfg = Release|Any CPU
		{4C092CF8-524A-494D-AAFC-69383DFBA31D}.Release|Any CPU.Build.0 = Release|Any CPU
		{4C092CF8-524A-494D-AAFC-69383DFBA31D}.Release|x64.ActiveCfg = Release|Any CPU
		{4C092CF8-524A-494D-AAFC-69383DFBA31D}.Release|x64.Build.0 = Release|Any CPU
		{4C092CF8-524A-494D-AAFC-69383DFBA31D}.Release|x86.ActiveCfg = Release|Any CPU
		{4C092CF8-524A-494D-AAFC-69383DFBA31D}.Release|x86.Build.0 = Release|Any CPU
		{AF96C1C4-D128-4CD7-A8BB-D194E6D270F0}.Debug|Any CPU.ActiveCfg = Debug|Any CPU
		{AF96C1C4-D128-4CD7-A8BB-D194E6D270F0}.Debug|Any CPU.Build.0 = Debug|Any CPU
		{AF96C1C4-D128-4CD7-A8BB-D194E6D270F0}.Debug|x64.ActiveCfg = Debug|Any CPU
		{AF96C1C4-D128-4CD7-A8BB-D194E6D270F0}.Debug|x64.Build.0 = Debug|Any CPU
		{AF96C1C4-D128-4CD7-A8BB-D194E6D270F0}.Debug|x86.ActiveCfg = Debug|Any CPU
		{AF96C1C4-D128-4CD7-A8BB-D194E6D270F0}.Debug|x86.Build.0 = Debug|Any CPU
		{AF96C1C4-D128-4CD7-A8BB-D194E6D270F0}.Release|Any CPU.ActiveCfg = Release|Any CPU
		{AF96C1C4-D128-4CD7-A8BB-D194E6D270F0}.Release|Any CPU.Build.0 = Release|Any CPU
		{AF96C1C4-D128-4CD7-A8BB-D194E6D270F0}.Release|x64.ActiveCfg = Release|Any CPU
		{AF96C1C4-D128-4CD7-A8BB-D194E6D270F0}.Release|x64.Build.0 = Release|Any CPU
		{AF96C1C4-D128-4CD7-A8BB-D194E6D270F0}.Release|x86.ActiveCfg = Release|Any CPU
		{AF96C1C4-D128-4CD7-A8BB-D194E6D270F0}.Release|x86.Build.0 = Release|Any CPU
		{EFE24256-9335-44C5-8B77-E180C2DB3C0B}.Debug|Any CPU.ActiveCfg = Debug|Any CPU
		{EFE24256-9335-44C5-8B77-E180C2DB3C0B}.Debug|Any CPU.Build.0 = Debug|Any CPU
		{EFE24256-9335-44C5-8B77-E180C2DB3C0B}.Debug|x64.ActiveCfg = Debug|Any CPU
		{EFE24256-9335-44C5-8B77-E180C2DB3C0B}.Debug|x64.Build.0 = Debug|Any CPU
		{EFE24256-9335-44C5-8B77-E180C2DB3C0B}.Debug|x86.ActiveCfg = Debug|Any CPU
		{EFE24256-9335-44C5-8B77-E180C2DB3C0B}.Debug|x86.Build.0 = Debug|Any CPU
		{EFE24256-9335-44C5-8B77-E180C2DB3C0B}.Release|Any CPU.ActiveCfg = Release|Any CPU
		{EFE24256-9335-44C5-8B77-E180C2DB3C0B}.Release|Any CPU.Build.0 = Release|Any CPU
		{EFE24256-9335-44C5-8B77-E180C2DB3C0B}.Release|x64.ActiveCfg = Release|Any CPU
		{EFE24256-9335-44C5-8B77-E180C2DB3C0B}.Release|x64.Build.0 = Release|Any CPU
		{EFE24256-9335-44C5-8B77-E180C2DB3C0B}.Release|x86.ActiveCfg = Release|Any CPU
		{EFE24256-9335-44C5-8B77-E180C2DB3C0B}.Release|x86.Build.0 = Release|Any CPU
	EndGlobalSection
	GlobalSection(SolutionProperties) = preSolution
		HideSolutionNode = FALSE
	EndGlobalSection
	GlobalSection(NestedProjects) = preSolution
		{8AD551DA-AFB7-4C2A-BB33-9418E38659BC} = {CDB1BDB5-53F9-4B43-864F-60F2E74F44E2}
		{4F852616-39EE-4075-B6F9-BE1E2DDB877B} = {CDB1BDB5-53F9-4B43-864F-60F2E74F44E2}
		{88142EC2-FEB2-4D69-AD3A-74F3364360F0} = {CDB1BDB5-53F9-4B43-864F-60F2E74F44E2}
		{1F594222-C5CB-4D4A-94A1-C5AEB4990B59} = {CDB1BDB5-53F9-4B43-864F-60F2E74F44E2}
		{95DAD2B5-4324-4E89-A337-5703E45CFBE8} = {CDB1BDB5-53F9-4B43-864F-60F2E74F44E2}
		{27DA6CEC-4266-4F78-BB32-8388F9A401D0} = {CDB1BDB5-53F9-4B43-864F-60F2E74F44E2}
		{CDCF676A-2037-472E-8C8B-67C5E4FDFEA1} = {76A7FBA6-B7EC-4864-85C0-1F470794BA0F}
		{5D9E161F-3CB3-4854-9D07-3DF6882EA66C} = {CDB1BDB5-53F9-4B43-864F-60F2E74F44E2}
		{E13D107F-4053-D0DE-6394-453609595BFE} = {CDB1BDB5-53F9-4B43-864F-60F2E74F44E2}
		{38B554FD-2AAF-4278-B87B-729FA4DC0111} = {E13D107F-4053-D0DE-6394-453609595BFE}
		{4C092CF8-524A-494D-AAFC-69383DFBA31D} = {E13D107F-4053-D0DE-6394-453609595BFE}
		{AF96C1C4-D128-4CD7-A8BB-D194E6D270F0} = {E13D107F-4053-D0DE-6394-453609595BFE}
		{EFE24256-9335-44C5-8B77-E180C2DB3C0B} = {E13D107F-4053-D0DE-6394-453609595BFE}
	EndGlobalSection
EndGlobal
