
Microsoft Visual Studio Solution File, Format Version 12.00
# Visual Studio 2012
VisualStudioVersion = 14.0.25420.1
MinimumVisualStudioVersion = 10.0.40219.1
Project("{FAE04EC0-301F-11D3-BF4B-00C04F79EFBC}") = "ZicMoove.Droid", "ZicMoove\ZicMoove.Droid\ZicMoove.Droid.csproj", "{2A8C2BD7-B1B6-4D74-A3FC-3F5DB3BE325E}"
EndProject
Project("{FAE04EC0-301F-11D3-BF4B-00C04F79EFBC}") = "ZicMoove.iOS", "ZicMoove\ZicMoove.iOS\ZicMoove.iOS.csproj", "{B1F4A89B-DD33-4E4B-A98A-FB0308B573D3}"
EndProject
Project("{FAE04EC0-301F-11D3-BF4B-00C04F79EFBC}") = "ZicMoove", "ZicMoove\ZicMoove\ZicMoove.csproj", "{A0815650-0A0A-47B0-8826-771F0E1AD137}"
EndProject
Project("{FAE04EC0-301F-11D3-BF4B-00C04F79EFBC}") = "yaxwtui", "yaxwtui\yaxwtui.csproj", "{6077BDD8-7EDB-4039-AF41-3CD8BA094FB2}"
EndProject
Project("{FAE04EC0-301F-11D3-BF4B-00C04F79EFBC}") = "yaxwtui.Wpf", "yaxwtui.Wpf\yaxwtui.Wpf.csproj", "{430CD4B7-36BA-4271-9361-D85AE43D5781}"
EndProject
Project("{FAE04EC0-301F-11D3-BF4B-00C04F79EFBC}") = "yaxwtui.Gtk2", "yaxwtui.Gtk2\yaxwtui.Gtk2.csproj", "{F245F76E-F532-4A1B-BA2E-43493F441711}"
EndProject
Project("{FAE04EC0-301F-11D3-BF4B-00C04F79EFBC}") = "yaxwtui.Gtk3", "yaxwtui.Gtk3\yaxwtui.Gtk3.csproj", "{48B63113-0CC3-4324-8DE7-E10C4EBD2C11}"
EndProject
Project("{FAE04EC0-301F-11D3-BF4B-00C04F79EFBC}") = "cli", "cli\cli.csproj", "{E7C9D6BF-54DC-4E18-8F25-C4BD4BE71ACC}"
EndProject
Global
	GlobalSection(SolutionConfigurationPlatforms) = preSolution
		Ad-Hoc|Any CPU = Ad-Hoc|Any CPU
		Ad-Hoc|ARM = Ad-Hoc|ARM
		Ad-Hoc|iPhone = Ad-Hoc|iPhone
		Ad-Hoc|iPhoneSimulator = Ad-Hoc|iPhoneSimulator
		Ad-Hoc|x64 = Ad-Hoc|x64
		Ad-Hoc|x86 = Ad-Hoc|x86
		AppStore|Any CPU = AppStore|Any CPU
		AppStore|ARM = AppStore|ARM
		AppStore|iPhone = AppStore|iPhone
		AppStore|iPhoneSimulator = AppStore|iPhoneSimulator
		AppStore|x64 = AppStore|x64
		AppStore|x86 = AppStore|x86
		Debug|Any CPU = Debug|Any CPU
		Debug|ARM = Debug|ARM
		Debug|iPhone = Debug|iPhone
		Debug|iPhoneSimulator = Debug|iPhoneSimulator
		Debug|x64 = Debug|x64
		Debug|x86 = Debug|x86
		Lua|Any CPU = Lua|Any CPU
		Lua|ARM = Lua|ARM
		Lua|iPhone = Lua|iPhone
		Lua|iPhoneSimulator = Lua|iPhoneSimulator
		Lua|x64 = Lua|x64
		Lua|x86 = Lua|x86
		Release|Any CPU = Release|Any CPU
		Release|ARM = Release|ARM
		Release|iPhone = Release|iPhone
		Release|iPhoneSimulator = Release|iPhoneSimulator
		Release|x64 = Release|x64
		Release|x86 = Release|x86
		WinDev|Any CPU = WinDev|Any CPU
		WinDev|ARM = WinDev|ARM
		WinDev|iPhone = WinDev|iPhone
		WinDev|iPhoneSimulator = WinDev|iPhoneSimulator
		WinDev|x64 = WinDev|x64
		WinDev|x86 = WinDev|x86
		Yavsc|Any CPU = Yavsc|Any CPU
		Yavsc|ARM = Yavsc|ARM
		Yavsc|iPhone = Yavsc|iPhone
		Yavsc|iPhoneSimulator = Yavsc|iPhoneSimulator
		Yavsc|x64 = Yavsc|x64
		Yavsc|x86 = Yavsc|x86
		ZicMoove|Any CPU = ZicMoove|Any CPU
		ZicMoove|ARM = ZicMoove|ARM
		ZicMoove|iPhone = ZicMoove|iPhone
		ZicMoove|iPhoneSimulator = ZicMoove|iPhoneSimulator
		ZicMoove|x64 = ZicMoove|x64
		ZicMoove|x86 = ZicMoove|x86
	EndGlobalSection
	GlobalSection(ProjectConfigurationPlatforms) = postSolution
		{2A8C2BD7-B1B6-4D74-A3FC-3F5DB3BE325E}.Ad-Hoc|Any CPU.ActiveCfg = Release|Any CPU
		{2A8C2BD7-B1B6-4D74-A3FC-3F5DB3BE325E}.Ad-Hoc|Any CPU.Build.0 = Release|Any CPU
		{2A8C2BD7-B1B6-4D74-A3FC-3F5DB3BE325E}.Ad-Hoc|Any CPU.Deploy.0 = Release|Any CPU
		{2A8C2BD7-B1B6-4D74-A3FC-3F5DB3BE325E}.Ad-Hoc|ARM.ActiveCfg = Release|Any CPU
		{2A8C2BD7-B1B6-4D74-A3FC-3F5DB3BE325E}.Ad-Hoc|ARM.Build.0 = Release|Any CPU
		{2A8C2BD7-B1B6-4D74-A3FC-3F5DB3BE325E}.Ad-Hoc|ARM.Deploy.0 = Release|Any CPU
		{2A8C2BD7-B1B6-4D74-A3FC-3F5DB3BE325E}.Ad-Hoc|iPhone.ActiveCfg = Release|Any CPU
		{2A8C2BD7-B1B6-4D74-A3FC-3F5DB3BE325E}.Ad-Hoc|iPhone.Build.0 = Release|Any CPU
		{2A8C2BD7-B1B6-4D74-A3FC-3F5DB3BE325E}.Ad-Hoc|iPhone.Deploy.0 = Release|Any CPU
		{2A8C2BD7-B1B6-4D74-A3FC-3F5DB3BE325E}.Ad-Hoc|iPhoneSimulator.ActiveCfg = Release|Any CPU
		{2A8C2BD7-B1B6-4D74-A3FC-3F5DB3BE325E}.Ad-Hoc|iPhoneSimulator.Build.0 = Release|Any CPU
		{2A8C2BD7-B1B6-4D74-A3FC-3F5DB3BE325E}.Ad-Hoc|iPhoneSimulator.Deploy.0 = Release|Any CPU
		{2A8C2BD7-B1B6-4D74-A3FC-3F5DB3BE325E}.Ad-Hoc|x64.ActiveCfg = Release|Any CPU
		{2A8C2BD7-B1B6-4D74-A3FC-3F5DB3BE325E}.Ad-Hoc|x64.Build.0 = Release|Any CPU
		{2A8C2BD7-B1B6-4D74-A3FC-3F5DB3BE325E}.Ad-Hoc|x64.Deploy.0 = Release|Any CPU
		{2A8C2BD7-B1B6-4D74-A3FC-3F5DB3BE325E}.Ad-Hoc|x86.ActiveCfg = Release|Any CPU
		{2A8C2BD7-B1B6-4D74-A3FC-3F5DB3BE325E}.Ad-Hoc|x86.Build.0 = Release|Any CPU
		{2A8C2BD7-B1B6-4D74-A3FC-3F5DB3BE325E}.Ad-Hoc|x86.Deploy.0 = Release|Any CPU
		{2A8C2BD7-B1B6-4D74-A3FC-3F5DB3BE325E}.AppStore|Any CPU.ActiveCfg = Release|Any CPU
		{2A8C2BD7-B1B6-4D74-A3FC-3F5DB3BE325E}.AppStore|Any CPU.Build.0 = Release|Any CPU
		{2A8C2BD7-B1B6-4D74-A3FC-3F5DB3BE325E}.AppStore|Any CPU.Deploy.0 = Release|Any CPU
		{2A8C2BD7-B1B6-4D74-A3FC-3F5DB3BE325E}.AppStore|ARM.ActiveCfg = Release|Any CPU
		{2A8C2BD7-B1B6-4D74-A3FC-3F5DB3BE325E}.AppStore|ARM.Build.0 = Release|Any CPU
		{2A8C2BD7-B1B6-4D74-A3FC-3F5DB3BE325E}.AppStore|ARM.Deploy.0 = Release|Any CPU
		{2A8C2BD7-B1B6-4D74-A3FC-3F5DB3BE325E}.AppStore|iPhone.ActiveCfg = Release|Any CPU
		{2A8C2BD7-B1B6-4D74-A3FC-3F5DB3BE325E}.AppStore|iPhone.Build.0 = Release|Any CPU
		{2A8C2BD7-B1B6-4D74-A3FC-3F5DB3BE325E}.AppStore|iPhone.Deploy.0 = Release|Any CPU
		{2A8C2BD7-B1B6-4D74-A3FC-3F5DB3BE325E}.AppStore|iPhoneSimulator.ActiveCfg = Release|Any CPU
		{2A8C2BD7-B1B6-4D74-A3FC-3F5DB3BE325E}.AppStore|iPhoneSimulator.Build.0 = Release|Any CPU
		{2A8C2BD7-B1B6-4D74-A3FC-3F5DB3BE325E}.AppStore|iPhoneSimulator.Deploy.0 = Release|Any CPU
		{2A8C2BD7-B1B6-4D74-A3FC-3F5DB3BE325E}.AppStore|x64.ActiveCfg = Release|Any CPU
		{2A8C2BD7-B1B6-4D74-A3FC-3F5DB3BE325E}.AppStore|x64.Build.0 = Release|Any CPU
		{2A8C2BD7-B1B6-4D74-A3FC-3F5DB3BE325E}.AppStore|x64.Deploy.0 = Release|Any CPU
		{2A8C2BD7-B1B6-4D74-A3FC-3F5DB3BE325E}.AppStore|x86.ActiveCfg = Release|Any CPU
		{2A8C2BD7-B1B6-4D74-A3FC-3F5DB3BE325E}.AppStore|x86.Build.0 = Release|Any CPU
		{2A8C2BD7-B1B6-4D74-A3FC-3F5DB3BE325E}.AppStore|x86.Deploy.0 = Release|Any CPU
		{2A8C2BD7-B1B6-4D74-A3FC-3F5DB3BE325E}.Debug|Any CPU.ActiveCfg = Debug|Any CPU
		{2A8C2BD7-B1B6-4D74-A3FC-3F5DB3BE325E}.Debug|Any CPU.Build.0 = Debug|Any CPU
		{2A8C2BD7-B1B6-4D74-A3FC-3F5DB3BE325E}.Debug|Any CPU.Deploy.0 = Debug|Any CPU
		{2A8C2BD7-B1B6-4D74-A3FC-3F5DB3BE325E}.Debug|ARM.ActiveCfg = Debug|Any CPU
		{2A8C2BD7-B1B6-4D74-A3FC-3F5DB3BE325E}.Debug|ARM.Build.0 = Debug|Any CPU
		{2A8C2BD7-B1B6-4D74-A3FC-3F5DB3BE325E}.Debug|ARM.Deploy.0 = Debug|Any CPU
		{2A8C2BD7-B1B6-4D74-A3FC-3F5DB3BE325E}.Debug|iPhone.ActiveCfg = Debug|Any CPU
		{2A8C2BD7-B1B6-4D74-A3FC-3F5DB3BE325E}.Debug|iPhone.Build.0 = Debug|Any CPU
		{2A8C2BD7-B1B6-4D74-A3FC-3F5DB3BE325E}.Debug|iPhone.Deploy.0 = Debug|Any CPU
		{2A8C2BD7-B1B6-4D74-A3FC-3F5DB3BE325E}.Debug|iPhoneSimulator.ActiveCfg = Debug|Any CPU
		{2A8C2BD7-B1B6-4D74-A3FC-3F5DB3BE325E}.Debug|iPhoneSimulator.Build.0 = Debug|Any CPU
		{2A8C2BD7-B1B6-4D74-A3FC-3F5DB3BE325E}.Debug|iPhoneSimulator.Deploy.0 = Debug|Any CPU
		{2A8C2BD7-B1B6-4D74-A3FC-3F5DB3BE325E}.Debug|x64.ActiveCfg = Debug|Any CPU
		{2A8C2BD7-B1B6-4D74-A3FC-3F5DB3BE325E}.Debug|x64.Build.0 = Debug|Any CPU
		{2A8C2BD7-B1B6-4D74-A3FC-3F5DB3BE325E}.Debug|x64.Deploy.0 = Debug|Any CPU
		{2A8C2BD7-B1B6-4D74-A3FC-3F5DB3BE325E}.Debug|x86.ActiveCfg = Debug|Any CPU
		{2A8C2BD7-B1B6-4D74-A3FC-3F5DB3BE325E}.Debug|x86.Build.0 = Debug|Any CPU
		{2A8C2BD7-B1B6-4D74-A3FC-3F5DB3BE325E}.Debug|x86.Deploy.0 = Debug|Any CPU
		{2A8C2BD7-B1B6-4D74-A3FC-3F5DB3BE325E}.Lua|Any CPU.ActiveCfg = Lua|Any CPU
		{2A8C2BD7-B1B6-4D74-A3FC-3F5DB3BE325E}.Lua|Any CPU.Build.0 = Lua|Any CPU
		{2A8C2BD7-B1B6-4D74-A3FC-3F5DB3BE325E}.Lua|Any CPU.Deploy.0 = Lua|Any CPU
		{2A8C2BD7-B1B6-4D74-A3FC-3F5DB3BE325E}.Lua|ARM.ActiveCfg = Lua|Any CPU
		{2A8C2BD7-B1B6-4D74-A3FC-3F5DB3BE325E}.Lua|ARM.Build.0 = Lua|Any CPU
		{2A8C2BD7-B1B6-4D74-A3FC-3F5DB3BE325E}.Lua|ARM.Deploy.0 = Lua|Any CPU
		{2A8C2BD7-B1B6-4D74-A3FC-3F5DB3BE325E}.Lua|iPhone.ActiveCfg = Lua|Any CPU
		{2A8C2BD7-B1B6-4D74-A3FC-3F5DB3BE325E}.Lua|iPhone.Build.0 = Lua|Any CPU
		{2A8C2BD7-B1B6-4D74-A3FC-3F5DB3BE325E}.Lua|iPhone.Deploy.0 = Lua|Any CPU
		{2A8C2BD7-B1B6-4D74-A3FC-3F5DB3BE325E}.Lua|iPhoneSimulator.ActiveCfg = Lua|Any CPU
		{2A8C2BD7-B1B6-4D74-A3FC-3F5DB3BE325E}.Lua|iPhoneSimulator.Build.0 = Lua|Any CPU
		{2A8C2BD7-B1B6-4D74-A3FC-3F5DB3BE325E}.Lua|iPhoneSimulator.Deploy.0 = Lua|Any CPU
		{2A8C2BD7-B1B6-4D74-A3FC-3F5DB3BE325E}.Lua|x64.ActiveCfg = Lua|Any CPU
		{2A8C2BD7-B1B6-4D74-A3FC-3F5DB3BE325E}.Lua|x64.Build.0 = Lua|Any CPU
		{2A8C2BD7-B1B6-4D74-A3FC-3F5DB3BE325E}.Lua|x64.Deploy.0 = Lua|Any CPU
		{2A8C2BD7-B1B6-4D74-A3FC-3F5DB3BE325E}.Lua|x86.ActiveCfg = Lua|Any CPU
		{2A8C2BD7-B1B6-4D74-A3FC-3F5DB3BE325E}.Lua|x86.Build.0 = Lua|Any CPU
		{2A8C2BD7-B1B6-4D74-A3FC-3F5DB3BE325E}.Lua|x86.Deploy.0 = Lua|Any CPU
		{2A8C2BD7-B1B6-4D74-A3FC-3F5DB3BE325E}.Release|Any CPU.ActiveCfg = Release|Any CPU
		{2A8C2BD7-B1B6-4D74-A3FC-3F5DB3BE325E}.Release|Any CPU.Build.0 = Release|Any CPU
		{2A8C2BD7-B1B6-4D74-A3FC-3F5DB3BE325E}.Release|Any CPU.Deploy.0 = Release|Any CPU
		{2A8C2BD7-B1B6-4D74-A3FC-3F5DB3BE325E}.Release|ARM.ActiveCfg = Release|Any CPU
		{2A8C2BD7-B1B6-4D74-A3FC-3F5DB3BE325E}.Release|ARM.Build.0 = Release|Any CPU
		{2A8C2BD7-B1B6-4D74-A3FC-3F5DB3BE325E}.Release|ARM.Deploy.0 = Release|Any CPU
		{2A8C2BD7-B1B6-4D74-A3FC-3F5DB3BE325E}.Release|iPhone.ActiveCfg = Release|Any CPU
		{2A8C2BD7-B1B6-4D74-A3FC-3F5DB3BE325E}.Release|iPhone.Build.0 = Release|Any CPU
		{2A8C2BD7-B1B6-4D74-A3FC-3F5DB3BE325E}.Release|iPhone.Deploy.0 = Release|Any CPU
		{2A8C2BD7-B1B6-4D74-A3FC-3F5DB3BE325E}.Release|iPhoneSimulator.ActiveCfg = Release|Any CPU
		{2A8C2BD7-B1B6-4D74-A3FC-3F5DB3BE325E}.Release|iPhoneSimulator.Build.0 = Release|Any CPU
		{2A8C2BD7-B1B6-4D74-A3FC-3F5DB3BE325E}.Release|iPhoneSimulator.Deploy.0 = Release|Any CPU
		{2A8C2BD7-B1B6-4D74-A3FC-3F5DB3BE325E}.Release|x64.ActiveCfg = Release|Any CPU
		{2A8C2BD7-B1B6-4D74-A3FC-3F5DB3BE325E}.Release|x64.Build.0 = Release|Any CPU
		{2A8C2BD7-B1B6-4D74-A3FC-3F5DB3BE325E}.Release|x64.Deploy.0 = Release|Any CPU
		{2A8C2BD7-B1B6-4D74-A3FC-3F5DB3BE325E}.Release|x86.ActiveCfg = Release|Any CPU
		{2A8C2BD7-B1B6-4D74-A3FC-3F5DB3BE325E}.Release|x86.Build.0 = Release|Any CPU
		{2A8C2BD7-B1B6-4D74-A3FC-3F5DB3BE325E}.Release|x86.Deploy.0 = Release|Any CPU
		{2A8C2BD7-B1B6-4D74-A3FC-3F5DB3BE325E}.WinDev|Any CPU.ActiveCfg = WinDev|Any CPU
		{2A8C2BD7-B1B6-4D74-A3FC-3F5DB3BE325E}.WinDev|Any CPU.Build.0 = WinDev|Any CPU
		{2A8C2BD7-B1B6-4D74-A3FC-3F5DB3BE325E}.WinDev|Any CPU.Deploy.0 = WinDev|Any CPU
		{2A8C2BD7-B1B6-4D74-A3FC-3F5DB3BE325E}.WinDev|ARM.ActiveCfg = WinDev|Any CPU
		{2A8C2BD7-B1B6-4D74-A3FC-3F5DB3BE325E}.WinDev|ARM.Build.0 = WinDev|Any CPU
		{2A8C2BD7-B1B6-4D74-A3FC-3F5DB3BE325E}.WinDev|ARM.Deploy.0 = WinDev|Any CPU
		{2A8C2BD7-B1B6-4D74-A3FC-3F5DB3BE325E}.WinDev|iPhone.ActiveCfg = WinDev|Any CPU
		{2A8C2BD7-B1B6-4D74-A3FC-3F5DB3BE325E}.WinDev|iPhone.Build.0 = WinDev|Any CPU
		{2A8C2BD7-B1B6-4D74-A3FC-3F5DB3BE325E}.WinDev|iPhone.Deploy.0 = WinDev|Any CPU
		{2A8C2BD7-B1B6-4D74-A3FC-3F5DB3BE325E}.WinDev|iPhoneSimulator.ActiveCfg = WinDev|Any CPU
		{2A8C2BD7-B1B6-4D74-A3FC-3F5DB3BE325E}.WinDev|iPhoneSimulator.Build.0 = WinDev|Any CPU
		{2A8C2BD7-B1B6-4D74-A3FC-3F5DB3BE325E}.WinDev|iPhoneSimulator.Deploy.0 = WinDev|Any CPU
		{2A8C2BD7-B1B6-4D74-A3FC-3F5DB3BE325E}.WinDev|x64.ActiveCfg = WinDev|Any CPU
		{2A8C2BD7-B1B6-4D74-A3FC-3F5DB3BE325E}.WinDev|x64.Build.0 = WinDev|Any CPU
		{2A8C2BD7-B1B6-4D74-A3FC-3F5DB3BE325E}.WinDev|x64.Deploy.0 = WinDev|Any CPU
		{2A8C2BD7-B1B6-4D74-A3FC-3F5DB3BE325E}.WinDev|x86.ActiveCfg = WinDev|Any CPU
		{2A8C2BD7-B1B6-4D74-A3FC-3F5DB3BE325E}.WinDev|x86.Build.0 = WinDev|Any CPU
		{2A8C2BD7-B1B6-4D74-A3FC-3F5DB3BE325E}.WinDev|x86.Deploy.0 = WinDev|Any CPU
		{2A8C2BD7-B1B6-4D74-A3FC-3F5DB3BE325E}.Yavsc|Any CPU.ActiveCfg = Yavsc|Any CPU
		{2A8C2BD7-B1B6-4D74-A3FC-3F5DB3BE325E}.Yavsc|Any CPU.Build.0 = Yavsc|Any CPU
		{2A8C2BD7-B1B6-4D74-A3FC-3F5DB3BE325E}.Yavsc|Any CPU.Deploy.0 = Yavsc|Any CPU
		{2A8C2BD7-B1B6-4D74-A3FC-3F5DB3BE325E}.Yavsc|ARM.ActiveCfg = Yavsc|Any CPU
		{2A8C2BD7-B1B6-4D74-A3FC-3F5DB3BE325E}.Yavsc|ARM.Build.0 = Yavsc|Any CPU
		{2A8C2BD7-B1B6-4D74-A3FC-3F5DB3BE325E}.Yavsc|ARM.Deploy.0 = Yavsc|Any CPU
		{2A8C2BD7-B1B6-4D74-A3FC-3F5DB3BE325E}.Yavsc|iPhone.ActiveCfg = Yavsc|Any CPU
		{2A8C2BD7-B1B6-4D74-A3FC-3F5DB3BE325E}.Yavsc|iPhone.Build.0 = Yavsc|Any CPU
		{2A8C2BD7-B1B6-4D74-A3FC-3F5DB3BE325E}.Yavsc|iPhone.Deploy.0 = Yavsc|Any CPU
		{2A8C2BD7-B1B6-4D74-A3FC-3F5DB3BE325E}.Yavsc|iPhoneSimulator.ActiveCfg = Yavsc|Any CPU
		{2A8C2BD7-B1B6-4D74-A3FC-3F5DB3BE325E}.Yavsc|iPhoneSimulator.Build.0 = Yavsc|Any CPU
		{2A8C2BD7-B1B6-4D74-A3FC-3F5DB3BE325E}.Yavsc|iPhoneSimulator.Deploy.0 = Yavsc|Any CPU
		{2A8C2BD7-B1B6-4D74-A3FC-3F5DB3BE325E}.Yavsc|x64.ActiveCfg = Yavsc|Any CPU
		{2A8C2BD7-B1B6-4D74-A3FC-3F5DB3BE325E}.Yavsc|x64.Build.0 = Yavsc|Any CPU
		{2A8C2BD7-B1B6-4D74-A3FC-3F5DB3BE325E}.Yavsc|x64.Deploy.0 = Yavsc|Any CPU
		{2A8C2BD7-B1B6-4D74-A3FC-3F5DB3BE325E}.Yavsc|x86.ActiveCfg = Yavsc|Any CPU
		{2A8C2BD7-B1B6-4D74-A3FC-3F5DB3BE325E}.Yavsc|x86.Build.0 = Yavsc|Any CPU
		{2A8C2BD7-B1B6-4D74-A3FC-3F5DB3BE325E}.Yavsc|x86.Deploy.0 = Yavsc|Any CPU
		{2A8C2BD7-B1B6-4D74-A3FC-3F5DB3BE325E}.ZicMoove|Any CPU.ActiveCfg = ZicMoove|Any CPU
		{2A8C2BD7-B1B6-4D74-A3FC-3F5DB3BE325E}.ZicMoove|Any CPU.Build.0 = ZicMoove|Any CPU
		{2A8C2BD7-B1B6-4D74-A3FC-3F5DB3BE325E}.ZicMoove|Any CPU.Deploy.0 = ZicMoove|Any CPU
		{2A8C2BD7-B1B6-4D74-A3FC-3F5DB3BE325E}.ZicMoove|ARM.ActiveCfg = ZicMoove|Any CPU
		{2A8C2BD7-B1B6-4D74-A3FC-3F5DB3BE325E}.ZicMoove|ARM.Build.0 = ZicMoove|Any CPU
		{2A8C2BD7-B1B6-4D74-A3FC-3F5DB3BE325E}.ZicMoove|ARM.Deploy.0 = ZicMoove|Any CPU
		{2A8C2BD7-B1B6-4D74-A3FC-3F5DB3BE325E}.ZicMoove|iPhone.ActiveCfg = ZicMoove|Any CPU
		{2A8C2BD7-B1B6-4D74-A3FC-3F5DB3BE325E}.ZicMoove|iPhone.Build.0 = ZicMoove|Any CPU
		{2A8C2BD7-B1B6-4D74-A3FC-3F5DB3BE325E}.ZicMoove|iPhone.Deploy.0 = ZicMoove|Any CPU
		{2A8C2BD7-B1B6-4D74-A3FC-3F5DB3BE325E}.ZicMoove|iPhoneSimulator.ActiveCfg = ZicMoove|Any CPU
		{2A8C2BD7-B1B6-4D74-A3FC-3F5DB3BE325E}.ZicMoove|iPhoneSimulator.Build.0 = ZicMoove|Any CPU
		{2A8C2BD7-B1B6-4D74-A3FC-3F5DB3BE325E}.ZicMoove|iPhoneSimulator.Deploy.0 = ZicMoove|Any CPU
		{2A8C2BD7-B1B6-4D74-A3FC-3F5DB3BE325E}.ZicMoove|x64.ActiveCfg = ZicMoove|Any CPU
		{2A8C2BD7-B1B6-4D74-A3FC-3F5DB3BE325E}.ZicMoove|x64.Build.0 = ZicMoove|Any CPU
		{2A8C2BD7-B1B6-4D74-A3FC-3F5DB3BE325E}.ZicMoove|x64.Deploy.0 = ZicMoove|Any CPU
		{2A8C2BD7-B1B6-4D74-A3FC-3F5DB3BE325E}.ZicMoove|x86.ActiveCfg = ZicMoove|Any CPU
		{2A8C2BD7-B1B6-4D74-A3FC-3F5DB3BE325E}.ZicMoove|x86.Build.0 = ZicMoove|Any CPU
		{2A8C2BD7-B1B6-4D74-A3FC-3F5DB3BE325E}.ZicMoove|x86.Deploy.0 = ZicMoove|Any CPU
		{430CD4B7-36BA-4271-9361-D85AE43D5781}.Ad-Hoc|Any CPU.ActiveCfg = Release|Any CPU
		{430CD4B7-36BA-4271-9361-D85AE43D5781}.Ad-Hoc|Any CPU.Build.0 = Release|Any CPU
		{430CD4B7-36BA-4271-9361-D85AE43D5781}.Ad-Hoc|ARM.ActiveCfg = Release|Any CPU
		{430CD4B7-36BA-4271-9361-D85AE43D5781}.Ad-Hoc|ARM.Build.0 = Release|Any CPU
		{430CD4B7-36BA-4271-9361-D85AE43D5781}.Ad-Hoc|iPhone.ActiveCfg = Release|Any CPU
		{430CD4B7-36BA-4271-9361-D85AE43D5781}.Ad-Hoc|iPhone.Build.0 = Release|Any CPU
		{430CD4B7-36BA-4271-9361-D85AE43D5781}.Ad-Hoc|iPhoneSimulator.ActiveCfg = Release|Any CPU
		{430CD4B7-36BA-4271-9361-D85AE43D5781}.Ad-Hoc|iPhoneSimulator.Build.0 = Release|Any CPU
		{430CD4B7-36BA-4271-9361-D85AE43D5781}.Ad-Hoc|x64.ActiveCfg = Release|Any CPU
		{430CD4B7-36BA-4271-9361-D85AE43D5781}.Ad-Hoc|x64.Build.0 = Release|Any CPU
		{430CD4B7-36BA-4271-9361-D85AE43D5781}.Ad-Hoc|x86.ActiveCfg = Release|Any CPU
		{430CD4B7-36BA-4271-9361-D85AE43D5781}.Ad-Hoc|x86.Build.0 = Release|Any CPU
		{430CD4B7-36BA-4271-9361-D85AE43D5781}.AppStore|Any CPU.ActiveCfg = Release|Any CPU
		{430CD4B7-36BA-4271-9361-D85AE43D5781}.AppStore|Any CPU.Build.0 = Release|Any CPU
		{430CD4B7-36BA-4271-9361-D85AE43D5781}.AppStore|ARM.ActiveCfg = Release|Any CPU
		{430CD4B7-36BA-4271-9361-D85AE43D5781}.AppStore|ARM.Build.0 = Release|Any CPU
		{430CD4B7-36BA-4271-9361-D85AE43D5781}.AppStore|iPhone.ActiveCfg = Release|Any CPU
		{430CD4B7-36BA-4271-9361-D85AE43D5781}.AppStore|iPhone.Build.0 = Release|Any CPU
		{430CD4B7-36BA-4271-9361-D85AE43D5781}.AppStore|iPhoneSimulator.ActiveCfg = Release|Any CPU
		{430CD4B7-36BA-4271-9361-D85AE43D5781}.AppStore|iPhoneSimulator.Build.0 = Release|Any CPU
		{430CD4B7-36BA-4271-9361-D85AE43D5781}.AppStore|x64.ActiveCfg = Release|Any CPU
		{430CD4B7-36BA-4271-9361-D85AE43D5781}.AppStore|x64.Build.0 = Release|Any CPU
		{430CD4B7-36BA-4271-9361-D85AE43D5781}.AppStore|x86.ActiveCfg = Release|Any CPU
		{430CD4B7-36BA-4271-9361-D85AE43D5781}.AppStore|x86.Build.0 = Release|Any CPU
		{430CD4B7-36BA-4271-9361-D85AE43D5781}.Debug|Any CPU.ActiveCfg = Debug|Any CPU
		{430CD4B7-36BA-4271-9361-D85AE43D5781}.Debug|Any CPU.Build.0 = Debug|Any CPU
		{430CD4B7-36BA-4271-9361-D85AE43D5781}.Debug|ARM.ActiveCfg = Debug|Any CPU
		{430CD4B7-36BA-4271-9361-D85AE43D5781}.Debug|ARM.Build.0 = Debug|Any CPU
		{430CD4B7-36BA-4271-9361-D85AE43D5781}.Debug|iPhone.ActiveCfg = Debug|Any CPU
		{430CD4B7-36BA-4271-9361-D85AE43D5781}.Debug|iPhone.Build.0 = Debug|Any CPU
		{430CD4B7-36BA-4271-9361-D85AE43D5781}.Debug|iPhoneSimulator.ActiveCfg = Debug|Any CPU
		{430CD4B7-36BA-4271-9361-D85AE43D5781}.Debug|iPhoneSimulator.Build.0 = Debug|Any CPU
		{430CD4B7-36BA-4271-9361-D85AE43D5781}.Debug|x64.ActiveCfg = Debug|Any CPU
		{430CD4B7-36BA-4271-9361-D85AE43D5781}.Debug|x64.Build.0 = Debug|Any CPU
		{430CD4B7-36BA-4271-9361-D85AE43D5781}.Debug|x86.ActiveCfg = Debug|Any CPU
		{430CD4B7-36BA-4271-9361-D85AE43D5781}.Debug|x86.Build.0 = Debug|Any CPU
		{430CD4B7-36BA-4271-9361-D85AE43D5781}.Lua|Any CPU.ActiveCfg = Debug|Any CPU
		{430CD4B7-36BA-4271-9361-D85AE43D5781}.Lua|Any CPU.Build.0 = Debug|Any CPU
		{430CD4B7-36BA-4271-9361-D85AE43D5781}.Lua|ARM.ActiveCfg = Debug|Any CPU
		{430CD4B7-36BA-4271-9361-D85AE43D5781}.Lua|ARM.Build.0 = Debug|Any CPU
		{430CD4B7-36BA-4271-9361-D85AE43D5781}.Lua|iPhone.ActiveCfg = Debug|Any CPU
		{430CD4B7-36BA-4271-9361-D85AE43D5781}.Lua|iPhone.Build.0 = Debug|Any CPU
		{430CD4B7-36BA-4271-9361-D85AE43D5781}.Lua|iPhoneSimulator.ActiveCfg = Debug|Any CPU
		{430CD4B7-36BA-4271-9361-D85AE43D5781}.Lua|iPhoneSimulator.Build.0 = Debug|Any CPU
		{430CD4B7-36BA-4271-9361-D85AE43D5781}.Lua|x64.ActiveCfg = Debug|Any CPU
		{430CD4B7-36BA-4271-9361-D85AE43D5781}.Lua|x64.Build.0 = Debug|Any CPU
		{430CD4B7-36BA-4271-9361-D85AE43D5781}.Lua|x86.ActiveCfg = Debug|Any CPU
		{430CD4B7-36BA-4271-9361-D85AE43D5781}.Lua|x86.Build.0 = Debug|Any CPU
		{430CD4B7-36BA-4271-9361-D85AE43D5781}.Release|Any CPU.ActiveCfg = Release|Any CPU
		{430CD4B7-36BA-4271-9361-D85AE43D5781}.Release|Any CPU.Build.0 = Release|Any CPU
		{430CD4B7-36BA-4271-9361-D85AE43D5781}.Release|ARM.ActiveCfg = Release|Any CPU
		{430CD4B7-36BA-4271-9361-D85AE43D5781}.Release|ARM.Build.0 = Release|Any CPU
		{430CD4B7-36BA-4271-9361-D85AE43D5781}.Release|iPhone.ActiveCfg = Release|Any CPU
		{430CD4B7-36BA-4271-9361-D85AE43D5781}.Release|iPhone.Build.0 = Release|Any CPU
		{430CD4B7-36BA-4271-9361-D85AE43D5781}.Release|iPhoneSimulator.ActiveCfg = Release|Any CPU
		{430CD4B7-36BA-4271-9361-D85AE43D5781}.Release|iPhoneSimulator.Build.0 = Release|Any CPU
		{430CD4B7-36BA-4271-9361-D85AE43D5781}.Release|x64.ActiveCfg = Release|Any CPU
		{430CD4B7-36BA-4271-9361-D85AE43D5781}.Release|x64.Build.0 = Release|Any CPU
		{430CD4B7-36BA-4271-9361-D85AE43D5781}.Release|x86.ActiveCfg = Release|Any CPU
		{430CD4B7-36BA-4271-9361-D85AE43D5781}.Release|x86.Build.0 = Release|Any CPU
		{430CD4B7-36BA-4271-9361-D85AE43D5781}.WinDev|Any CPU.ActiveCfg = Debug|Any CPU
		{430CD4B7-36BA-4271-9361-D85AE43D5781}.WinDev|Any CPU.Build.0 = Debug|Any CPU
		{430CD4B7-36BA-4271-9361-D85AE43D5781}.WinDev|ARM.ActiveCfg = Debug|Any CPU
		{430CD4B7-36BA-4271-9361-D85AE43D5781}.WinDev|ARM.Build.0 = Debug|Any CPU
		{430CD4B7-36BA-4271-9361-D85AE43D5781}.WinDev|iPhone.ActiveCfg = Debug|Any CPU
		{430CD4B7-36BA-4271-9361-D85AE43D5781}.WinDev|iPhone.Build.0 = Debug|Any CPU
		{430CD4B7-36BA-4271-9361-D85AE43D5781}.WinDev|iPhoneSimulator.ActiveCfg = Debug|Any CPU
		{430CD4B7-36BA-4271-9361-D85AE43D5781}.WinDev|iPhoneSimulator.Build.0 = Debug|Any CPU
		{430CD4B7-36BA-4271-9361-D85AE43D5781}.WinDev|x64.ActiveCfg = Debug|Any CPU
		{430CD4B7-36BA-4271-9361-D85AE43D5781}.WinDev|x64.Build.0 = Debug|Any CPU
		{430CD4B7-36BA-4271-9361-D85AE43D5781}.WinDev|x86.ActiveCfg = Debug|Any CPU
		{430CD4B7-36BA-4271-9361-D85AE43D5781}.WinDev|x86.Build.0 = Debug|Any CPU
		{430CD4B7-36BA-4271-9361-D85AE43D5781}.Yavsc|Any CPU.ActiveCfg = Debug|Any CPU
		{430CD4B7-36BA-4271-9361-D85AE43D5781}.Yavsc|Any CPU.Build.0 = Debug|Any CPU
		{430CD4B7-36BA-4271-9361-D85AE43D5781}.Yavsc|ARM.ActiveCfg = Debug|Any CPU
		{430CD4B7-36BA-4271-9361-D85AE43D5781}.Yavsc|ARM.Build.0 = Debug|Any CPU
		{430CD4B7-36BA-4271-9361-D85AE43D5781}.Yavsc|iPhone.ActiveCfg = Debug|Any CPU
		{430CD4B7-36BA-4271-9361-D85AE43D5781}.Yavsc|iPhone.Build.0 = Debug|Any CPU
		{430CD4B7-36BA-4271-9361-D85AE43D5781}.Yavsc|iPhoneSimulator.ActiveCfg = Debug|Any CPU
		{430CD4B7-36BA-4271-9361-D85AE43D5781}.Yavsc|iPhoneSimulator.Build.0 = Debug|Any CPU
		{430CD4B7-36BA-4271-9361-D85AE43D5781}.Yavsc|x64.ActiveCfg = Debug|Any CPU
		{430CD4B7-36BA-4271-9361-D85AE43D5781}.Yavsc|x64.Build.0 = Debug|Any CPU
		{430CD4B7-36BA-4271-9361-D85AE43D5781}.Yavsc|x86.ActiveCfg = Debug|Any CPU
		{430CD4B7-36BA-4271-9361-D85AE43D5781}.Yavsc|x86.Build.0 = Debug|Any CPU
		{430CD4B7-36BA-4271-9361-D85AE43D5781}.ZicMoove|Any CPU.ActiveCfg = Debug|Any CPU
		{430CD4B7-36BA-4271-9361-D85AE43D5781}.ZicMoove|Any CPU.Build.0 = Debug|Any CPU
		{430CD4B7-36BA-4271-9361-D85AE43D5781}.ZicMoove|ARM.ActiveCfg = Debug|Any CPU
		{430CD4B7-36BA-4271-9361-D85AE43D5781}.ZicMoove|ARM.Build.0 = Debug|Any CPU
		{430CD4B7-36BA-4271-9361-D85AE43D5781}.ZicMoove|iPhone.ActiveCfg = Debug|Any CPU
		{430CD4B7-36BA-4271-9361-D85AE43D5781}.ZicMoove|iPhone.Build.0 = Debug|Any CPU
		{430CD4B7-36BA-4271-9361-D85AE43D5781}.ZicMoove|iPhoneSimulator.ActiveCfg = Debug|Any CPU
		{430CD4B7-36BA-4271-9361-D85AE43D5781}.ZicMoove|iPhoneSimulator.Build.0 = Debug|Any CPU
		{430CD4B7-36BA-4271-9361-D85AE43D5781}.ZicMoove|x64.ActiveCfg = Debug|Any CPU
		{430CD4B7-36BA-4271-9361-D85AE43D5781}.ZicMoove|x64.Build.0 = Debug|Any CPU
		{430CD4B7-36BA-4271-9361-D85AE43D5781}.ZicMoove|x86.ActiveCfg = Debug|Any CPU
		{430CD4B7-36BA-4271-9361-D85AE43D5781}.ZicMoove|x86.Build.0 = Debug|Any CPU
		{48B63113-0CC3-4324-8DE7-E10C4EBD2C11}.Ad-Hoc|Any CPU.ActiveCfg = Release|Any CPU
		{48B63113-0CC3-4324-8DE7-E10C4EBD2C11}.Ad-Hoc|Any CPU.Build.0 = Release|Any CPU
		{48B63113-0CC3-4324-8DE7-E10C4EBD2C11}.Ad-Hoc|ARM.ActiveCfg = Release|Any CPU
		{48B63113-0CC3-4324-8DE7-E10C4EBD2C11}.Ad-Hoc|ARM.Build.0 = Release|Any CPU
		{48B63113-0CC3-4324-8DE7-E10C4EBD2C11}.Ad-Hoc|iPhone.ActiveCfg = Release|Any CPU
		{48B63113-0CC3-4324-8DE7-E10C4EBD2C11}.Ad-Hoc|iPhone.Build.0 = Release|Any CPU
		{48B63113-0CC3-4324-8DE7-E10C4EBD2C11}.Ad-Hoc|iPhoneSimulator.ActiveCfg = Release|Any CPU
		{48B63113-0CC3-4324-8DE7-E10C4EBD2C11}.Ad-Hoc|iPhoneSimulator.Build.0 = Release|Any CPU
		{48B63113-0CC3-4324-8DE7-E10C4EBD2C11}.Ad-Hoc|x64.ActiveCfg = Release|Any CPU
		{48B63113-0CC3-4324-8DE7-E10C4EBD2C11}.Ad-Hoc|x64.Build.0 = Release|Any CPU
		{48B63113-0CC3-4324-8DE7-E10C4EBD2C11}.Ad-Hoc|x86.ActiveCfg = Release|Any CPU
		{48B63113-0CC3-4324-8DE7-E10C4EBD2C11}.Ad-Hoc|x86.Build.0 = Release|Any CPU
		{48B63113-0CC3-4324-8DE7-E10C4EBD2C11}.AppStore|Any CPU.ActiveCfg = Release|Any CPU
		{48B63113-0CC3-4324-8DE7-E10C4EBD2C11}.AppStore|Any CPU.Build.0 = Release|Any CPU
		{48B63113-0CC3-4324-8DE7-E10C4EBD2C11}.AppStore|ARM.ActiveCfg = Release|Any CPU
		{48B63113-0CC3-4324-8DE7-E10C4EBD2C11}.AppStore|ARM.Build.0 = Release|Any CPU
		{48B63113-0CC3-4324-8DE7-E10C4EBD2C11}.AppStore|iPhone.ActiveCfg = Release|Any CPU
		{48B63113-0CC3-4324-8DE7-E10C4EBD2C11}.AppStore|iPhone.Build.0 = Release|Any CPU
		{48B63113-0CC3-4324-8DE7-E10C4EBD2C11}.AppStore|iPhoneSimulator.ActiveCfg = Release|Any CPU
		{48B63113-0CC3-4324-8DE7-E10C4EBD2C11}.AppStore|iPhoneSimulator.Build.0 = Release|Any CPU
		{48B63113-0CC3-4324-8DE7-E10C4EBD2C11}.AppStore|x64.ActiveCfg = Release|Any CPU
		{48B63113-0CC3-4324-8DE7-E10C4EBD2C11}.AppStore|x64.Build.0 = Release|Any CPU
		{48B63113-0CC3-4324-8DE7-E10C4EBD2C11}.AppStore|x86.ActiveCfg = Release|Any CPU
		{48B63113-0CC3-4324-8DE7-E10C4EBD2C11}.AppStore|x86.Build.0 = Release|Any CPU
		{48B63113-0CC3-4324-8DE7-E10C4EBD2C11}.Debug|Any CPU.ActiveCfg = Debug|Any CPU
		{48B63113-0CC3-4324-8DE7-E10C4EBD2C11}.Debug|Any CPU.Build.0 = Debug|Any CPU
		{48B63113-0CC3-4324-8DE7-E10C4EBD2C11}.Debug|ARM.ActiveCfg = Debug|Any CPU
		{48B63113-0CC3-4324-8DE7-E10C4EBD2C11}.Debug|ARM.Build.0 = Debug|Any CPU
		{48B63113-0CC3-4324-8DE7-E10C4EBD2C11}.Debug|iPhone.ActiveCfg = Debug|Any CPU
		{48B63113-0CC3-4324-8DE7-E10C4EBD2C11}.Debug|iPhone.Build.0 = Debug|Any CPU
		{48B63113-0CC3-4324-8DE7-E10C4EBD2C11}.Debug|iPhoneSimulator.ActiveCfg = Debug|Any CPU
		{48B63113-0CC3-4324-8DE7-E10C4EBD2C11}.Debug|iPhoneSimulator.Build.0 = Debug|Any CPU
		{48B63113-0CC3-4324-8DE7-E10C4EBD2C11}.Debug|x64.ActiveCfg = Debug|Any CPU
		{48B63113-0CC3-4324-8DE7-E10C4EBD2C11}.Debug|x64.Build.0 = Debug|Any CPU
		{48B63113-0CC3-4324-8DE7-E10C4EBD2C11}.Debug|x86.ActiveCfg = Debug|Any CPU
		{48B63113-0CC3-4324-8DE7-E10C4EBD2C11}.Debug|x86.Build.0 = Debug|Any CPU
		{48B63113-0CC3-4324-8DE7-E10C4EBD2C11}.Lua|Any CPU.ActiveCfg = Debug|Any CPU
		{48B63113-0CC3-4324-8DE7-E10C4EBD2C11}.Lua|Any CPU.Build.0 = Debug|Any CPU
		{48B63113-0CC3-4324-8DE7-E10C4EBD2C11}.Lua|ARM.ActiveCfg = Debug|Any CPU
		{48B63113-0CC3-4324-8DE7-E10C4EBD2C11}.Lua|ARM.Build.0 = Debug|Any CPU
		{48B63113-0CC3-4324-8DE7-E10C4EBD2C11}.Lua|iPhone.ActiveCfg = Debug|Any CPU
		{48B63113-0CC3-4324-8DE7-E10C4EBD2C11}.Lua|iPhone.Build.0 = Debug|Any CPU
		{48B63113-0CC3-4324-8DE7-E10C4EBD2C11}.Lua|iPhoneSimulator.ActiveCfg = Debug|Any CPU
		{48B63113-0CC3-4324-8DE7-E10C4EBD2C11}.Lua|iPhoneSimulator.Build.0 = Debug|Any CPU
		{48B63113-0CC3-4324-8DE7-E10C4EBD2C11}.Lua|x64.ActiveCfg = Debug|Any CPU
		{48B63113-0CC3-4324-8DE7-E10C4EBD2C11}.Lua|x64.Build.0 = Debug|Any CPU
		{48B63113-0CC3-4324-8DE7-E10C4EBD2C11}.Lua|x86.ActiveCfg = Debug|Any CPU
		{48B63113-0CC3-4324-8DE7-E10C4EBD2C11}.Lua|x86.Build.0 = Debug|Any CPU
		{48B63113-0CC3-4324-8DE7-E10C4EBD2C11}.Release|Any CPU.ActiveCfg = Release|Any CPU
		{48B63113-0CC3-4324-8DE7-E10C4EBD2C11}.Release|Any CPU.Build.0 = Release|Any CPU
		{48B63113-0CC3-4324-8DE7-E10C4EBD2C11}.Release|ARM.ActiveCfg = Release|Any CPU
		{48B63113-0CC3-4324-8DE7-E10C4EBD2C11}.Release|ARM.Build.0 = Release|Any CPU
		{48B63113-0CC3-4324-8DE7-E10C4EBD2C11}.Release|iPhone.ActiveCfg = Release|Any CPU
		{48B63113-0CC3-4324-8DE7-E10C4EBD2C11}.Release|iPhone.Build.0 = Release|Any CPU
		{48B63113-0CC3-4324-8DE7-E10C4EBD2C11}.Release|iPhoneSimulator.ActiveCfg = Release|Any CPU
		{48B63113-0CC3-4324-8DE7-E10C4EBD2C11}.Release|iPhoneSimulator.Build.0 = Release|Any CPU
		{48B63113-0CC3-4324-8DE7-E10C4EBD2C11}.Release|x64.ActiveCfg = Release|Any CPU
		{48B63113-0CC3-4324-8DE7-E10C4EBD2C11}.Release|x64.Build.0 = Release|Any CPU
		{48B63113-0CC3-4324-8DE7-E10C4EBD2C11}.Release|x86.ActiveCfg = Release|Any CPU
		{48B63113-0CC3-4324-8DE7-E10C4EBD2C11}.Release|x86.Build.0 = Release|Any CPU
		{48B63113-0CC3-4324-8DE7-E10C4EBD2C11}.WinDev|Any CPU.ActiveCfg = Debug|Any CPU
		{48B63113-0CC3-4324-8DE7-E10C4EBD2C11}.WinDev|Any CPU.Build.0 = Debug|Any CPU
		{48B63113-0CC3-4324-8DE7-E10C4EBD2C11}.WinDev|ARM.ActiveCfg = Debug|Any CPU
		{48B63113-0CC3-4324-8DE7-E10C4EBD2C11}.WinDev|ARM.Build.0 = Debug|Any CPU
		{48B63113-0CC3-4324-8DE7-E10C4EBD2C11}.WinDev|iPhone.ActiveCfg = Debug|Any CPU
		{48B63113-0CC3-4324-8DE7-E10C4EBD2C11}.WinDev|iPhone.Build.0 = Debug|Any CPU
		{48B63113-0CC3-4324-8DE7-E10C4EBD2C11}.WinDev|iPhoneSimulator.ActiveCfg = Debug|Any CPU
		{48B63113-0CC3-4324-8DE7-E10C4EBD2C11}.WinDev|iPhoneSimulator.Build.0 = Debug|Any CPU
		{48B63113-0CC3-4324-8DE7-E10C4EBD2C11}.WinDev|x64.ActiveCfg = Debug|Any CPU
		{48B63113-0CC3-4324-8DE7-E10C4EBD2C11}.WinDev|x64.Build.0 = Debug|Any CPU
		{48B63113-0CC3-4324-8DE7-E10C4EBD2C11}.WinDev|x86.ActiveCfg = Debug|Any CPU
		{48B63113-0CC3-4324-8DE7-E10C4EBD2C11}.WinDev|x86.Build.0 = Debug|Any CPU
		{48B63113-0CC3-4324-8DE7-E10C4EBD2C11}.Yavsc|Any CPU.ActiveCfg = Debug|Any CPU
		{48B63113-0CC3-4324-8DE7-E10C4EBD2C11}.Yavsc|Any CPU.Build.0 = Debug|Any CPU
		{48B63113-0CC3-4324-8DE7-E10C4EBD2C11}.Yavsc|ARM.ActiveCfg = Debug|Any CPU
		{48B63113-0CC3-4324-8DE7-E10C4EBD2C11}.Yavsc|ARM.Build.0 = Debug|Any CPU
		{48B63113-0CC3-4324-8DE7-E10C4EBD2C11}.Yavsc|iPhone.ActiveCfg = Debug|Any CPU
		{48B63113-0CC3-4324-8DE7-E10C4EBD2C11}.Yavsc|iPhone.Build.0 = Debug|Any CPU
		{48B63113-0CC3-4324-8DE7-E10C4EBD2C11}.Yavsc|iPhoneSimulator.ActiveCfg = Debug|Any CPU
		{48B63113-0CC3-4324-8DE7-E10C4EBD2C11}.Yavsc|iPhoneSimulator.Build.0 = Debug|Any CPU
		{48B63113-0CC3-4324-8DE7-E10C4EBD2C11}.Yavsc|x64.ActiveCfg = Debug|Any CPU
		{48B63113-0CC3-4324-8DE7-E10C4EBD2C11}.Yavsc|x64.Build.0 = Debug|Any CPU
		{48B63113-0CC3-4324-8DE7-E10C4EBD2C11}.Yavsc|x86.ActiveCfg = Debug|Any CPU
		{48B63113-0CC3-4324-8DE7-E10C4EBD2C11}.Yavsc|x86.Build.0 = Debug|Any CPU
		{48B63113-0CC3-4324-8DE7-E10C4EBD2C11}.ZicMoove|Any CPU.ActiveCfg = Debug|Any CPU
		{48B63113-0CC3-4324-8DE7-E10C4EBD2C11}.ZicMoove|Any CPU.Build.0 = Debug|Any CPU
		{48B63113-0CC3-4324-8DE7-E10C4EBD2C11}.ZicMoove|ARM.ActiveCfg = Debug|Any CPU
		{48B63113-0CC3-4324-8DE7-E10C4EBD2C11}.ZicMoove|ARM.Build.0 = Debug|Any CPU
		{48B63113-0CC3-4324-8DE7-E10C4EBD2C11}.ZicMoove|iPhone.ActiveCfg = Debug|Any CPU
		{48B63113-0CC3-4324-8DE7-E10C4EBD2C11}.ZicMoove|iPhone.Build.0 = Debug|Any CPU
		{48B63113-0CC3-4324-8DE7-E10C4EBD2C11}.ZicMoove|iPhoneSimulator.ActiveCfg = Debug|Any CPU
		{48B63113-0CC3-4324-8DE7-E10C4EBD2C11}.ZicMoove|iPhoneSimulator.Build.0 = Debug|Any CPU
		{48B63113-0CC3-4324-8DE7-E10C4EBD2C11}.ZicMoove|x64.ActiveCfg = Debug|Any CPU
		{48B63113-0CC3-4324-8DE7-E10C4EBD2C11}.ZicMoove|x64.Build.0 = Debug|Any CPU
		{48B63113-0CC3-4324-8DE7-E10C4EBD2C11}.ZicMoove|x86.ActiveCfg = Debug|Any CPU
		{48B63113-0CC3-4324-8DE7-E10C4EBD2C11}.ZicMoove|x86.Build.0 = Debug|Any CPU
		{6077BDD8-7EDB-4039-AF41-3CD8BA094FB2}.Ad-Hoc|Any CPU.ActiveCfg = Release|Any CPU
		{6077BDD8-7EDB-4039-AF41-3CD8BA094FB2}.Ad-Hoc|Any CPU.Build.0 = Release|Any CPU
		{6077BDD8-7EDB-4039-AF41-3CD8BA094FB2}.Ad-Hoc|ARM.ActiveCfg = Release|Any CPU
		{6077BDD8-7EDB-4039-AF41-3CD8BA094FB2}.Ad-Hoc|ARM.Build.0 = Release|Any CPU
		{6077BDD8-7EDB-4039-AF41-3CD8BA094FB2}.Ad-Hoc|iPhone.ActiveCfg = Release|Any CPU
		{6077BDD8-7EDB-4039-AF41-3CD8BA094FB2}.Ad-Hoc|iPhone.Build.0 = Release|Any CPU
		{6077BDD8-7EDB-4039-AF41-3CD8BA094FB2}.Ad-Hoc|iPhoneSimulator.ActiveCfg = Release|Any CPU
		{6077BDD8-7EDB-4039-AF41-3CD8BA094FB2}.Ad-Hoc|iPhoneSimulator.Build.0 = Release|Any CPU
		{6077BDD8-7EDB-4039-AF41-3CD8BA094FB2}.Ad-Hoc|x64.ActiveCfg = Release|Any CPU
		{6077BDD8-7EDB-4039-AF41-3CD8BA094FB2}.Ad-Hoc|x64.Build.0 = Release|Any CPU
		{6077BDD8-7EDB-4039-AF41-3CD8BA094FB2}.Ad-Hoc|x86.ActiveCfg = Release|Any CPU
		{6077BDD8-7EDB-4039-AF41-3CD8BA094FB2}.Ad-Hoc|x86.Build.0 = Release|Any CPU
		{6077BDD8-7EDB-4039-AF41-3CD8BA094FB2}.AppStore|Any CPU.ActiveCfg = Release|Any CPU
		{6077BDD8-7EDB-4039-AF41-3CD8BA094FB2}.AppStore|Any CPU.Build.0 = Release|Any CPU
		{6077BDD8-7EDB-4039-AF41-3CD8BA094FB2}.AppStore|ARM.ActiveCfg = Release|Any CPU
		{6077BDD8-7EDB-4039-AF41-3CD8BA094FB2}.AppStore|ARM.Build.0 = Release|Any CPU
		{6077BDD8-7EDB-4039-AF41-3CD8BA094FB2}.AppStore|iPhone.ActiveCfg = Release|Any CPU
		{6077BDD8-7EDB-4039-AF41-3CD8BA094FB2}.AppStore|iPhone.Build.0 = Release|Any CPU
		{6077BDD8-7EDB-4039-AF41-3CD8BA094FB2}.AppStore|iPhoneSimulator.ActiveCfg = Release|Any CPU
		{6077BDD8-7EDB-4039-AF41-3CD8BA094FB2}.AppStore|iPhoneSimulator.Build.0 = Release|Any CPU
		{6077BDD8-7EDB-4039-AF41-3CD8BA094FB2}.AppStore|x64.ActiveCfg = Release|Any CPU
		{6077BDD8-7EDB-4039-AF41-3CD8BA094FB2}.AppStore|x64.Build.0 = Release|Any CPU
		{6077BDD8-7EDB-4039-AF41-3CD8BA094FB2}.AppStore|x86.ActiveCfg = Release|Any CPU
		{6077BDD8-7EDB-4039-AF41-3CD8BA094FB2}.AppStore|x86.Build.0 = Release|Any CPU
		{6077BDD8-7EDB-4039-AF41-3CD8BA094FB2}.Debug|Any CPU.ActiveCfg = Debug|Any CPU
		{6077BDD8-7EDB-4039-AF41-3CD8BA094FB2}.Debug|Any CPU.Build.0 = Debug|Any CPU
		{6077BDD8-7EDB-4039-AF41-3CD8BA094FB2}.Debug|ARM.ActiveCfg = Debug|Any CPU
		{6077BDD8-7EDB-4039-AF41-3CD8BA094FB2}.Debug|ARM.Build.0 = Debug|Any CPU
		{6077BDD8-7EDB-4039-AF41-3CD8BA094FB2}.Debug|iPhone.ActiveCfg = Debug|Any CPU
		{6077BDD8-7EDB-4039-AF41-3CD8BA094FB2}.Debug|iPhone.Build.0 = Debug|Any CPU
		{6077BDD8-7EDB-4039-AF41-3CD8BA094FB2}.Debug|iPhoneSimulator.ActiveCfg = Debug|Any CPU
		{6077BDD8-7EDB-4039-AF41-3CD8BA094FB2}.Debug|iPhoneSimulator.Build.0 = Debug|Any CPU
		{6077BDD8-7EDB-4039-AF41-3CD8BA094FB2}.Debug|x64.ActiveCfg = Debug|Any CPU
		{6077BDD8-7EDB-4039-AF41-3CD8BA094FB2}.Debug|x64.Build.0 = Debug|Any CPU
		{6077BDD8-7EDB-4039-AF41-3CD8BA094FB2}.Debug|x86.ActiveCfg = Debug|Any CPU
		{6077BDD8-7EDB-4039-AF41-3CD8BA094FB2}.Debug|x86.Build.0 = Debug|Any CPU
		{6077BDD8-7EDB-4039-AF41-3CD8BA094FB2}.Lua|Any CPU.ActiveCfg = Debug|Any CPU
		{6077BDD8-7EDB-4039-AF41-3CD8BA094FB2}.Lua|Any CPU.Build.0 = Debug|Any CPU
		{6077BDD8-7EDB-4039-AF41-3CD8BA094FB2}.Lua|ARM.ActiveCfg = Debug|Any CPU
		{6077BDD8-7EDB-4039-AF41-3CD8BA094FB2}.Lua|ARM.Build.0 = Debug|Any CPU
		{6077BDD8-7EDB-4039-AF41-3CD8BA094FB2}.Lua|iPhone.ActiveCfg = Debug|Any CPU
		{6077BDD8-7EDB-4039-AF41-3CD8BA094FB2}.Lua|iPhone.Build.0 = Debug|Any CPU
		{6077BDD8-7EDB-4039-AF41-3CD8BA094FB2}.Lua|iPhoneSimulator.ActiveCfg = Debug|Any CPU
		{6077BDD8-7EDB-4039-AF41-3CD8BA094FB2}.Lua|iPhoneSimulator.Build.0 = Debug|Any CPU
		{6077BDD8-7EDB-4039-AF41-3CD8BA094FB2}.Lua|x64.ActiveCfg = Debug|Any CPU
		{6077BDD8-7EDB-4039-AF41-3CD8BA094FB2}.Lua|x64.Build.0 = Debug|Any CPU
		{6077BDD8-7EDB-4039-AF41-3CD8BA094FB2}.Lua|x86.ActiveCfg = Debug|Any CPU
		{6077BDD8-7EDB-4039-AF41-3CD8BA094FB2}.Lua|x86.Build.0 = Debug|Any CPU
		{6077BDD8-7EDB-4039-AF41-3CD8BA094FB2}.Release|Any CPU.ActiveCfg = Release|Any CPU
		{6077BDD8-7EDB-4039-AF41-3CD8BA094FB2}.Release|Any CPU.Build.0 = Release|Any CPU
		{6077BDD8-7EDB-4039-AF41-3CD8BA094FB2}.Release|ARM.ActiveCfg = Release|Any CPU
		{6077BDD8-7EDB-4039-AF41-3CD8BA094FB2}.Release|ARM.Build.0 = Release|Any CPU
		{6077BDD8-7EDB-4039-AF41-3CD8BA094FB2}.Release|iPhone.ActiveCfg = Release|Any CPU
		{6077BDD8-7EDB-4039-AF41-3CD8BA094FB2}.Release|iPhone.Build.0 = Release|Any CPU
		{6077BDD8-7EDB-4039-AF41-3CD8BA094FB2}.Release|iPhoneSimulator.ActiveCfg = Release|Any CPU
		{6077BDD8-7EDB-4039-AF41-3CD8BA094FB2}.Release|iPhoneSimulator.Build.0 = Release|Any CPU
		{6077BDD8-7EDB-4039-AF41-3CD8BA094FB2}.Release|x64.ActiveCfg = Release|Any CPU
		{6077BDD8-7EDB-4039-AF41-3CD8BA094FB2}.Release|x64.Build.0 = Release|Any CPU
		{6077BDD8-7EDB-4039-AF41-3CD8BA094FB2}.Release|x86.ActiveCfg = Release|Any CPU
		{6077BDD8-7EDB-4039-AF41-3CD8BA094FB2}.Release|x86.Build.0 = Release|Any CPU
		{6077BDD8-7EDB-4039-AF41-3CD8BA094FB2}.WinDev|Any CPU.ActiveCfg = Debug|Any CPU
		{6077BDD8-7EDB-4039-AF41-3CD8BA094FB2}.WinDev|Any CPU.Build.0 = Debug|Any CPU
		{6077BDD8-7EDB-4039-AF41-3CD8BA094FB2}.WinDev|ARM.ActiveCfg = Debug|Any CPU
		{6077BDD8-7EDB-4039-AF41-3CD8BA094FB2}.WinDev|ARM.Build.0 = Debug|Any CPU
		{6077BDD8-7EDB-4039-AF41-3CD8BA094FB2}.WinDev|iPhone.ActiveCfg = Debug|Any CPU
		{6077BDD8-7EDB-4039-AF41-3CD8BA094FB2}.WinDev|iPhone.Build.0 = Debug|Any CPU
		{6077BDD8-7EDB-4039-AF41-3CD8BA094FB2}.WinDev|iPhoneSimulator.ActiveCfg = Debug|Any CPU
		{6077BDD8-7EDB-4039-AF41-3CD8BA094FB2}.WinDev|iPhoneSimulator.Build.0 = Debug|Any CPU
		{6077BDD8-7EDB-4039-AF41-3CD8BA094FB2}.WinDev|x64.ActiveCfg = Debug|Any CPU
		{6077BDD8-7EDB-4039-AF41-3CD8BA094FB2}.WinDev|x64.Build.0 = Debug|Any CPU
		{6077BDD8-7EDB-4039-AF41-3CD8BA094FB2}.WinDev|x86.ActiveCfg = Debug|Any CPU
		{6077BDD8-7EDB-4039-AF41-3CD8BA094FB2}.WinDev|x86.Build.0 = Debug|Any CPU
		{6077BDD8-7EDB-4039-AF41-3CD8BA094FB2}.Yavsc|Any CPU.ActiveCfg = Debug|Any CPU
		{6077BDD8-7EDB-4039-AF41-3CD8BA094FB2}.Yavsc|Any CPU.Build.0 = Debug|Any CPU
		{6077BDD8-7EDB-4039-AF41-3CD8BA094FB2}.Yavsc|ARM.ActiveCfg = Debug|Any CPU
		{6077BDD8-7EDB-4039-AF41-3CD8BA094FB2}.Yavsc|ARM.Build.0 = Debug|Any CPU
		{6077BDD8-7EDB-4039-AF41-3CD8BA094FB2}.Yavsc|iPhone.ActiveCfg = Debug|Any CPU
		{6077BDD8-7EDB-4039-AF41-3CD8BA094FB2}.Yavsc|iPhone.Build.0 = Debug|Any CPU
		{6077BDD8-7EDB-4039-AF41-3CD8BA094FB2}.Yavsc|iPhoneSimulator.ActiveCfg = Debug|Any CPU
		{6077BDD8-7EDB-4039-AF41-3CD8BA094FB2}.Yavsc|iPhoneSimulator.Build.0 = Debug|Any CPU
		{6077BDD8-7EDB-4039-AF41-3CD8BA094FB2}.Yavsc|x64.ActiveCfg = Debug|Any CPU
		{6077BDD8-7EDB-4039-AF41-3CD8BA094FB2}.Yavsc|x64.Build.0 = Debug|Any CPU
		{6077BDD8-7EDB-4039-AF41-3CD8BA094FB2}.Yavsc|x86.ActiveCfg = Debug|Any CPU
		{6077BDD8-7EDB-4039-AF41-3CD8BA094FB2}.Yavsc|x86.Build.0 = Debug|Any CPU
		{6077BDD8-7EDB-4039-AF41-3CD8BA094FB2}.ZicMoove|Any CPU.ActiveCfg = Debug|Any CPU
		{6077BDD8-7EDB-4039-AF41-3CD8BA094FB2}.ZicMoove|Any CPU.Build.0 = Debug|Any CPU
		{6077BDD8-7EDB-4039-AF41-3CD8BA094FB2}.ZicMoove|ARM.ActiveCfg = Debug|Any CPU
		{6077BDD8-7EDB-4039-AF41-3CD8BA094FB2}.ZicMoove|ARM.Build.0 = Debug|Any CPU
		{6077BDD8-7EDB-4039-AF41-3CD8BA094FB2}.ZicMoove|iPhone.ActiveCfg = Debug|Any CPU
		{6077BDD8-7EDB-4039-AF41-3CD8BA094FB2}.ZicMoove|iPhone.Build.0 = Debug|Any CPU
		{6077BDD8-7EDB-4039-AF41-3CD8BA094FB2}.ZicMoove|iPhoneSimulator.ActiveCfg = Debug|Any CPU
		{6077BDD8-7EDB-4039-AF41-3CD8BA094FB2}.ZicMoove|iPhoneSimulator.Build.0 = Debug|Any CPU
		{6077BDD8-7EDB-4039-AF41-3CD8BA094FB2}.ZicMoove|x64.ActiveCfg = Debug|Any CPU
		{6077BDD8-7EDB-4039-AF41-3CD8BA094FB2}.ZicMoove|x64.Build.0 = Debug|Any CPU
		{6077BDD8-7EDB-4039-AF41-3CD8BA094FB2}.ZicMoove|x86.ActiveCfg = Debug|Any CPU
		{6077BDD8-7EDB-4039-AF41-3CD8BA094FB2}.ZicMoove|x86.Build.0 = Debug|Any CPU
		{A0815650-0A0A-47B0-8826-771F0E1AD137}.Ad-Hoc|Any CPU.ActiveCfg = Release|Any CPU
		{A0815650-0A0A-47B0-8826-771F0E1AD137}.Ad-Hoc|Any CPU.Build.0 = Release|Any CPU
		{A0815650-0A0A-47B0-8826-771F0E1AD137}.Ad-Hoc|ARM.ActiveCfg = Release|Any CPU
		{A0815650-0A0A-47B0-8826-771F0E1AD137}.Ad-Hoc|ARM.Build.0 = Release|Any CPU
		{A0815650-0A0A-47B0-8826-771F0E1AD137}.Ad-Hoc|iPhone.ActiveCfg = Release|Any CPU
		{A0815650-0A0A-47B0-8826-771F0E1AD137}.Ad-Hoc|iPhone.Build.0 = Release|Any CPU
		{A0815650-0A0A-47B0-8826-771F0E1AD137}.Ad-Hoc|iPhoneSimulator.ActiveCfg = Release|Any CPU
		{A0815650-0A0A-47B0-8826-771F0E1AD137}.Ad-Hoc|iPhoneSimulator.Build.0 = Release|Any CPU
		{A0815650-0A0A-47B0-8826-771F0E1AD137}.Ad-Hoc|x64.ActiveCfg = Release|Any CPU
		{A0815650-0A0A-47B0-8826-771F0E1AD137}.Ad-Hoc|x64.Build.0 = Release|Any CPU
		{A0815650-0A0A-47B0-8826-771F0E1AD137}.Ad-Hoc|x86.ActiveCfg = Release|Any CPU
		{A0815650-0A0A-47B0-8826-771F0E1AD137}.Ad-Hoc|x86.Build.0 = Release|Any CPU
		{A0815650-0A0A-47B0-8826-771F0E1AD137}.AppStore|Any CPU.ActiveCfg = Release|Any CPU
		{A0815650-0A0A-47B0-8826-771F0E1AD137}.AppStore|Any CPU.Build.0 = Release|Any CPU
		{A0815650-0A0A-47B0-8826-771F0E1AD137}.AppStore|ARM.ActiveCfg = Release|Any CPU
		{A0815650-0A0A-47B0-8826-771F0E1AD137}.AppStore|ARM.Build.0 = Release|Any CPU
		{A0815650-0A0A-47B0-8826-771F0E1AD137}.AppStore|iPhone.ActiveCfg = Release|Any CPU
		{A0815650-0A0A-47B0-8826-771F0E1AD137}.AppStore|iPhone.Build.0 = Release|Any CPU
		{A0815650-0A0A-47B0-8826-771F0E1AD137}.AppStore|iPhoneSimulator.ActiveCfg = Release|Any CPU
		{A0815650-0A0A-47B0-8826-771F0E1AD137}.AppStore|iPhoneSimulator.Build.0 = Release|Any CPU
		{A0815650-0A0A-47B0-8826-771F0E1AD137}.AppStore|x64.ActiveCfg = Release|Any CPU
		{A0815650-0A0A-47B0-8826-771F0E1AD137}.AppStore|x64.Build.0 = Release|Any CPU
		{A0815650-0A0A-47B0-8826-771F0E1AD137}.AppStore|x86.ActiveCfg = Release|Any CPU
		{A0815650-0A0A-47B0-8826-771F0E1AD137}.AppStore|x86.Build.0 = Release|Any CPU
		{A0815650-0A0A-47B0-8826-771F0E1AD137}.Debug|Any CPU.ActiveCfg = Debug|Any CPU
		{A0815650-0A0A-47B0-8826-771F0E1AD137}.Debug|Any CPU.Build.0 = Debug|Any CPU
		{A0815650-0A0A-47B0-8826-771F0E1AD137}.Debug|ARM.ActiveCfg = Debug|Any CPU
		{A0815650-0A0A-47B0-8826-771F0E1AD137}.Debug|ARM.Build.0 = Debug|Any CPU
		{A0815650-0A0A-47B0-8826-771F0E1AD137}.Debug|iPhone.ActiveCfg = Debug|Any CPU
		{A0815650-0A0A-47B0-8826-771F0E1AD137}.Debug|iPhone.Build.0 = Debug|Any CPU
		{A0815650-0A0A-47B0-8826-771F0E1AD137}.Debug|iPhoneSimulator.ActiveCfg = Debug|Any CPU
		{A0815650-0A0A-47B0-8826-771F0E1AD137}.Debug|iPhoneSimulator.Build.0 = Debug|Any CPU
		{A0815650-0A0A-47B0-8826-771F0E1AD137}.Debug|x64.ActiveCfg = Debug|Any CPU
		{A0815650-0A0A-47B0-8826-771F0E1AD137}.Debug|x64.Build.0 = Debug|Any CPU
		{A0815650-0A0A-47B0-8826-771F0E1AD137}.Debug|x86.ActiveCfg = Debug|Any CPU
		{A0815650-0A0A-47B0-8826-771F0E1AD137}.Debug|x86.Build.0 = Debug|Any CPU
		{A0815650-0A0A-47B0-8826-771F0E1AD137}.Lua|Any CPU.ActiveCfg = Lua|Any CPU
		{A0815650-0A0A-47B0-8826-771F0E1AD137}.Lua|Any CPU.Build.0 = Lua|Any CPU
		{A0815650-0A0A-47B0-8826-771F0E1AD137}.Lua|ARM.ActiveCfg = Lua|Any CPU
		{A0815650-0A0A-47B0-8826-771F0E1AD137}.Lua|ARM.Build.0 = Lua|Any CPU
		{A0815650-0A0A-47B0-8826-771F0E1AD137}.Lua|iPhone.ActiveCfg = Lua|Any CPU
		{A0815650-0A0A-47B0-8826-771F0E1AD137}.Lua|iPhone.Build.0 = Lua|Any CPU
		{A0815650-0A0A-47B0-8826-771F0E1AD137}.Lua|iPhoneSimulator.ActiveCfg = Lua|Any CPU
		{A0815650-0A0A-47B0-8826-771F0E1AD137}.Lua|iPhoneSimulator.Build.0 = Lua|Any CPU
		{A0815650-0A0A-47B0-8826-771F0E1AD137}.Lua|x64.ActiveCfg = Lua|Any CPU
		{A0815650-0A0A-47B0-8826-771F0E1AD137}.Lua|x64.Build.0 = Lua|Any CPU
		{A0815650-0A0A-47B0-8826-771F0E1AD137}.Lua|x86.ActiveCfg = Lua|Any CPU
		{A0815650-0A0A-47B0-8826-771F0E1AD137}.Lua|x86.Build.0 = Lua|Any CPU
		{A0815650-0A0A-47B0-8826-771F0E1AD137}.Release|Any CPU.ActiveCfg = Release|Any CPU
		{A0815650-0A0A-47B0-8826-771F0E1AD137}.Release|Any CPU.Build.0 = Release|Any CPU
		{A0815650-0A0A-47B0-8826-771F0E1AD137}.Release|ARM.ActiveCfg = Release|Any CPU
		{A0815650-0A0A-47B0-8826-771F0E1AD137}.Release|ARM.Build.0 = Release|Any CPU
		{A0815650-0A0A-47B0-8826-771F0E1AD137}.Release|iPhone.ActiveCfg = Release|Any CPU
		{A0815650-0A0A-47B0-8826-771F0E1AD137}.Release|iPhone.Build.0 = Release|Any CPU
		{A0815650-0A0A-47B0-8826-771F0E1AD137}.Release|iPhoneSimulator.ActiveCfg = Release|Any CPU
		{A0815650-0A0A-47B0-8826-771F0E1AD137}.Release|iPhoneSimulator.Build.0 = Release|Any CPU
		{A0815650-0A0A-47B0-8826-771F0E1AD137}.Release|x64.ActiveCfg = Release|Any CPU
		{A0815650-0A0A-47B0-8826-771F0E1AD137}.Release|x64.Build.0 = Release|Any CPU
		{A0815650-0A0A-47B0-8826-771F0E1AD137}.Release|x86.ActiveCfg = Release|Any CPU
		{A0815650-0A0A-47B0-8826-771F0E1AD137}.Release|x86.Build.0 = Release|Any CPU
		{A0815650-0A0A-47B0-8826-771F0E1AD137}.WinDev|Any CPU.ActiveCfg = WinDev|Any CPU
		{A0815650-0A0A-47B0-8826-771F0E1AD137}.WinDev|Any CPU.Build.0 = WinDev|Any CPU
		{A0815650-0A0A-47B0-8826-771F0E1AD137}.WinDev|ARM.ActiveCfg = WinDev|Any CPU
		{A0815650-0A0A-47B0-8826-771F0E1AD137}.WinDev|ARM.Build.0 = WinDev|Any CPU
		{A0815650-0A0A-47B0-8826-771F0E1AD137}.WinDev|iPhone.ActiveCfg = WinDev|Any CPU
		{A0815650-0A0A-47B0-8826-771F0E1AD137}.WinDev|iPhone.Build.0 = WinDev|Any CPU
		{A0815650-0A0A-47B0-8826-771F0E1AD137}.WinDev|iPhoneSimulator.ActiveCfg = WinDev|Any CPU
		{A0815650-0A0A-47B0-8826-771F0E1AD137}.WinDev|iPhoneSimulator.Build.0 = WinDev|Any CPU
		{A0815650-0A0A-47B0-8826-771F0E1AD137}.WinDev|x64.ActiveCfg = WinDev|Any CPU
		{A0815650-0A0A-47B0-8826-771F0E1AD137}.WinDev|x64.Build.0 = WinDev|Any CPU
		{A0815650-0A0A-47B0-8826-771F0E1AD137}.WinDev|x86.ActiveCfg = WinDev|Any CPU
		{A0815650-0A0A-47B0-8826-771F0E1AD137}.WinDev|x86.Build.0 = WinDev|Any CPU
		{A0815650-0A0A-47B0-8826-771F0E1AD137}.Yavsc|Any CPU.ActiveCfg = Yavsc|Any CPU
		{A0815650-0A0A-47B0-8826-771F0E1AD137}.Yavsc|Any CPU.Build.0 = Yavsc|Any CPU
		{A0815650-0A0A-47B0-8826-771F0E1AD137}.Yavsc|ARM.ActiveCfg = Yavsc|Any CPU
		{A0815650-0A0A-47B0-8826-771F0E1AD137}.Yavsc|ARM.Build.0 = Yavsc|Any CPU
		{A0815650-0A0A-47B0-8826-771F0E1AD137}.Yavsc|iPhone.ActiveCfg = Yavsc|Any CPU
		{A0815650-0A0A-47B0-8826-771F0E1AD137}.Yavsc|iPhone.Build.0 = Yavsc|Any CPU
		{A0815650-0A0A-47B0-8826-771F0E1AD137}.Yavsc|iPhoneSimulator.ActiveCfg = Yavsc|Any CPU
		{A0815650-0A0A-47B0-8826-771F0E1AD137}.Yavsc|iPhoneSimulator.Build.0 = Yavsc|Any CPU
		{A0815650-0A0A-47B0-8826-771F0E1AD137}.Yavsc|x64.ActiveCfg = Yavsc|Any CPU
		{A0815650-0A0A-47B0-8826-771F0E1AD137}.Yavsc|x64.Build.0 = Yavsc|Any CPU
		{A0815650-0A0A-47B0-8826-771F0E1AD137}.Yavsc|x86.ActiveCfg = Yavsc|Any CPU
		{A0815650-0A0A-47B0-8826-771F0E1AD137}.Yavsc|x86.Build.0 = Yavsc|Any CPU
		{A0815650-0A0A-47B0-8826-771F0E1AD137}.ZicMoove|Any CPU.ActiveCfg = ZicMoove|Any CPU
		{A0815650-0A0A-47B0-8826-771F0E1AD137}.ZicMoove|Any CPU.Build.0 = ZicMoove|Any CPU
		{A0815650-0A0A-47B0-8826-771F0E1AD137}.ZicMoove|ARM.ActiveCfg = ZicMoove|Any CPU
		{A0815650-0A0A-47B0-8826-771F0E1AD137}.ZicMoove|ARM.Build.0 = ZicMoove|Any CPU
		{A0815650-0A0A-47B0-8826-771F0E1AD137}.ZicMoove|iPhone.ActiveCfg = ZicMoove|Any CPU
		{A0815650-0A0A-47B0-8826-771F0E1AD137}.ZicMoove|iPhone.Build.0 = ZicMoove|Any CPU
		{A0815650-0A0A-47B0-8826-771F0E1AD137}.ZicMoove|iPhoneSimulator.ActiveCfg = ZicMoove|Any CPU
		{A0815650-0A0A-47B0-8826-771F0E1AD137}.ZicMoove|iPhoneSimulator.Build.0 = ZicMoove|Any CPU
		{A0815650-0A0A-47B0-8826-771F0E1AD137}.ZicMoove|x64.ActiveCfg = ZicMoove|Any CPU
		{A0815650-0A0A-47B0-8826-771F0E1AD137}.ZicMoove|x64.Build.0 = ZicMoove|Any CPU
		{A0815650-0A0A-47B0-8826-771F0E1AD137}.ZicMoove|x86.ActiveCfg = ZicMoove|Any CPU
		{A0815650-0A0A-47B0-8826-771F0E1AD137}.ZicMoove|x86.Build.0 = ZicMoove|Any CPU
		{B1F4A89B-DD33-4E4B-A98A-FB0308B573D3}.Ad-Hoc|Any CPU.ActiveCfg = Ad-Hoc|iPhone
		{B1F4A89B-DD33-4E4B-A98A-FB0308B573D3}.Ad-Hoc|ARM.ActiveCfg = Ad-Hoc|iPhone
		{B1F4A89B-DD33-4E4B-A98A-FB0308B573D3}.Ad-Hoc|iPhone.ActiveCfg = Ad-Hoc|iPhone
		{B1F4A89B-DD33-4E4B-A98A-FB0308B573D3}.Ad-Hoc|iPhone.Build.0 = Ad-Hoc|iPhone
		{B1F4A89B-DD33-4E4B-A98A-FB0308B573D3}.Ad-Hoc|iPhoneSimulator.ActiveCfg = Ad-Hoc|iPhoneSimulator
		{B1F4A89B-DD33-4E4B-A98A-FB0308B573D3}.Ad-Hoc|iPhoneSimulator.Build.0 = Ad-Hoc|iPhoneSimulator
		{B1F4A89B-DD33-4E4B-A98A-FB0308B573D3}.Ad-Hoc|x64.ActiveCfg = Ad-Hoc|iPhone
		{B1F4A89B-DD33-4E4B-A98A-FB0308B573D3}.Ad-Hoc|x86.ActiveCfg = Ad-Hoc|iPhone
		{B1F4A89B-DD33-4E4B-A98A-FB0308B573D3}.AppStore|Any CPU.ActiveCfg = AppStore|iPhone
		{B1F4A89B-DD33-4E4B-A98A-FB0308B573D3}.AppStore|ARM.ActiveCfg = AppStore|iPhone
		{B1F4A89B-DD33-4E4B-A98A-FB0308B573D3}.AppStore|iPhone.ActiveCfg = AppStore|iPhone
		{B1F4A89B-DD33-4E4B-A98A-FB0308B573D3}.AppStore|iPhone.Build.0 = AppStore|iPhone
		{B1F4A89B-DD33-4E4B-A98A-FB0308B573D3}.AppStore|iPhoneSimulator.ActiveCfg = AppStore|iPhoneSimulator
		{B1F4A89B-DD33-4E4B-A98A-FB0308B573D3}.AppStore|iPhoneSimulator.Build.0 = AppStore|iPhoneSimulator
		{B1F4A89B-DD33-4E4B-A98A-FB0308B573D3}.AppStore|x64.ActiveCfg = AppStore|iPhone
		{B1F4A89B-DD33-4E4B-A98A-FB0308B573D3}.AppStore|x86.ActiveCfg = AppStore|iPhone
		{B1F4A89B-DD33-4E4B-A98A-FB0308B573D3}.Debug|Any CPU.ActiveCfg = Debug|iPhone
		{B1F4A89B-DD33-4E4B-A98A-FB0308B573D3}.Debug|ARM.ActiveCfg = Debug|iPhone
		{B1F4A89B-DD33-4E4B-A98A-FB0308B573D3}.Debug|iPhone.ActiveCfg = Debug|iPhone
		{B1F4A89B-DD33-4E4B-A98A-FB0308B573D3}.Debug|iPhone.Build.0 = Debug|iPhone
		{B1F4A89B-DD33-4E4B-A98A-FB0308B573D3}.Debug|iPhoneSimulator.ActiveCfg = Debug|iPhoneSimulator
		{B1F4A89B-DD33-4E4B-A98A-FB0308B573D3}.Debug|iPhoneSimulator.Build.0 = Debug|iPhoneSimulator
		{B1F4A89B-DD33-4E4B-A98A-FB0308B573D3}.Debug|x64.ActiveCfg = Debug|iPhone
		{B1F4A89B-DD33-4E4B-A98A-FB0308B573D3}.Debug|x86.ActiveCfg = Debug|iPhone
		{B1F4A89B-DD33-4E4B-A98A-FB0308B573D3}.Lua|Any CPU.ActiveCfg = Lua|iPhone
		{B1F4A89B-DD33-4E4B-A98A-FB0308B573D3}.Lua|ARM.ActiveCfg = Lua|iPhone
		{B1F4A89B-DD33-4E4B-A98A-FB0308B573D3}.Lua|iPhone.ActiveCfg = Lua|iPhone
		{B1F4A89B-DD33-4E4B-A98A-FB0308B573D3}.Lua|iPhoneSimulator.ActiveCfg = Lua|iPhoneSimulator
		{B1F4A89B-DD33-4E4B-A98A-FB0308B573D3}.Lua|x64.ActiveCfg = Lua|iPhone
		{B1F4A89B-DD33-4E4B-A98A-FB0308B573D3}.Lua|x86.ActiveCfg = Lua|iPhone
		{B1F4A89B-DD33-4E4B-A98A-FB0308B573D3}.Release|Any CPU.ActiveCfg = Release|iPhone
		{B1F4A89B-DD33-4E4B-A98A-FB0308B573D3}.Release|ARM.ActiveCfg = Release|iPhone
		{B1F4A89B-DD33-4E4B-A98A-FB0308B573D3}.Release|iPhone.ActiveCfg = Release|iPhone
		{B1F4A89B-DD33-4E4B-A98A-FB0308B573D3}.Release|iPhone.Build.0 = Release|iPhone
		{B1F4A89B-DD33-4E4B-A98A-FB0308B573D3}.Release|iPhoneSimulator.ActiveCfg = Release|iPhoneSimulator
		{B1F4A89B-DD33-4E4B-A98A-FB0308B573D3}.Release|iPhoneSimulator.Build.0 = Release|iPhoneSimulator
		{B1F4A89B-DD33-4E4B-A98A-FB0308B573D3}.Release|x64.ActiveCfg = Release|iPhone
		{B1F4A89B-DD33-4E4B-A98A-FB0308B573D3}.Release|x86.ActiveCfg = Release|iPhone
		{B1F4A89B-DD33-4E4B-A98A-FB0308B573D3}.WinDev|Any CPU.ActiveCfg = WinDev|iPhone
		{B1F4A89B-DD33-4E4B-A98A-FB0308B573D3}.WinDev|ARM.ActiveCfg = WinDev|iPhone
		{B1F4A89B-DD33-4E4B-A98A-FB0308B573D3}.WinDev|iPhone.ActiveCfg = WinDev|iPhone
		{B1F4A89B-DD33-4E4B-A98A-FB0308B573D3}.WinDev|iPhoneSimulator.ActiveCfg = WinDev|iPhoneSimulator
		{B1F4A89B-DD33-4E4B-A98A-FB0308B573D3}.WinDev|x64.ActiveCfg = WinDev|iPhone
		{B1F4A89B-DD33-4E4B-A98A-FB0308B573D3}.WinDev|x86.ActiveCfg = WinDev|iPhone
		{B1F4A89B-DD33-4E4B-A98A-FB0308B573D3}.Yavsc|Any CPU.ActiveCfg = Yavsc|iPhone
		{B1F4A89B-DD33-4E4B-A98A-FB0308B573D3}.Yavsc|ARM.ActiveCfg = Yavsc|iPhone
		{B1F4A89B-DD33-4E4B-A98A-FB0308B573D3}.Yavsc|iPhone.ActiveCfg = Yavsc|iPhone
		{B1F4A89B-DD33-4E4B-A98A-FB0308B573D3}.Yavsc|iPhoneSimulator.ActiveCfg = Yavsc|iPhoneSimulator
		{B1F4A89B-DD33-4E4B-A98A-FB0308B573D3}.Yavsc|x64.ActiveCfg = Yavsc|iPhone
		{B1F4A89B-DD33-4E4B-A98A-FB0308B573D3}.Yavsc|x86.ActiveCfg = Yavsc|iPhone
		{B1F4A89B-DD33-4E4B-A98A-FB0308B573D3}.ZicMoove|Any CPU.ActiveCfg = ZicMoove|iPhone
		{B1F4A89B-DD33-4E4B-A98A-FB0308B573D3}.ZicMoove|ARM.ActiveCfg = ZicMoove|iPhone
		{B1F4A89B-DD33-4E4B-A98A-FB0308B573D3}.ZicMoove|iPhone.ActiveCfg = ZicMoove|iPhone
		{B1F4A89B-DD33-4E4B-A98A-FB0308B573D3}.ZicMoove|iPhoneSimulator.ActiveCfg = ZicMoove|iPhoneSimulator
		{B1F4A89B-DD33-4E4B-A98A-FB0308B573D3}.ZicMoove|x64.ActiveCfg = ZicMoove|iPhone
		{B1F4A89B-DD33-4E4B-A98A-FB0308B573D3}.ZicMoove|x86.ActiveCfg = ZicMoove|iPhone
		{E7C9D6BF-54DC-4E18-8F25-C4BD4BE71ACC}.Ad-Hoc|Any CPU.ActiveCfg = Release|Any CPU
		{E7C9D6BF-54DC-4E18-8F25-C4BD4BE71ACC}.Ad-Hoc|Any CPU.Build.0 = Release|Any CPU
		{E7C9D6BF-54DC-4E18-8F25-C4BD4BE71ACC}.Ad-Hoc|ARM.ActiveCfg = Release|Any CPU
		{E7C9D6BF-54DC-4E18-8F25-C4BD4BE71ACC}.Ad-Hoc|ARM.Build.0 = Release|Any CPU
		{E7C9D6BF-54DC-4E18-8F25-C4BD4BE71ACC}.Ad-Hoc|iPhone.ActiveCfg = Release|Any CPU
		{E7C9D6BF-54DC-4E18-8F25-C4BD4BE71ACC}.Ad-Hoc|iPhone.Build.0 = Release|Any CPU
		{E7C9D6BF-54DC-4E18-8F25-C4BD4BE71ACC}.Ad-Hoc|iPhoneSimulator.ActiveCfg = Release|Any CPU
		{E7C9D6BF-54DC-4E18-8F25-C4BD4BE71ACC}.Ad-Hoc|iPhoneSimulator.Build.0 = Release|Any CPU
		{E7C9D6BF-54DC-4E18-8F25-C4BD4BE71ACC}.Ad-Hoc|x64.ActiveCfg = Release|Any CPU
		{E7C9D6BF-54DC-4E18-8F25-C4BD4BE71ACC}.Ad-Hoc|x64.Build.0 = Release|Any CPU
		{E7C9D6BF-54DC-4E18-8F25-C4BD4BE71ACC}.Ad-Hoc|x86.ActiveCfg = Release|Any CPU
		{E7C9D6BF-54DC-4E18-8F25-C4BD4BE71ACC}.Ad-Hoc|x86.Build.0 = Release|Any CPU
		{E7C9D6BF-54DC-4E18-8F25-C4BD4BE71ACC}.AppStore|Any CPU.ActiveCfg = Release|Any CPU
		{E7C9D6BF-54DC-4E18-8F25-C4BD4BE71ACC}.AppStore|Any CPU.Build.0 = Release|Any CPU
		{E7C9D6BF-54DC-4E18-8F25-C4BD4BE71ACC}.AppStore|ARM.ActiveCfg = Release|Any CPU
		{E7C9D6BF-54DC-4E18-8F25-C4BD4BE71ACC}.AppStore|ARM.Build.0 = Release|Any CPU
		{E7C9D6BF-54DC-4E18-8F25-C4BD4BE71ACC}.AppStore|iPhone.ActiveCfg = Release|Any CPU
		{E7C9D6BF-54DC-4E18-8F25-C4BD4BE71ACC}.AppStore|iPhone.Build.0 = Release|Any CPU
		{E7C9D6BF-54DC-4E18-8F25-C4BD4BE71ACC}.AppStore|iPhoneSimulator.ActiveCfg = Release|Any CPU
		{E7C9D6BF-54DC-4E18-8F25-C4BD4BE71ACC}.AppStore|iPhoneSimulator.Build.0 = Release|Any CPU
		{E7C9D6BF-54DC-4E18-8F25-C4BD4BE71ACC}.AppStore|x64.ActiveCfg = Release|Any CPU
		{E7C9D6BF-54DC-4E18-8F25-C4BD4BE71ACC}.AppStore|x64.Build.0 = Release|Any CPU
		{E7C9D6BF-54DC-4E18-8F25-C4BD4BE71ACC}.AppStore|x86.ActiveCfg = Release|Any CPU
		{E7C9D6BF-54DC-4E18-8F25-C4BD4BE71ACC}.AppStore|x86.Build.0 = Release|Any CPU
		{E7C9D6BF-54DC-4E18-8F25-C4BD4BE71ACC}.Debug|Any CPU.ActiveCfg = Debug|Any CPU
		{E7C9D6BF-54DC-4E18-8F25-C4BD4BE71ACC}.Debug|Any CPU.Build.0 = Debug|Any CPU
		{E7C9D6BF-54DC-4E18-8F25-C4BD4BE71ACC}.Debug|ARM.ActiveCfg = Debug|Any CPU
		{E7C9D6BF-54DC-4E18-8F25-C4BD4BE71ACC}.Debug|ARM.Build.0 = Debug|Any CPU
		{E7C9D6BF-54DC-4E18-8F25-C4BD4BE71ACC}.Debug|iPhone.ActiveCfg = Debug|Any CPU
		{E7C9D6BF-54DC-4E18-8F25-C4BD4BE71ACC}.Debug|iPhone.Build.0 = Debug|Any CPU
		{E7C9D6BF-54DC-4E18-8F25-C4BD4BE71ACC}.Debug|iPhoneSimulator.ActiveCfg = Debug|Any CPU
		{E7C9D6BF-54DC-4E18-8F25-C4BD4BE71ACC}.Debug|iPhoneSimulator.Build.0 = Debug|Any CPU
		{E7C9D6BF-54DC-4E18-8F25-C4BD4BE71ACC}.Debug|x64.ActiveCfg = Debug|Any CPU
		{E7C9D6BF-54DC-4E18-8F25-C4BD4BE71ACC}.Debug|x64.Build.0 = Debug|Any CPU
		{E7C9D6BF-54DC-4E18-8F25-C4BD4BE71ACC}.Debug|x86.ActiveCfg = Debug|Any CPU
		{E7C9D6BF-54DC-4E18-8F25-C4BD4BE71ACC}.Debug|x86.Build.0 = Debug|Any CPU
		{E7C9D6BF-54DC-4E18-8F25-C4BD4BE71ACC}.Lua|Any CPU.ActiveCfg = Debug|Any CPU
		{E7C9D6BF-54DC-4E18-8F25-C4BD4BE71ACC}.Lua|Any CPU.Build.0 = Debug|Any CPU
		{E7C9D6BF-54DC-4E18-8F25-C4BD4BE71ACC}.Lua|ARM.ActiveCfg = Debug|Any CPU
		{E7C9D6BF-54DC-4E18-8F25-C4BD4BE71ACC}.Lua|ARM.Build.0 = Debug|Any CPU
		{E7C9D6BF-54DC-4E18-8F25-C4BD4BE71ACC}.Lua|iPhone.ActiveCfg = Debug|Any CPU
		{E7C9D6BF-54DC-4E18-8F25-C4BD4BE71ACC}.Lua|iPhone.Build.0 = Debug|Any CPU
		{E7C9D6BF-54DC-4E18-8F25-C4BD4BE71ACC}.Lua|iPhoneSimulator.ActiveCfg = Debug|Any CPU
		{E7C9D6BF-54DC-4E18-8F25-C4BD4BE71ACC}.Lua|iPhoneSimulator.Build.0 = Debug|Any CPU
		{E7C9D6BF-54DC-4E18-8F25-C4BD4BE71ACC}.Lua|x64.ActiveCfg = Debug|Any CPU
		{E7C9D6BF-54DC-4E18-8F25-C4BD4BE71ACC}.Lua|x64.Build.0 = Debug|Any CPU
		{E7C9D6BF-54DC-4E18-8F25-C4BD4BE71ACC}.Lua|x86.ActiveCfg = Debug|Any CPU
		{E7C9D6BF-54DC-4E18-8F25-C4BD4BE71ACC}.Lua|x86.Build.0 = Debug|Any CPU
		{E7C9D6BF-54DC-4E18-8F25-C4BD4BE71ACC}.Release|Any CPU.ActiveCfg = Release|Any CPU
		{E7C9D6BF-54DC-4E18-8F25-C4BD4BE71ACC}.Release|Any CPU.Build.0 = Release|Any CPU
		{E7C9D6BF-54DC-4E18-8F25-C4BD4BE71ACC}.Release|ARM.ActiveCfg = Release|Any CPU
		{E7C9D6BF-54DC-4E18-8F25-C4BD4BE71ACC}.Release|ARM.Build.0 = Release|Any CPU
		{E7C9D6BF-54DC-4E18-8F25-C4BD4BE71ACC}.Release|iPhone.ActiveCfg = Release|Any CPU
		{E7C9D6BF-54DC-4E18-8F25-C4BD4BE71ACC}.Release|iPhone.Build.0 = Release|Any CPU
		{E7C9D6BF-54DC-4E18-8F25-C4BD4BE71ACC}.Release|iPhoneSimulator.ActiveCfg = Release|Any CPU
		{E7C9D6BF-54DC-4E18-8F25-C4BD4BE71ACC}.Release|iPhoneSimulator.Build.0 = Release|Any CPU
		{E7C9D6BF-54DC-4E18-8F25-C4BD4BE71ACC}.Release|x64.ActiveCfg = Release|Any CPU
		{E7C9D6BF-54DC-4E18-8F25-C4BD4BE71ACC}.Release|x64.Build.0 = Release|Any CPU
		{E7C9D6BF-54DC-4E18-8F25-C4BD4BE71ACC}.Release|x86.ActiveCfg = Release|Any CPU
		{E7C9D6BF-54DC-4E18-8F25-C4BD4BE71ACC}.Release|x86.Build.0 = Release|Any CPU
		{E7C9D6BF-54DC-4E18-8F25-C4BD4BE71ACC}.WinDev|Any CPU.ActiveCfg = Debug|Any CPU
		{E7C9D6BF-54DC-4E18-8F25-C4BD4BE71ACC}.WinDev|Any CPU.Build.0 = Debug|Any CPU
		{E7C9D6BF-54DC-4E18-8F25-C4BD4BE71ACC}.WinDev|ARM.ActiveCfg = Debug|Any CPU
		{E7C9D6BF-54DC-4E18-8F25-C4BD4BE71ACC}.WinDev|ARM.Build.0 = Debug|Any CPU
		{E7C9D6BF-54DC-4E18-8F25-C4BD4BE71ACC}.WinDev|iPhone.ActiveCfg = Debug|Any CPU
		{E7C9D6BF-54DC-4E18-8F25-C4BD4BE71ACC}.WinDev|iPhone.Build.0 = Debug|Any CPU
		{E7C9D6BF-54DC-4E18-8F25-C4BD4BE71ACC}.WinDev|iPhoneSimulator.ActiveCfg = Debug|Any CPU
		{E7C9D6BF-54DC-4E18-8F25-C4BD4BE71ACC}.WinDev|iPhoneSimulator.Build.0 = Debug|Any CPU
		{E7C9D6BF-54DC-4E18-8F25-C4BD4BE71ACC}.WinDev|x64.ActiveCfg = Debug|Any CPU
		{E7C9D6BF-54DC-4E18-8F25-C4BD4BE71ACC}.WinDev|x64.Build.0 = Debug|Any CPU
		{E7C9D6BF-54DC-4E18-8F25-C4BD4BE71ACC}.WinDev|x86.ActiveCfg = Debug|Any CPU
		{E7C9D6BF-54DC-4E18-8F25-C4BD4BE71ACC}.WinDev|x86.Build.0 = Debug|Any CPU
		{E7C9D6BF-54DC-4E18-8F25-C4BD4BE71ACC}.Yavsc|Any CPU.ActiveCfg = Debug|Any CPU
		{E7C9D6BF-54DC-4E18-8F25-C4BD4BE71ACC}.Yavsc|Any CPU.Build.0 = Debug|Any CPU
		{E7C9D6BF-54DC-4E18-8F25-C4BD4BE71ACC}.Yavsc|ARM.ActiveCfg = Debug|Any CPU
		{E7C9D6BF-54DC-4E18-8F25-C4BD4BE71ACC}.Yavsc|ARM.Build.0 = Debug|Any CPU
		{E7C9D6BF-54DC-4E18-8F25-C4BD4BE71ACC}.Yavsc|iPhone.ActiveCfg = Debug|Any CPU
		{E7C9D6BF-54DC-4E18-8F25-C4BD4BE71ACC}.Yavsc|iPhone.Build.0 = Debug|Any CPU
		{E7C9D6BF-54DC-4E18-8F25-C4BD4BE71ACC}.Yavsc|iPhoneSimulator.ActiveCfg = Debug|Any CPU
		{E7C9D6BF-54DC-4E18-8F25-C4BD4BE71ACC}.Yavsc|iPhoneSimulator.Build.0 = Debug|Any CPU
		{E7C9D6BF-54DC-4E18-8F25-C4BD4BE71ACC}.Yavsc|x64.ActiveCfg = Debug|Any CPU
		{E7C9D6BF-54DC-4E18-8F25-C4BD4BE71ACC}.Yavsc|x64.Build.0 = Debug|Any CPU
		{E7C9D6BF-54DC-4E18-8F25-C4BD4BE71ACC}.Yavsc|x86.ActiveCfg = Debug|Any CPU
		{E7C9D6BF-54DC-4E18-8F25-C4BD4BE71ACC}.Yavsc|x86.Build.0 = Debug|Any CPU
		{E7C9D6BF-54DC-4E18-8F25-C4BD4BE71ACC}.ZicMoove|Any CPU.ActiveCfg = Debug|Any CPU
		{E7C9D6BF-54DC-4E18-8F25-C4BD4BE71ACC}.ZicMoove|Any CPU.Build.0 = Debug|Any CPU
		{E7C9D6BF-54DC-4E18-8F25-C4BD4BE71ACC}.ZicMoove|ARM.ActiveCfg = Debug|Any CPU
		{E7C9D6BF-54DC-4E18-8F25-C4BD4BE71ACC}.ZicMoove|ARM.Build.0 = Debug|Any CPU
		{E7C9D6BF-54DC-4E18-8F25-C4BD4BE71ACC}.ZicMoove|iPhone.ActiveCfg = Debug|Any CPU
		{E7C9D6BF-54DC-4E18-8F25-C4BD4BE71ACC}.ZicMoove|iPhone.Build.0 = Debug|Any CPU
		{E7C9D6BF-54DC-4E18-8F25-C4BD4BE71ACC}.ZicMoove|iPhoneSimulator.ActiveCfg = Debug|Any CPU
		{E7C9D6BF-54DC-4E18-8F25-C4BD4BE71ACC}.ZicMoove|iPhoneSimulator.Build.0 = Debug|Any CPU
		{E7C9D6BF-54DC-4E18-8F25-C4BD4BE71ACC}.ZicMoove|x64.ActiveCfg = Debug|Any CPU
		{E7C9D6BF-54DC-4E18-8F25-C4BD4BE71ACC}.ZicMoove|x64.Build.0 = Debug|Any CPU
		{E7C9D6BF-54DC-4E18-8F25-C4BD4BE71ACC}.ZicMoove|x86.ActiveCfg = Debug|Any CPU
		{E7C9D6BF-54DC-4E18-8F25-C4BD4BE71ACC}.ZicMoove|x86.Build.0 = Debug|Any CPU
		{F245F76E-F532-4A1B-BA2E-43493F441711}.Ad-Hoc|Any CPU.ActiveCfg = Release|Any CPU
		{F245F76E-F532-4A1B-BA2E-43493F441711}.Ad-Hoc|Any CPU.Build.0 = Release|Any CPU
		{F245F76E-F532-4A1B-BA2E-43493F441711}.Ad-Hoc|ARM.ActiveCfg = Release|Any CPU
		{F245F76E-F532-4A1B-BA2E-43493F441711}.Ad-Hoc|ARM.Build.0 = Release|Any CPU
		{F245F76E-F532-4A1B-BA2E-43493F441711}.Ad-Hoc|iPhone.ActiveCfg = Release|Any CPU
		{F245F76E-F532-4A1B-BA2E-43493F441711}.Ad-Hoc|iPhone.Build.0 = Release|Any CPU
		{F245F76E-F532-4A1B-BA2E-43493F441711}.Ad-Hoc|iPhoneSimulator.ActiveCfg = Release|Any CPU
		{F245F76E-F532-4A1B-BA2E-43493F441711}.Ad-Hoc|iPhoneSimulator.Build.0 = Release|Any CPU
		{F245F76E-F532-4A1B-BA2E-43493F441711}.Ad-Hoc|x64.ActiveCfg = Release|Any CPU
		{F245F76E-F532-4A1B-BA2E-43493F441711}.Ad-Hoc|x64.Build.0 = Release|Any CPU
		{F245F76E-F532-4A1B-BA2E-43493F441711}.Ad-Hoc|x86.ActiveCfg = Release|Any CPU
		{F245F76E-F532-4A1B-BA2E-43493F441711}.Ad-Hoc|x86.Build.0 = Release|Any CPU
		{F245F76E-F532-4A1B-BA2E-43493F441711}.AppStore|Any CPU.ActiveCfg = Release|Any CPU
		{F245F76E-F532-4A1B-BA2E-43493F441711}.AppStore|Any CPU.Build.0 = Release|Any CPU
		{F245F76E-F532-4A1B-BA2E-43493F441711}.AppStore|ARM.ActiveCfg = Release|Any CPU
		{F245F76E-F532-4A1B-BA2E-43493F441711}.AppStore|ARM.Build.0 = Release|Any CPU
		{F245F76E-F532-4A1B-BA2E-43493F441711}.AppStore|iPhone.ActiveCfg = Release|Any CPU
		{F245F76E-F532-4A1B-BA2E-43493F441711}.AppStore|iPhone.Build.0 = Release|Any CPU
		{F245F76E-F532-4A1B-BA2E-43493F441711}.AppStore|iPhoneSimulator.ActiveCfg = Release|Any CPU
		{F245F76E-F532-4A1B-BA2E-43493F441711}.AppStore|iPhoneSimulator.Build.0 = Release|Any CPU
		{F245F76E-F532-4A1B-BA2E-43493F441711}.AppStore|x64.ActiveCfg = Release|Any CPU
		{F245F76E-F532-4A1B-BA2E-43493F441711}.AppStore|x64.Build.0 = Release|Any CPU
		{F245F76E-F532-4A1B-BA2E-43493F441711}.AppStore|x86.ActiveCfg = Release|Any CPU
		{F245F76E-F532-4A1B-BA2E-43493F441711}.AppStore|x86.Build.0 = Release|Any CPU
		{F245F76E-F532-4A1B-BA2E-43493F441711}.Debug|Any CPU.ActiveCfg = Debug|Any CPU
		{F245F76E-F532-4A1B-BA2E-43493F441711}.Debug|Any CPU.Build.0 = Debug|Any CPU
		{F245F76E-F532-4A1B-BA2E-43493F441711}.Debug|ARM.ActiveCfg = Debug|Any CPU
		{F245F76E-F532-4A1B-BA2E-43493F441711}.Debug|ARM.Build.0 = Debug|Any CPU
		{F245F76E-F532-4A1B-BA2E-43493F441711}.Debug|iPhone.ActiveCfg = Debug|Any CPU
		{F245F76E-F532-4A1B-BA2E-43493F441711}.Debug|iPhone.Build.0 = Debug|Any CPU
		{F245F76E-F532-4A1B-BA2E-43493F441711}.Debug|iPhoneSimulator.ActiveCfg = Debug|Any CPU
		{F245F76E-F532-4A1B-BA2E-43493F441711}.Debug|iPhoneSimulator.Build.0 = Debug|Any CPU
		{F245F76E-F532-4A1B-BA2E-43493F441711}.Debug|x64.ActiveCfg = Debug|Any CPU
		{F245F76E-F532-4A1B-BA2E-43493F441711}.Debug|x64.Build.0 = Debug|Any CPU
		{F245F76E-F532-4A1B-BA2E-43493F441711}.Debug|x86.ActiveCfg = Debug|Any CPU
		{F245F76E-F532-4A1B-BA2E-43493F441711}.Debug|x86.Build.0 = Debug|Any CPU
		{F245F76E-F532-4A1B-BA2E-43493F441711}.Lua|Any CPU.ActiveCfg = Debug|Any CPU
		{F245F76E-F532-4A1B-BA2E-43493F441711}.Lua|Any CPU.Build.0 = Debug|Any CPU
		{F245F76E-F532-4A1B-BA2E-43493F441711}.Lua|ARM.ActiveCfg = Debug|Any CPU
		{F245F76E-F532-4A1B-BA2E-43493F441711}.Lua|ARM.Build.0 = Debug|Any CPU
		{F245F76E-F532-4A1B-BA2E-43493F441711}.Lua|iPhone.ActiveCfg = Debug|Any CPU
		{F245F76E-F532-4A1B-BA2E-43493F441711}.Lua|iPhone.Build.0 = Debug|Any CPU
		{F245F76E-F532-4A1B-BA2E-43493F441711}.Lua|iPhoneSimulator.ActiveCfg = Debug|Any CPU
		{F245F76E-F532-4A1B-BA2E-43493F441711}.Lua|iPhoneSimulator.Build.0 = Debug|Any CPU
		{F245F76E-F532-4A1B-BA2E-43493F441711}.Lua|x64.ActiveCfg = Debug|Any CPU
		{F245F76E-F532-4A1B-BA2E-43493F441711}.Lua|x64.Build.0 = Debug|Any CPU
		{F245F76E-F532-4A1B-BA2E-43493F441711}.Lua|x86.ActiveCfg = Debug|Any CPU
		{F245F76E-F532-4A1B-BA2E-43493F441711}.Lua|x86.Build.0 = Debug|Any CPU
		{F245F76E-F532-4A1B-BA2E-43493F441711}.Release|Any CPU.ActiveCfg = Release|Any CPU
		{F245F76E-F532-4A1B-BA2E-43493F441711}.Release|Any CPU.Build.0 = Release|Any CPU
		{F245F76E-F532-4A1B-BA2E-43493F441711}.Release|ARM.ActiveCfg = Release|Any CPU
		{F245F76E-F532-4A1B-BA2E-43493F441711}.Release|ARM.Build.0 = Release|Any CPU
		{F245F76E-F532-4A1B-BA2E-43493F441711}.Release|iPhone.ActiveCfg = Release|Any CPU
		{F245F76E-F532-4A1B-BA2E-43493F441711}.Release|iPhone.Build.0 = Release|Any CPU
		{F245F76E-F532-4A1B-BA2E-43493F441711}.Release|iPhoneSimulator.ActiveCfg = Release|Any CPU
		{F245F76E-F532-4A1B-BA2E-43493F441711}.Release|iPhoneSimulator.Build.0 = Release|Any CPU
		{F245F76E-F532-4A1B-BA2E-43493F441711}.Release|x64.ActiveCfg = Release|Any CPU
		{F245F76E-F532-4A1B-BA2E-43493F441711}.Release|x64.Build.0 = Release|Any CPU
		{F245F76E-F532-4A1B-BA2E-43493F441711}.Release|x86.ActiveCfg = Release|Any CPU
		{F245F76E-F532-4A1B-BA2E-43493F441711}.Release|x86.Build.0 = Release|Any CPU
		{F245F76E-F532-4A1B-BA2E-43493F441711}.WinDev|Any CPU.ActiveCfg = Debug|Any CPU
		{F245F76E-F532-4A1B-BA2E-43493F441711}.WinDev|Any CPU.Build.0 = Debug|Any CPU
		{F245F76E-F532-4A1B-BA2E-43493F441711}.WinDev|ARM.ActiveCfg = Debug|Any CPU
		{F245F76E-F532-4A1B-BA2E-43493F441711}.WinDev|ARM.Build.0 = Debug|Any CPU
		{F245F76E-F532-4A1B-BA2E-43493F441711}.WinDev|iPhone.ActiveCfg = Debug|Any CPU
		{F245F76E-F532-4A1B-BA2E-43493F441711}.WinDev|iPhone.Build.0 = Debug|Any CPU
		{F245F76E-F532-4A1B-BA2E-43493F441711}.WinDev|iPhoneSimulator.ActiveCfg = Debug|Any CPU
		{F245F76E-F532-4A1B-BA2E-43493F441711}.WinDev|iPhoneSimulator.Build.0 = Debug|Any CPU
		{F245F76E-F532-4A1B-BA2E-43493F441711}.WinDev|x64.ActiveCfg = Debug|Any CPU
		{F245F76E-F532-4A1B-BA2E-43493F441711}.WinDev|x64.Build.0 = Debug|Any CPU
		{F245F76E-F532-4A1B-BA2E-43493F441711}.WinDev|x86.ActiveCfg = Debug|Any CPU
		{F245F76E-F532-4A1B-BA2E-43493F441711}.WinDev|x86.Build.0 = Debug|Any CPU
		{F245F76E-F532-4A1B-BA2E-43493F441711}.Yavsc|Any CPU.ActiveCfg = Debug|Any CPU
		{F245F76E-F532-4A1B-BA2E-43493F441711}.Yavsc|Any CPU.Build.0 = Debug|Any CPU
		{F245F76E-F532-4A1B-BA2E-43493F441711}.Yavsc|ARM.ActiveCfg = Debug|Any CPU
		{F245F76E-F532-4A1B-BA2E-43493F441711}.Yavsc|ARM.Build.0 = Debug|Any CPU
		{F245F76E-F532-4A1B-BA2E-43493F441711}.Yavsc|iPhone.ActiveCfg = Debug|Any CPU
		{F245F76E-F532-4A1B-BA2E-43493F441711}.Yavsc|iPhone.Build.0 = Debug|Any CPU
		{F245F76E-F532-4A1B-BA2E-43493F441711}.Yavsc|iPhoneSimulator.ActiveCfg = Debug|Any CPU
		{F245F76E-F532-4A1B-BA2E-43493F441711}.Yavsc|iPhoneSimulator.Build.0 = Debug|Any CPU
		{F245F76E-F532-4A1B-BA2E-43493F441711}.Yavsc|x64.ActiveCfg = Debug|Any CPU
		{F245F76E-F532-4A1B-BA2E-43493F441711}.Yavsc|x64.Build.0 = Debug|Any CPU
		{F245F76E-F532-4A1B-BA2E-43493F441711}.Yavsc|x86.ActiveCfg = Debug|Any CPU
		{F245F76E-F532-4A1B-BA2E-43493F441711}.Yavsc|x86.Build.0 = Debug|Any CPU
		{F245F76E-F532-4A1B-BA2E-43493F441711}.ZicMoove|Any CPU.ActiveCfg = Debug|Any CPU
		{F245F76E-F532-4A1B-BA2E-43493F441711}.ZicMoove|Any CPU.Build.0 = Debug|Any CPU
		{F245F76E-F532-4A1B-BA2E-43493F441711}.ZicMoove|ARM.ActiveCfg = Debug|Any CPU
		{F245F76E-F532-4A1B-BA2E-43493F441711}.ZicMoove|ARM.Build.0 = Debug|Any CPU
		{F245F76E-F532-4A1B-BA2E-43493F441711}.ZicMoove|iPhone.ActiveCfg = Debug|Any CPU
		{F245F76E-F532-4A1B-BA2E-43493F441711}.ZicMoove|iPhone.Build.0 = Debug|Any CPU
		{F245F76E-F532-4A1B-BA2E-43493F441711}.ZicMoove|iPhoneSimulator.ActiveCfg = Debug|Any CPU
		{F245F76E-F532-4A1B-BA2E-43493F441711}.ZicMoove|iPhoneSimulator.Build.0 = Debug|Any CPU
		{F245F76E-F532-4A1B-BA2E-43493F441711}.ZicMoove|x64.ActiveCfg = Debug|Any CPU
		{F245F76E-F532-4A1B-BA2E-43493F441711}.ZicMoove|x64.Build.0 = Debug|Any CPU
		{F245F76E-F532-4A1B-BA2E-43493F441711}.ZicMoove|x86.ActiveCfg = Debug|Any CPU
		{F245F76E-F532-4A1B-BA2E-43493F441711}.ZicMoove|x86.Build.0 = Debug|Any CPU
	EndGlobalSection
	GlobalSection(SolutionProperties) = preSolution
		HideSolutionNode = FALSE
	EndGlobalSection
EndGlobal
