
Microsoft Visual Studio Solution File, Format Version 12.00
# Visual Studio 14
VisualStudioVersion = 14.0.25420.1
MinimumVisualStudioVersion = 10.0.40219.1
Project("{FAE04EC0-301F-11D3-BF4B-00C04F79EFBC}") = "ZicMoove.Droid", "ZicMoove\ZicMoove.Droid\ZicMoove.Droid.csproj", "{2A8C2BD7-B1B6-4D74-A3FC-3F5DB3BE325E}"
EndProject
Project("{FAE04EC0-301F-11D3-BF4B-00C04F79EFBC}") = "ZicMoove.iOS", "ZicMoove\ZicMoove.iOS\ZicMoove.iOS.csproj", "{B1F4A89B-DD33-4E4B-A98A-FB0308B573D3}"
EndProject
Project("{FAE04EC0-301F-11D3-BF4B-00C04F79EFBC}") = "ZicMoove", "ZicMoove\ZicMoove\ZicMoove.csproj", "{A0815650-0A0A-47B0-8826-771F0E1AD137}"
EndProject
Project("{FAE04EC0-301F-11D3-BF4B-00C04F79EFBC}") = "YavscLib", "YavscLib\YavscLib.csproj", "{67F9D3A8-F71E-4428-913F-C37AE82CDB24}"
EndProject
Global
	GlobalSection(SolutionConfigurationPlatforms) = preSolution
		Ad-Hoc|Any CPU = Ad-Hoc|Any CPU
		Ad-Hoc|ARM = Ad-Hoc|ARM
		Ad-Hoc|iPhone = Ad-Hoc|iPhone
		Ad-Hoc|iPhoneSimulator = Ad-Hoc|iPhoneSimulator
		Ad-Hoc|x64 = Ad-Hoc|x64
		Ad-Hoc|x86 = Ad-Hoc|x86
		AppStore|Any CPU = AppStore|Any CPU
		AppStore|ARM = AppStore|ARM
		AppStore|iPhone = AppStore|iPhone
		AppStore|iPhoneSimulator = AppStore|iPhoneSimulator
		AppStore|x64 = AppStore|x64
		AppStore|x86 = AppStore|x86
		Debug|Any CPU = Debug|Any CPU
		Debug|ARM = Debug|ARM
		Debug|iPhone = Debug|iPhone
		Debug|iPhoneSimulator = Debug|iPhoneSimulator
		Debug|x64 = Debug|x64
		Debug|x86 = Debug|x86
		Lua|Any CPU = Lua|Any CPU
		Lua|ARM = Lua|ARM
		Lua|iPhone = Lua|iPhone
		Lua|iPhoneSimulator = Lua|iPhoneSimulator
		Lua|x64 = Lua|x64
		Lua|x86 = Lua|x86
		Release|Any CPU = Release|Any CPU
		Release|ARM = Release|ARM
		Release|iPhone = Release|iPhone
		Release|iPhoneSimulator = Release|iPhoneSimulator
		Release|x64 = Release|x64
		Release|x86 = Release|x86
		WinDev|Any CPU = WinDev|Any CPU
		WinDev|ARM = WinDev|ARM
		WinDev|iPhone = WinDev|iPhone
		WinDev|iPhoneSimulator = WinDev|iPhoneSimulator
		WinDev|x64 = WinDev|x64
		WinDev|x86 = WinDev|x86
		Yavsc|Any CPU = Yavsc|Any CPU
		Yavsc|ARM = Yavsc|ARM
		Yavsc|iPhone = Yavsc|iPhone
		Yavsc|iPhoneSimulator = Yavsc|iPhoneSimulator
		Yavsc|x64 = Yavsc|x64
		Yavsc|x86 = Yavsc|x86
		ZicMoove|Any CPU = ZicMoove|Any CPU
		ZicMoove|ARM = ZicMoove|ARM
		ZicMoove|iPhone = ZicMoove|iPhone
		ZicMoove|iPhoneSimulator = ZicMoove|iPhoneSimulator
		ZicMoove|x64 = ZicMoove|x64
		ZicMoove|x86 = ZicMoove|x86
	EndGlobalSection
	GlobalSection(ProjectConfigurationPlatforms) = postSolution
		{2A8C2BD7-B1B6-4D74-A3FC-3F5DB3BE325E}.Ad-Hoc|Any CPU.ActiveCfg = Release|Any CPU
		{2A8C2BD7-B1B6-4D74-A3FC-3F5DB3BE325E}.Ad-Hoc|Any CPU.Build.0 = Release|Any CPU
		{2A8C2BD7-B1B6-4D74-A3FC-3F5DB3BE325E}.Ad-Hoc|Any CPU.Deploy.0 = Release|Any CPU
		{2A8C2BD7-B1B6-4D74-A3FC-3F5DB3BE325E}.Ad-Hoc|ARM.ActiveCfg = Release|Any CPU
		{2A8C2BD7-B1B6-4D74-A3FC-3F5DB3BE325E}.Ad-Hoc|ARM.Build.0 = Release|Any CPU
		{2A8C2BD7-B1B6-4D74-A3FC-3F5DB3BE325E}.Ad-Hoc|ARM.Deploy.0 = Release|Any CPU
		{2A8C2BD7-B1B6-4D74-A3FC-3F5DB3BE325E}.Ad-Hoc|iPhone.ActiveCfg = Release|Any CPU
		{2A8C2BD7-B1B6-4D74-A3FC-3F5DB3BE325E}.Ad-Hoc|iPhone.Build.0 = Release|Any CPU
		{2A8C2BD7-B1B6-4D74-A3FC-3F5DB3BE325E}.Ad-Hoc|iPhone.Deploy.0 = Release|Any CPU
		{2A8C2BD7-B1B6-4D74-A3FC-3F5DB3BE325E}.Ad-Hoc|iPhoneSimulator.ActiveCfg = Release|Any CPU
		{2A8C2BD7-B1B6-4D74-A3FC-3F5DB3BE325E}.Ad-Hoc|iPhoneSimulator.Build.0 = Release|Any CPU
		{2A8C2BD7-B1B6-4D74-A3FC-3F5DB3BE325E}.Ad-Hoc|iPhoneSimulator.Deploy.0 = Release|Any CPU
		{2A8C2BD7-B1B6-4D74-A3FC-3F5DB3BE325E}.Ad-Hoc|x64.ActiveCfg = Release|Any CPU
		{2A8C2BD7-B1B6-4D74-A3FC-3F5DB3BE325E}.Ad-Hoc|x64.Build.0 = Release|Any CPU
		{2A8C2BD7-B1B6-4D74-A3FC-3F5DB3BE325E}.Ad-Hoc|x64.Deploy.0 = Release|Any CPU
		{2A8C2BD7-B1B6-4D74-A3FC-3F5DB3BE325E}.Ad-Hoc|x86.ActiveCfg = Release|Any CPU
		{2A8C2BD7-B1B6-4D74-A3FC-3F5DB3BE325E}.Ad-Hoc|x86.Build.0 = Release|Any CPU
		{2A8C2BD7-B1B6-4D74-A3FC-3F5DB3BE325E}.Ad-Hoc|x86.Deploy.0 = Release|Any CPU
		{2A8C2BD7-B1B6-4D74-A3FC-3F5DB3BE325E}.AppStore|Any CPU.ActiveCfg = Release|Any CPU
		{2A8C2BD7-B1B6-4D74-A3FC-3F5DB3BE325E}.AppStore|Any CPU.Build.0 = Release|Any CPU
		{2A8C2BD7-B1B6-4D74-A3FC-3F5DB3BE325E}.AppStore|Any CPU.Deploy.0 = Release|Any CPU
		{2A8C2BD7-B1B6-4D74-A3FC-3F5DB3BE325E}.AppStore|ARM.ActiveCfg = Release|Any CPU
		{2A8C2BD7-B1B6-4D74-A3FC-3F5DB3BE325E}.AppStore|ARM.Build.0 = Release|Any CPU
		{2A8C2BD7-B1B6-4D74-A3FC-3F5DB3BE325E}.AppStore|ARM.Deploy.0 = Release|Any CPU
		{2A8C2BD7-B1B6-4D74-A3FC-3F5DB3BE325E}.AppStore|iPhone.ActiveCfg = Release|Any CPU
		{2A8C2BD7-B1B6-4D74-A3FC-3F5DB3BE325E}.AppStore|iPhone.Build.0 = Release|Any CPU
		{2A8C2BD7-B1B6-4D74-A3FC-3F5DB3BE325E}.AppStore|iPhone.Deploy.0 = Release|Any CPU
		{2A8C2BD7-B1B6-4D74-A3FC-3F5DB3BE325E}.AppStore|iPhoneSimulator.ActiveCfg = Release|Any CPU
		{2A8C2BD7-B1B6-4D74-A3FC-3F5DB3BE325E}.AppStore|iPhoneSimulator.Build.0 = Release|Any CPU
		{2A8C2BD7-B1B6-4D74-A3FC-3F5DB3BE325E}.AppStore|iPhoneSimulator.Deploy.0 = Release|Any CPU
		{2A8C2BD7-B1B6-4D74-A3FC-3F5DB3BE325E}.AppStore|x64.ActiveCfg = Release|Any CPU
		{2A8C2BD7-B1B6-4D74-A3FC-3F5DB3BE325E}.AppStore|x64.Build.0 = Release|Any CPU
		{2A8C2BD7-B1B6-4D74-A3FC-3F5DB3BE325E}.AppStore|x64.Deploy.0 = Release|Any CPU
		{2A8C2BD7-B1B6-4D74-A3FC-3F5DB3BE325E}.AppStore|x86.ActiveCfg = Release|Any CPU
		{2A8C2BD7-B1B6-4D74-A3FC-3F5DB3BE325E}.AppStore|x86.Build.0 = Release|Any CPU
		{2A8C2BD7-B1B6-4D74-A3FC-3F5DB3BE325E}.AppStore|x86.Deploy.0 = Release|Any CPU
		{2A8C2BD7-B1B6-4D74-A3FC-3F5DB3BE325E}.Debug|Any CPU.ActiveCfg = Debug|Any CPU
		{2A8C2BD7-B1B6-4D74-A3FC-3F5DB3BE325E}.Debug|Any CPU.Build.0 = Debug|Any CPU
		{2A8C2BD7-B1B6-4D74-A3FC-3F5DB3BE325E}.Debug|Any CPU.Deploy.0 = Debug|Any CPU
		{2A8C2BD7-B1B6-4D74-A3FC-3F5DB3BE325E}.Debug|ARM.ActiveCfg = Debug|Any CPU
		{2A8C2BD7-B1B6-4D74-A3FC-3F5DB3BE325E}.Debug|ARM.Build.0 = Debug|Any CPU
		{2A8C2BD7-B1B6-4D74-A3FC-3F5DB3BE325E}.Debug|ARM.Deploy.0 = Debug|Any CPU
		{2A8C2BD7-B1B6-4D74-A3FC-3F5DB3BE325E}.Debug|iPhone.ActiveCfg = Debug|Any CPU
		{2A8C2BD7-B1B6-4D74-A3FC-3F5DB3BE325E}.Debug|iPhone.Build.0 = Debug|Any CPU
		{2A8C2BD7-B1B6-4D74-A3FC-3F5DB3BE325E}.Debug|iPhone.Deploy.0 = Debug|Any CPU
		{2A8C2BD7-B1B6-4D74-A3FC-3F5DB3BE325E}.Debug|iPhoneSimulator.ActiveCfg = Debug|Any CPU
		{2A8C2BD7-B1B6-4D74-A3FC-3F5DB3BE325E}.Debug|iPhoneSimulator.Build.0 = Debug|Any CPU
		{2A8C2BD7-B1B6-4D74-A3FC-3F5DB3BE325E}.Debug|iPhoneSimulator.Deploy.0 = Debug|Any CPU
		{2A8C2BD7-B1B6-4D74-A3FC-3F5DB3BE325E}.Debug|x64.ActiveCfg = Debug|Any CPU
		{2A8C2BD7-B1B6-4D74-A3FC-3F5DB3BE325E}.Debug|x64.Build.0 = Debug|Any CPU
		{2A8C2BD7-B1B6-4D74-A3FC-3F5DB3BE325E}.Debug|x64.Deploy.0 = Debug|Any CPU
		{2A8C2BD7-B1B6-4D74-A3FC-3F5DB3BE325E}.Debug|x86.ActiveCfg = Debug|Any CPU
		{2A8C2BD7-B1B6-4D74-A3FC-3F5DB3BE325E}.Debug|x86.Build.0 = Debug|Any CPU
		{2A8C2BD7-B1B6-4D74-A3FC-3F5DB3BE325E}.Debug|x86.Deploy.0 = Debug|Any CPU
		{2A8C2BD7-B1B6-4D74-A3FC-3F5DB3BE325E}.Lua|Any CPU.ActiveCfg = Lua|Any CPU
		{2A8C2BD7-B1B6-4D74-A3FC-3F5DB3BE325E}.Lua|Any CPU.Build.0 = Lua|Any CPU
		{2A8C2BD7-B1B6-4D74-A3FC-3F5DB3BE325E}.Lua|Any CPU.Deploy.0 = Lua|Any CPU
		{2A8C2BD7-B1B6-4D74-A3FC-3F5DB3BE325E}.Lua|ARM.ActiveCfg = Lua|Any CPU
		{2A8C2BD7-B1B6-4D74-A3FC-3F5DB3BE325E}.Lua|ARM.Build.0 = Lua|Any CPU
		{2A8C2BD7-B1B6-4D74-A3FC-3F5DB3BE325E}.Lua|ARM.Deploy.0 = Lua|Any CPU
		{2A8C2BD7-B1B6-4D74-A3FC-3F5DB3BE325E}.Lua|iPhone.ActiveCfg = Lua|Any CPU
		{2A8C2BD7-B1B6-4D74-A3FC-3F5DB3BE325E}.Lua|iPhone.Build.0 = Lua|Any CPU
		{2A8C2BD7-B1B6-4D74-A3FC-3F5DB3BE325E}.Lua|iPhone.Deploy.0 = Lua|Any CPU
		{2A8C2BD7-B1B6-4D74-A3FC-3F5DB3BE325E}.Lua|iPhoneSimulator.ActiveCfg = Lua|Any CPU
		{2A8C2BD7-B1B6-4D74-A3FC-3F5DB3BE325E}.Lua|iPhoneSimulator.Build.0 = Lua|Any CPU
		{2A8C2BD7-B1B6-4D74-A3FC-3F5DB3BE325E}.Lua|iPhoneSimulator.Deploy.0 = Lua|Any CPU
		{2A8C2BD7-B1B6-4D74-A3FC-3F5DB3BE325E}.Lua|x64.ActiveCfg = Lua|Any CPU
		{2A8C2BD7-B1B6-4D74-A3FC-3F5DB3BE325E}.Lua|x64.Build.0 = Lua|Any CPU
		{2A8C2BD7-B1B6-4D74-A3FC-3F5DB3BE325E}.Lua|x64.Deploy.0 = Lua|Any CPU
		{2A8C2BD7-B1B6-4D74-A3FC-3F5DB3BE325E}.Lua|x86.ActiveCfg = Lua|Any CPU
		{2A8C2BD7-B1B6-4D74-A3FC-3F5DB3BE325E}.Lua|x86.Build.0 = Lua|Any CPU
		{2A8C2BD7-B1B6-4D74-A3FC-3F5DB3BE325E}.Lua|x86.Deploy.0 = Lua|Any CPU
		{2A8C2BD7-B1B6-4D74-A3FC-3F5DB3BE325E}.Release|Any CPU.ActiveCfg = Release|Any CPU
		{2A8C2BD7-B1B6-4D74-A3FC-3F5DB3BE325E}.Release|Any CPU.Build.0 = Release|Any CPU
		{2A8C2BD7-B1B6-4D74-A3FC-3F5DB3BE325E}.Release|Any CPU.Deploy.0 = Release|Any CPU
		{2A8C2BD7-B1B6-4D74-A3FC-3F5DB3BE325E}.Release|ARM.ActiveCfg = Release|Any CPU
		{2A8C2BD7-B1B6-4D74-A3FC-3F5DB3BE325E}.Release|ARM.Build.0 = Release|Any CPU
		{2A8C2BD7-B1B6-4D74-A3FC-3F5DB3BE325E}.Release|ARM.Deploy.0 = Release|Any CPU
		{2A8C2BD7-B1B6-4D74-A3FC-3F5DB3BE325E}.Release|iPhone.ActiveCfg = Release|Any CPU
		{2A8C2BD7-B1B6-4D74-A3FC-3F5DB3BE325E}.Release|iPhone.Build.0 = Release|Any CPU
		{2A8C2BD7-B1B6-4D74-A3FC-3F5DB3BE325E}.Release|iPhone.Deploy.0 = Release|Any CPU
		{2A8C2BD7-B1B6-4D74-A3FC-3F5DB3BE325E}.Release|iPhoneSimulator.ActiveCfg = Release|Any CPU
		{2A8C2BD7-B1B6-4D74-A3FC-3F5DB3BE325E}.Release|iPhoneSimulator.Build.0 = Release|Any CPU
		{2A8C2BD7-B1B6-4D74-A3FC-3F5DB3BE325E}.Release|iPhoneSimulator.Deploy.0 = Release|Any CPU
		{2A8C2BD7-B1B6-4D74-A3FC-3F5DB3BE325E}.Release|x64.ActiveCfg = Release|Any CPU
		{2A8C2BD7-B1B6-4D74-A3FC-3F5DB3BE325E}.Release|x64.Build.0 = Release|Any CPU
		{2A8C2BD7-B1B6-4D74-A3FC-3F5DB3BE325E}.Release|x64.Deploy.0 = Release|Any CPU
		{2A8C2BD7-B1B6-4D74-A3FC-3F5DB3BE325E}.Release|x86.ActiveCfg = Release|Any CPU
		{2A8C2BD7-B1B6-4D74-A3FC-3F5DB3BE325E}.Release|x86.Build.0 = Release|Any CPU
		{2A8C2BD7-B1B6-4D74-A3FC-3F5DB3BE325E}.Release|x86.Deploy.0 = Release|Any CPU
		{2A8C2BD7-B1B6-4D74-A3FC-3F5DB3BE325E}.WinDev|Any CPU.ActiveCfg = WinDev|Any CPU
		{2A8C2BD7-B1B6-4D74-A3FC-3F5DB3BE325E}.WinDev|Any CPU.Build.0 = WinDev|Any CPU
		{2A8C2BD7-B1B6-4D74-A3FC-3F5DB3BE325E}.WinDev|Any CPU.Deploy.0 = WinDev|Any CPU
		{2A8C2BD7-B1B6-4D74-A3FC-3F5DB3BE325E}.WinDev|ARM.ActiveCfg = WinDev|Any CPU
		{2A8C2BD7-B1B6-4D74-A3FC-3F5DB3BE325E}.WinDev|ARM.Build.0 = WinDev|Any CPU
		{2A8C2BD7-B1B6-4D74-A3FC-3F5DB3BE325E}.WinDev|ARM.Deploy.0 = WinDev|Any CPU
		{2A8C2BD7-B1B6-4D74-A3FC-3F5DB3BE325E}.WinDev|iPhone.ActiveCfg = WinDev|Any CPU
		{2A8C2BD7-B1B6-4D74-A3FC-3F5DB3BE325E}.WinDev|iPhone.Build.0 = WinDev|Any CPU
		{2A8C2BD7-B1B6-4D74-A3FC-3F5DB3BE325E}.WinDev|iPhone.Deploy.0 = WinDev|Any CPU
		{2A8C2BD7-B1B6-4D74-A3FC-3F5DB3BE325E}.WinDev|iPhoneSimulator.ActiveCfg = WinDev|Any CPU
		{2A8C2BD7-B1B6-4D74-A3FC-3F5DB3BE325E}.WinDev|iPhoneSimulator.Build.0 = WinDev|Any CPU
		{2A8C2BD7-B1B6-4D74-A3FC-3F5DB3BE325E}.WinDev|iPhoneSimulator.Deploy.0 = WinDev|Any CPU
		{2A8C2BD7-B1B6-4D74-A3FC-3F5DB3BE325E}.WinDev|x64.ActiveCfg = WinDev|Any CPU
		{2A8C2BD7-B1B6-4D74-A3FC-3F5DB3BE325E}.WinDev|x64.Build.0 = WinDev|Any CPU
		{2A8C2BD7-B1B6-4D74-A3FC-3F5DB3BE325E}.WinDev|x64.Deploy.0 = WinDev|Any CPU
		{2A8C2BD7-B1B6-4D74-A3FC-3F5DB3BE325E}.WinDev|x86.ActiveCfg = WinDev|Any CPU
		{2A8C2BD7-B1B6-4D74-A3FC-3F5DB3BE325E}.WinDev|x86.Build.0 = WinDev|Any CPU
		{2A8C2BD7-B1B6-4D74-A3FC-3F5DB3BE325E}.WinDev|x86.Deploy.0 = WinDev|Any CPU
		{2A8C2BD7-B1B6-4D74-A3FC-3F5DB3BE325E}.Yavsc|Any CPU.ActiveCfg = Yavsc|Any CPU
		{2A8C2BD7-B1B6-4D74-A3FC-3F5DB3BE325E}.Yavsc|Any CPU.Build.0 = Yavsc|Any CPU
		{2A8C2BD7-B1B6-4D74-A3FC-3F5DB3BE325E}.Yavsc|Any CPU.Deploy.0 = Yavsc|Any CPU
		{2A8C2BD7-B1B6-4D74-A3FC-3F5DB3BE325E}.Yavsc|ARM.ActiveCfg = Yavsc|Any CPU
		{2A8C2BD7-B1B6-4D74-A3FC-3F5DB3BE325E}.Yavsc|ARM.Build.0 = Yavsc|Any CPU
		{2A8C2BD7-B1B6-4D74-A3FC-3F5DB3BE325E}.Yavsc|ARM.Deploy.0 = Yavsc|Any CPU
		{2A8C2BD7-B1B6-4D74-A3FC-3F5DB3BE325E}.Yavsc|iPhone.ActiveCfg = Yavsc|Any CPU
		{2A8C2BD7-B1B6-4D74-A3FC-3F5DB3BE325E}.Yavsc|iPhone.Build.0 = Yavsc|Any CPU
		{2A8C2BD7-B1B6-4D74-A3FC-3F5DB3BE325E}.Yavsc|iPhone.Deploy.0 = Yavsc|Any CPU
		{2A8C2BD7-B1B6-4D74-A3FC-3F5DB3BE325E}.Yavsc|iPhoneSimulator.ActiveCfg = Yavsc|Any CPU
		{2A8C2BD7-B1B6-4D74-A3FC-3F5DB3BE325E}.Yavsc|iPhoneSimulator.Build.0 = Yavsc|Any CPU
		{2A8C2BD7-B1B6-4D74-A3FC-3F5DB3BE325E}.Yavsc|iPhoneSimulator.Deploy.0 = Yavsc|Any CPU
		{2A8C2BD7-B1B6-4D74-A3FC-3F5DB3BE325E}.Yavsc|x64.ActiveCfg = Yavsc|Any CPU
		{2A8C2BD7-B1B6-4D74-A3FC-3F5DB3BE325E}.Yavsc|x64.Build.0 = Yavsc|Any CPU
		{2A8C2BD7-B1B6-4D74-A3FC-3F5DB3BE325E}.Yavsc|x64.Deploy.0 = Yavsc|Any CPU
		{2A8C2BD7-B1B6-4D74-A3FC-3F5DB3BE325E}.Yavsc|x86.ActiveCfg = Yavsc|Any CPU
		{2A8C2BD7-B1B6-4D74-A3FC-3F5DB3BE325E}.Yavsc|x86.Build.0 = Yavsc|Any CPU
		{2A8C2BD7-B1B6-4D74-A3FC-3F5DB3BE325E}.Yavsc|x86.Deploy.0 = Yavsc|Any CPU
		{2A8C2BD7-B1B6-4D74-A3FC-3F5DB3BE325E}.ZicMoove|Any CPU.ActiveCfg = ZicMoove|Any CPU
		{2A8C2BD7-B1B6-4D74-A3FC-3F5DB3BE325E}.ZicMoove|Any CPU.Build.0 = ZicMoove|Any CPU
		{2A8C2BD7-B1B6-4D74-A3FC-3F5DB3BE325E}.ZicMoove|Any CPU.Deploy.0 = ZicMoove|Any CPU
		{2A8C2BD7-B1B6-4D74-A3FC-3F5DB3BE325E}.ZicMoove|ARM.ActiveCfg = ZicMoove|Any CPU
		{2A8C2BD7-B1B6-4D74-A3FC-3F5DB3BE325E}.ZicMoove|ARM.Build.0 = ZicMoove|Any CPU
		{2A8C2BD7-B1B6-4D74-A3FC-3F5DB3BE325E}.ZicMoove|ARM.Deploy.0 = ZicMoove|Any CPU
		{2A8C2BD7-B1B6-4D74-A3FC-3F5DB3BE325E}.ZicMoove|iPhone.ActiveCfg = ZicMoove|Any CPU
		{2A8C2BD7-B1B6-4D74-A3FC-3F5DB3BE325E}.ZicMoove|iPhone.Build.0 = ZicMoove|Any CPU
		{2A8C2BD7-B1B6-4D74-A3FC-3F5DB3BE325E}.ZicMoove|iPhone.Deploy.0 = ZicMoove|Any CPU
		{2A8C2BD7-B1B6-4D74-A3FC-3F5DB3BE325E}.ZicMoove|iPhoneSimulator.ActiveCfg = ZicMoove|Any CPU
		{2A8C2BD7-B1B6-4D74-A3FC-3F5DB3BE325E}.ZicMoove|iPhoneSimulator.Build.0 = ZicMoove|Any CPU
		{2A8C2BD7-B1B6-4D74-A3FC-3F5DB3BE325E}.ZicMoove|iPhoneSimulator.Deploy.0 = ZicMoove|Any CPU
		{2A8C2BD7-B1B6-4D74-A3FC-3F5DB3BE325E}.ZicMoove|x64.ActiveCfg = ZicMoove|Any CPU
		{2A8C2BD7-B1B6-4D74-A3FC-3F5DB3BE325E}.ZicMoove|x64.Build.0 = ZicMoove|Any CPU
		{2A8C2BD7-B1B6-4D74-A3FC-3F5DB3BE325E}.ZicMoove|x64.Deploy.0 = ZicMoove|Any CPU
		{2A8C2BD7-B1B6-4D74-A3FC-3F5DB3BE325E}.ZicMoove|x86.ActiveCfg = ZicMoove|Any CPU
		{2A8C2BD7-B1B6-4D74-A3FC-3F5DB3BE325E}.ZicMoove|x86.Build.0 = ZicMoove|Any CPU
		{2A8C2BD7-B1B6-4D74-A3FC-3F5DB3BE325E}.ZicMoove|x86.Deploy.0 = ZicMoove|Any CPU
		{B1F4A89B-DD33-4E4B-A98A-FB0308B573D3}.Ad-Hoc|Any CPU.ActiveCfg = Ad-Hoc|iPhone
		{B1F4A89B-DD33-4E4B-A98A-FB0308B573D3}.Ad-Hoc|ARM.ActiveCfg = Ad-Hoc|iPhone
		{B1F4A89B-DD33-4E4B-A98A-FB0308B573D3}.Ad-Hoc|iPhone.ActiveCfg = Ad-Hoc|iPhone
		{B1F4A89B-DD33-4E4B-A98A-FB0308B573D3}.Ad-Hoc|iPhone.Build.0 = Ad-Hoc|iPhone
		{B1F4A89B-DD33-4E4B-A98A-FB0308B573D3}.Ad-Hoc|iPhoneSimulator.ActiveCfg = Ad-Hoc|iPhoneSimulator
		{B1F4A89B-DD33-4E4B-A98A-FB0308B573D3}.Ad-Hoc|iPhoneSimulator.Build.0 = Ad-Hoc|iPhoneSimulator
		{B1F4A89B-DD33-4E4B-A98A-FB0308B573D3}.Ad-Hoc|x64.ActiveCfg = Ad-Hoc|iPhone
		{B1F4A89B-DD33-4E4B-A98A-FB0308B573D3}.Ad-Hoc|x86.ActiveCfg = Ad-Hoc|iPhone
		{B1F4A89B-DD33-4E4B-A98A-FB0308B573D3}.AppStore|Any CPU.ActiveCfg = AppStore|iPhone
		{B1F4A89B-DD33-4E4B-A98A-FB0308B573D3}.AppStore|ARM.ActiveCfg = AppStore|iPhone
		{B1F4A89B-DD33-4E4B-A98A-FB0308B573D3}.AppStore|iPhone.ActiveCfg = AppStore|iPhone
		{B1F4A89B-DD33-4E4B-A98A-FB0308B573D3}.AppStore|iPhone.Build.0 = AppStore|iPhone
		{B1F4A89B-DD33-4E4B-A98A-FB0308B573D3}.AppStore|iPhoneSimulator.ActiveCfg = AppStore|iPhoneSimulator
		{B1F4A89B-DD33-4E4B-A98A-FB0308B573D3}.AppStore|iPhoneSimulator.Build.0 = AppStore|iPhoneSimulator
		{B1F4A89B-DD33-4E4B-A98A-FB0308B573D3}.AppStore|x64.ActiveCfg = AppStore|iPhone
		{B1F4A89B-DD33-4E4B-A98A-FB0308B573D3}.AppStore|x86.ActiveCfg = AppStore|iPhone
		{B1F4A89B-DD33-4E4B-A98A-FB0308B573D3}.Debug|Any CPU.ActiveCfg = Debug|iPhone
		{B1F4A89B-DD33-4E4B-A98A-FB0308B573D3}.Debug|ARM.ActiveCfg = Debug|iPhone
		{B1F4A89B-DD33-4E4B-A98A-FB0308B573D3}.Debug|iPhone.ActiveCfg = Debug|iPhone
		{B1F4A89B-DD33-4E4B-A98A-FB0308B573D3}.Debug|iPhone.Build.0 = Debug|iPhone
		{B1F4A89B-DD33-4E4B-A98A-FB0308B573D3}.Debug|iPhoneSimulator.ActiveCfg = Debug|iPhoneSimulator
		{B1F4A89B-DD33-4E4B-A98A-FB0308B573D3}.Debug|iPhoneSimulator.Build.0 = Debug|iPhoneSimulator
		{B1F4A89B-DD33-4E4B-A98A-FB0308B573D3}.Debug|x64.ActiveCfg = Debug|iPhone
		{B1F4A89B-DD33-4E4B-A98A-FB0308B573D3}.Debug|x86.ActiveCfg = Debug|iPhone
		{B1F4A89B-DD33-4E4B-A98A-FB0308B573D3}.Lua|Any CPU.ActiveCfg = Lua|iPhone
		{B1F4A89B-DD33-4E4B-A98A-FB0308B573D3}.Lua|ARM.ActiveCfg = Lua|iPhone
		{B1F4A89B-DD33-4E4B-A98A-FB0308B573D3}.Lua|iPhone.ActiveCfg = Lua|iPhone
		{B1F4A89B-DD33-4E4B-A98A-FB0308B573D3}.Lua|iPhoneSimulator.ActiveCfg = Lua|iPhoneSimulator
		{B1F4A89B-DD33-4E4B-A98A-FB0308B573D3}.Lua|x64.ActiveCfg = Lua|iPhone
		{B1F4A89B-DD33-4E4B-A98A-FB0308B573D3}.Lua|x86.ActiveCfg = Lua|iPhone
		{B1F4A89B-DD33-4E4B-A98A-FB0308B573D3}.Release|Any CPU.ActiveCfg = Release|iPhone
		{B1F4A89B-DD33-4E4B-A98A-FB0308B573D3}.Release|ARM.ActiveCfg = Release|iPhone
		{B1F4A89B-DD33-4E4B-A98A-FB0308B573D3}.Release|iPhone.ActiveCfg = Release|iPhone
		{B1F4A89B-DD33-4E4B-A98A-FB0308B573D3}.Release|iPhone.Build.0 = Release|iPhone
		{B1F4A89B-DD33-4E4B-A98A-FB0308B573D3}.Release|iPhoneSimulator.ActiveCfg = Release|iPhoneSimulator
		{B1F4A89B-DD33-4E4B-A98A-FB0308B573D3}.Release|iPhoneSimulator.Build.0 = Release|iPhoneSimulator
		{B1F4A89B-DD33-4E4B-A98A-FB0308B573D3}.Release|x64.ActiveCfg = Release|iPhone
		{B1F4A89B-DD33-4E4B-A98A-FB0308B573D3}.Release|x86.ActiveCfg = Release|iPhone
		{B1F4A89B-DD33-4E4B-A98A-FB0308B573D3}.WinDev|Any CPU.ActiveCfg = WinDev|iPhone
		{B1F4A89B-DD33-4E4B-A98A-FB0308B573D3}.WinDev|ARM.ActiveCfg = WinDev|iPhone
		{B1F4A89B-DD33-4E4B-A98A-FB0308B573D3}.WinDev|iPhone.ActiveCfg = WinDev|iPhone
		{B1F4A89B-DD33-4E4B-A98A-FB0308B573D3}.WinDev|iPhoneSimulator.ActiveCfg = WinDev|iPhoneSimulator
		{B1F4A89B-DD33-4E4B-A98A-FB0308B573D3}.WinDev|x64.ActiveCfg = WinDev|iPhone
		{B1F4A89B-DD33-4E4B-A98A-FB0308B573D3}.WinDev|x86.ActiveCfg = WinDev|iPhone
		{B1F4A89B-DD33-4E4B-A98A-FB0308B573D3}.Yavsc|Any CPU.ActiveCfg = Yavsc|iPhone
		{B1F4A89B-DD33-4E4B-A98A-FB0308B573D3}.Yavsc|ARM.ActiveCfg = Yavsc|iPhone
		{B1F4A89B-DD33-4E4B-A98A-FB0308B573D3}.Yavsc|iPhone.ActiveCfg = Yavsc|iPhone
		{B1F4A89B-DD33-4E4B-A98A-FB0308B573D3}.Yavsc|iPhoneSimulator.ActiveCfg = Yavsc|iPhoneSimulator
		{B1F4A89B-DD33-4E4B-A98A-FB0308B573D3}.Yavsc|x64.ActiveCfg = Yavsc|iPhone
		{B1F4A89B-DD33-4E4B-A98A-FB0308B573D3}.Yavsc|x86.ActiveCfg = Yavsc|iPhone
		{B1F4A89B-DD33-4E4B-A98A-FB0308B573D3}.ZicMoove|Any CPU.ActiveCfg = ZicMoove|iPhone
		{B1F4A89B-DD33-4E4B-A98A-FB0308B573D3}.ZicMoove|ARM.ActiveCfg = ZicMoove|iPhone
		{B1F4A89B-DD33-4E4B-A98A-FB0308B573D3}.ZicMoove|iPhone.ActiveCfg = ZicMoove|iPhone
		{B1F4A89B-DD33-4E4B-A98A-FB0308B573D3}.ZicMoove|iPhoneSimulator.ActiveCfg = ZicMoove|iPhoneSimulator
		{B1F4A89B-DD33-4E4B-A98A-FB0308B573D3}.ZicMoove|x64.ActiveCfg = ZicMoove|iPhone
		{B1F4A89B-DD33-4E4B-A98A-FB0308B573D3}.ZicMoove|x86.ActiveCfg = ZicMoove|iPhone
		{A0815650-0A0A-47B0-8826-771F0E1AD137}.Ad-Hoc|Any CPU.ActiveCfg = Release|Any CPU
		{A0815650-0A0A-47B0-8826-771F0E1AD137}.Ad-Hoc|Any CPU.Build.0 = Release|Any CPU
		{A0815650-0A0A-47B0-8826-771F0E1AD137}.Ad-Hoc|ARM.ActiveCfg = Release|Any CPU
		{A0815650-0A0A-47B0-8826-771F0E1AD137}.Ad-Hoc|ARM.Build.0 = Release|Any CPU
		{A0815650-0A0A-47B0-8826-771F0E1AD137}.Ad-Hoc|iPhone.ActiveCfg = Release|Any CPU
		{A0815650-0A0A-47B0-8826-771F0E1AD137}.Ad-Hoc|iPhone.Build.0 = Release|Any CPU
		{A0815650-0A0A-47B0-8826-771F0E1AD137}.Ad-Hoc|iPhoneSimulator.ActiveCfg = Release|Any CPU
		{A0815650-0A0A-47B0-8826-771F0E1AD137}.Ad-Hoc|iPhoneSimulator.Build.0 = Release|Any CPU
		{A0815650-0A0A-47B0-8826-771F0E1AD137}.Ad-Hoc|x64.ActiveCfg = Release|Any CPU
		{A0815650-0A0A-47B0-8826-771F0E1AD137}.Ad-Hoc|x64.Build.0 = Release|Any CPU
		{A0815650-0A0A-47B0-8826-771F0E1AD137}.Ad-Hoc|x86.ActiveCfg = Release|Any CPU
		{A0815650-0A0A-47B0-8826-771F0E1AD137}.Ad-Hoc|x86.Build.0 = Release|Any CPU
		{A0815650-0A0A-47B0-8826-771F0E1AD137}.AppStore|Any CPU.ActiveCfg = Release|Any CPU
		{A0815650-0A0A-47B0-8826-771F0E1AD137}.AppStore|Any CPU.Build.0 = Release|Any CPU
		{A0815650-0A0A-47B0-8826-771F0E1AD137}.AppStore|ARM.ActiveCfg = Release|Any CPU
		{A0815650-0A0A-47B0-8826-771F0E1AD137}.AppStore|ARM.Build.0 = Release|Any CPU
		{A0815650-0A0A-47B0-8826-771F0E1AD137}.AppStore|iPhone.ActiveCfg = Release|Any CPU
		{A0815650-0A0A-47B0-8826-771F0E1AD137}.AppStore|iPhone.Build.0 = Release|Any CPU
		{A0815650-0A0A-47B0-8826-771F0E1AD137}.AppStore|iPhoneSimulator.ActiveCfg = Release|Any CPU
		{A0815650-0A0A-47B0-8826-771F0E1AD137}.AppStore|iPhoneSimulator.Build.0 = Release|Any CPU
		{A0815650-0A0A-47B0-8826-771F0E1AD137}.AppStore|x64.ActiveCfg = Release|Any CPU
		{A0815650-0A0A-47B0-8826-771F0E1AD137}.AppStore|x64.Build.0 = Release|Any CPU
		{A0815650-0A0A-47B0-8826-771F0E1AD137}.AppStore|x86.ActiveCfg = Release|Any CPU
		{A0815650-0A0A-47B0-8826-771F0E1AD137}.AppStore|x86.Build.0 = Release|Any CPU
		{A0815650-0A0A-47B0-8826-771F0E1AD137}.Debug|Any CPU.ActiveCfg = Debug|Any CPU
		{A0815650-0A0A-47B0-8826-771F0E1AD137}.Debug|Any CPU.Build.0 = Debug|Any CPU
		{A0815650-0A0A-47B0-8826-771F0E1AD137}.Debug|ARM.ActiveCfg = Debug|Any CPU
		{A0815650-0A0A-47B0-8826-771F0E1AD137}.Debug|ARM.Build.0 = Debug|Any CPU
		{A0815650-0A0A-47B0-8826-771F0E1AD137}.Debug|iPhone.ActiveCfg = Debug|Any CPU
		{A0815650-0A0A-47B0-8826-771F0E1AD137}.Debug|iPhone.Build.0 = Debug|Any CPU
		{A0815650-0A0A-47B0-8826-771F0E1AD137}.Debug|iPhoneSimulator.ActiveCfg = Debug|Any CPU
		{A0815650-0A0A-47B0-8826-771F0E1AD137}.Debug|iPhoneSimulator.Build.0 = Debug|Any CPU
		{A0815650-0A0A-47B0-8826-771F0E1AD137}.Debug|x64.ActiveCfg = Debug|Any CPU
		{A0815650-0A0A-47B0-8826-771F0E1AD137}.Debug|x64.Build.0 = Debug|Any CPU
		{A0815650-0A0A-47B0-8826-771F0E1AD137}.Debug|x86.ActiveCfg = Debug|Any CPU
		{A0815650-0A0A-47B0-8826-771F0E1AD137}.Debug|x86.Build.0 = Debug|Any CPU
		{A0815650-0A0A-47B0-8826-771F0E1AD137}.Lua|Any CPU.ActiveCfg = Lua|Any CPU
		{A0815650-0A0A-47B0-8826-771F0E1AD137}.Lua|Any CPU.Build.0 = Lua|Any CPU
		{A0815650-0A0A-47B0-8826-771F0E1AD137}.Lua|ARM.ActiveCfg = Lua|Any CPU
		{A0815650-0A0A-47B0-8826-771F0E1AD137}.Lua|ARM.Build.0 = Lua|Any CPU
		{A0815650-0A0A-47B0-8826-771F0E1AD137}.Lua|iPhone.ActiveCfg = Lua|Any CPU
		{A0815650-0A0A-47B0-8826-771F0E1AD137}.Lua|iPhone.Build.0 = Lua|Any CPU
		{A0815650-0A0A-47B0-8826-771F0E1AD137}.Lua|iPhoneSimulator.ActiveCfg = Lua|Any CPU
		{A0815650-0A0A-47B0-8826-771F0E1AD137}.Lua|iPhoneSimulator.Build.0 = Lua|Any CPU
		{A0815650-0A0A-47B0-8826-771F0E1AD137}.Lua|x64.ActiveCfg = Lua|Any CPU
		{A0815650-0A0A-47B0-8826-771F0E1AD137}.Lua|x64.Build.0 = Lua|Any CPU
		{A0815650-0A0A-47B0-8826-771F0E1AD137}.Lua|x86.ActiveCfg = Lua|Any CPU
		{A0815650-0A0A-47B0-8826-771F0E1AD137}.Lua|x86.Build.0 = Lua|Any CPU
		{A0815650-0A0A-47B0-8826-771F0E1AD137}.Release|Any CPU.ActiveCfg = Release|Any CPU
		{A0815650-0A0A-47B0-8826-771F0E1AD137}.Release|Any CPU.Build.0 = Release|Any CPU
		{A0815650-0A0A-47B0-8826-771F0E1AD137}.Release|ARM.ActiveCfg = Release|Any CPU
		{A0815650-0A0A-47B0-8826-771F0E1AD137}.Release|ARM.Build.0 = Release|Any CPU
		{A0815650-0A0A-47B0-8826-771F0E1AD137}.Release|iPhone.ActiveCfg = Release|Any CPU
		{A0815650-0A0A-47B0-8826-771F0E1AD137}.Release|iPhone.Build.0 = Release|Any CPU
		{A0815650-0A0A-47B0-8826-771F0E1AD137}.Release|iPhoneSimulator.ActiveCfg = Release|Any CPU
		{A0815650-0A0A-47B0-8826-771F0E1AD137}.Release|iPhoneSimulator.Build.0 = Release|Any CPU
		{A0815650-0A0A-47B0-8826-771F0E1AD137}.Release|x64.ActiveCfg = Release|Any CPU
		{A0815650-0A0A-47B0-8826-771F0E1AD137}.Release|x64.Build.0 = Release|Any CPU
		{A0815650-0A0A-47B0-8826-771F0E1AD137}.Release|x86.ActiveCfg = Release|Any CPU
		{A0815650-0A0A-47B0-8826-771F0E1AD137}.Release|x86.Build.0 = Release|Any CPU
		{A0815650-0A0A-47B0-8826-771F0E1AD137}.WinDev|Any CPU.ActiveCfg = WinDev|Any CPU
		{A0815650-0A0A-47B0-8826-771F0E1AD137}.WinDev|Any CPU.Build.0 = WinDev|Any CPU
		{A0815650-0A0A-47B0-8826-771F0E1AD137}.WinDev|ARM.ActiveCfg = WinDev|Any CPU
		{A0815650-0A0A-47B0-8826-771F0E1AD137}.WinDev|ARM.Build.0 = WinDev|Any CPU
		{A0815650-0A0A-47B0-8826-771F0E1AD137}.WinDev|iPhone.ActiveCfg = WinDev|Any CPU
		{A0815650-0A0A-47B0-8826-771F0E1AD137}.WinDev|iPhone.Build.0 = WinDev|Any CPU
		{A0815650-0A0A-47B0-8826-771F0E1AD137}.WinDev|iPhoneSimulator.ActiveCfg = WinDev|Any CPU
		{A0815650-0A0A-47B0-8826-771F0E1AD137}.WinDev|iPhoneSimulator.Build.0 = WinDev|Any CPU
		{A0815650-0A0A-47B0-8826-771F0E1AD137}.WinDev|x64.ActiveCfg = WinDev|Any CPU
		{A0815650-0A0A-47B0-8826-771F0E1AD137}.WinDev|x64.Build.0 = WinDev|Any CPU
		{A0815650-0A0A-47B0-8826-771F0E1AD137}.WinDev|x86.ActiveCfg = WinDev|Any CPU
		{A0815650-0A0A-47B0-8826-771F0E1AD137}.WinDev|x86.Build.0 = WinDev|Any CPU
		{A0815650-0A0A-47B0-8826-771F0E1AD137}.Yavsc|Any CPU.ActiveCfg = Yavsc|Any CPU
		{A0815650-0A0A-47B0-8826-771F0E1AD137}.Yavsc|Any CPU.Build.0 = Yavsc|Any CPU
		{A0815650-0A0A-47B0-8826-771F0E1AD137}.Yavsc|ARM.ActiveCfg = Yavsc|Any CPU
		{A0815650-0A0A-47B0-8826-771F0E1AD137}.Yavsc|ARM.Build.0 = Yavsc|Any CPU
		{A0815650-0A0A-47B0-8826-771F0E1AD137}.Yavsc|iPhone.ActiveCfg = Yavsc|Any CPU
		{A0815650-0A0A-47B0-8826-771F0E1AD137}.Yavsc|iPhone.Build.0 = Yavsc|Any CPU
		{A0815650-0A0A-47B0-8826-771F0E1AD137}.Yavsc|iPhoneSimulator.ActiveCfg = Yavsc|Any CPU
		{A0815650-0A0A-47B0-8826-771F0E1AD137}.Yavsc|iPhoneSimulator.Build.0 = Yavsc|Any CPU
		{A0815650-0A0A-47B0-8826-771F0E1AD137}.Yavsc|x64.ActiveCfg = Yavsc|Any CPU
		{A0815650-0A0A-47B0-8826-771F0E1AD137}.Yavsc|x64.Build.0 = Yavsc|Any CPU
		{A0815650-0A0A-47B0-8826-771F0E1AD137}.Yavsc|x86.ActiveCfg = Yavsc|Any CPU
		{A0815650-0A0A-47B0-8826-771F0E1AD137}.Yavsc|x86.Build.0 = Yavsc|Any CPU
		{A0815650-0A0A-47B0-8826-771F0E1AD137}.ZicMoove|Any CPU.ActiveCfg = ZicMoove|Any CPU
		{A0815650-0A0A-47B0-8826-771F0E1AD137}.ZicMoove|Any CPU.Build.0 = ZicMoove|Any CPU
		{A0815650-0A0A-47B0-8826-771F0E1AD137}.ZicMoove|ARM.ActiveCfg = ZicMoove|Any CPU
		{A0815650-0A0A-47B0-8826-771F0E1AD137}.ZicMoove|ARM.Build.0 = ZicMoove|Any CPU
		{A0815650-0A0A-47B0-8826-771F0E1AD137}.ZicMoove|iPhone.ActiveCfg = ZicMoove|Any CPU
		{A0815650-0A0A-47B0-8826-771F0E1AD137}.ZicMoove|iPhone.Build.0 = ZicMoove|Any CPU
		{A0815650-0A0A-47B0-8826-771F0E1AD137}.ZicMoove|iPhoneSimulator.ActiveCfg = ZicMoove|Any CPU
		{A0815650-0A0A-47B0-8826-771F0E1AD137}.ZicMoove|iPhoneSimulator.Build.0 = ZicMoove|Any CPU
		{A0815650-0A0A-47B0-8826-771F0E1AD137}.ZicMoove|x64.ActiveCfg = ZicMoove|Any CPU
		{A0815650-0A0A-47B0-8826-771F0E1AD137}.ZicMoove|x64.Build.0 = ZicMoove|Any CPU
		{A0815650-0A0A-47B0-8826-771F0E1AD137}.ZicMoove|x86.ActiveCfg = ZicMoove|Any CPU
		{A0815650-0A0A-47B0-8826-771F0E1AD137}.ZicMoove|x86.Build.0 = ZicMoove|Any CPU
		{67F9D3A8-F71E-4428-913F-C37AE82CDB24}.Ad-Hoc|Any CPU.ActiveCfg = Release|Any CPU
		{67F9D3A8-F71E-4428-913F-C37AE82CDB24}.Ad-Hoc|Any CPU.Build.0 = Release|Any CPU
		{67F9D3A8-F71E-4428-913F-C37AE82CDB24}.Ad-Hoc|ARM.ActiveCfg = Release|Any CPU
		{67F9D3A8-F71E-4428-913F-C37AE82CDB24}.Ad-Hoc|ARM.Build.0 = Release|Any CPU
		{67F9D3A8-F71E-4428-913F-C37AE82CDB24}.Ad-Hoc|iPhone.ActiveCfg = Release|Any CPU
		{67F9D3A8-F71E-4428-913F-C37AE82CDB24}.Ad-Hoc|iPhone.Build.0 = Release|Any CPU
		{67F9D3A8-F71E-4428-913F-C37AE82CDB24}.Ad-Hoc|iPhoneSimulator.ActiveCfg = Release|Any CPU
		{67F9D3A8-F71E-4428-913F-C37AE82CDB24}.Ad-Hoc|iPhoneSimulator.Build.0 = Release|Any CPU
		{67F9D3A8-F71E-4428-913F-C37AE82CDB24}.Ad-Hoc|x64.ActiveCfg = Release|Any CPU
		{67F9D3A8-F71E-4428-913F-C37AE82CDB24}.Ad-Hoc|x64.Build.0 = Release|Any CPU
		{67F9D3A8-F71E-4428-913F-C37AE82CDB24}.Ad-Hoc|x86.ActiveCfg = Release|Any CPU
		{67F9D3A8-F71E-4428-913F-C37AE82CDB24}.Ad-Hoc|x86.Build.0 = Release|Any CPU
		{67F9D3A8-F71E-4428-913F-C37AE82CDB24}.AppStore|Any CPU.ActiveCfg = Release|Any CPU
		{67F9D3A8-F71E-4428-913F-C37AE82CDB24}.AppStore|Any CPU.Build.0 = Release|Any CPU
		{67F9D3A8-F71E-4428-913F-C37AE82CDB24}.AppStore|ARM.ActiveCfg = Release|Any CPU
		{67F9D3A8-F71E-4428-913F-C37AE82CDB24}.AppStore|ARM.Build.0 = Release|Any CPU
		{67F9D3A8-F71E-4428-913F-C37AE82CDB24}.AppStore|iPhone.ActiveCfg = Release|Any CPU
		{67F9D3A8-F71E-4428-913F-C37AE82CDB24}.AppStore|iPhone.Build.0 = Release|Any CPU
		{67F9D3A8-F71E-4428-913F-C37AE82CDB24}.AppStore|iPhoneSimulator.ActiveCfg = Release|Any CPU
		{67F9D3A8-F71E-4428-913F-C37AE82CDB24}.AppStore|iPhoneSimulator.Build.0 = Release|Any CPU
		{67F9D3A8-F71E-4428-913F-C37AE82CDB24}.AppStore|x64.ActiveCfg = Release|Any CPU
		{67F9D3A8-F71E-4428-913F-C37AE82CDB24}.AppStore|x64.Build.0 = Release|Any CPU
		{67F9D3A8-F71E-4428-913F-C37AE82CDB24}.AppStore|x86.ActiveCfg = Release|Any CPU
		{67F9D3A8-F71E-4428-913F-C37AE82CDB24}.AppStore|x86.Build.0 = Release|Any CPU
		{67F9D3A8-F71E-4428-913F-C37AE82CDB24}.Debug|Any CPU.ActiveCfg = Debug|Any CPU
		{67F9D3A8-F71E-4428-913F-C37AE82CDB24}.Debug|Any CPU.Build.0 = Debug|Any CPU
		{67F9D3A8-F71E-4428-913F-C37AE82CDB24}.Debug|ARM.ActiveCfg = Debug|Any CPU
		{67F9D3A8-F71E-4428-913F-C37AE82CDB24}.Debug|ARM.Build.0 = Debug|Any CPU
		{67F9D3A8-F71E-4428-913F-C37AE82CDB24}.Debug|iPhone.ActiveCfg = Debug|Any CPU
		{67F9D3A8-F71E-4428-913F-C37AE82CDB24}.Debug|iPhone.Build.0 = Debug|Any CPU
		{67F9D3A8-F71E-4428-913F-C37AE82CDB24}.Debug|iPhoneSimulator.ActiveCfg = Debug|Any CPU
		{67F9D3A8-F71E-4428-913F-C37AE82CDB24}.Debug|iPhoneSimulator.Build.0 = Debug|Any CPU
		{67F9D3A8-F71E-4428-913F-C37AE82CDB24}.Debug|x64.ActiveCfg = Debug|Any CPU
		{67F9D3A8-F71E-4428-913F-C37AE82CDB24}.Debug|x64.Build.0 = Debug|Any CPU
		{67F9D3A8-F71E-4428-913F-C37AE82CDB24}.Debug|x86.ActiveCfg = Debug|Any CPU
		{67F9D3A8-F71E-4428-913F-C37AE82CDB24}.Debug|x86.Build.0 = Debug|Any CPU
		{67F9D3A8-F71E-4428-913F-C37AE82CDB24}.Lua|Any CPU.ActiveCfg = Lua|Any CPU
		{67F9D3A8-F71E-4428-913F-C37AE82CDB24}.Lua|Any CPU.Build.0 = Lua|Any CPU
		{67F9D3A8-F71E-4428-913F-C37AE82CDB24}.Lua|ARM.ActiveCfg = Lua|Any CPU
		{67F9D3A8-F71E-4428-913F-C37AE82CDB24}.Lua|ARM.Build.0 = Lua|Any CPU
		{67F9D3A8-F71E-4428-913F-C37AE82CDB24}.Lua|iPhone.ActiveCfg = Lua|Any CPU
		{67F9D3A8-F71E-4428-913F-C37AE82CDB24}.Lua|iPhone.Build.0 = Lua|Any CPU
		{67F9D3A8-F71E-4428-913F-C37AE82CDB24}.Lua|iPhoneSimulator.ActiveCfg = Lua|Any CPU
		{67F9D3A8-F71E-4428-913F-C37AE82CDB24}.Lua|iPhoneSimulator.Build.0 = Lua|Any CPU
		{67F9D3A8-F71E-4428-913F-C37AE82CDB24}.Lua|x64.ActiveCfg = Lua|Any CPU
		{67F9D3A8-F71E-4428-913F-C37AE82CDB24}.Lua|x64.Build.0 = Lua|Any CPU
		{67F9D3A8-F71E-4428-913F-C37AE82CDB24}.Lua|x86.ActiveCfg = Lua|Any CPU
		{67F9D3A8-F71E-4428-913F-C37AE82CDB24}.Lua|x86.Build.0 = Lua|Any CPU
		{67F9D3A8-F71E-4428-913F-C37AE82CDB24}.Release|Any CPU.ActiveCfg = Release|Any CPU
		{67F9D3A8-F71E-4428-913F-C37AE82CDB24}.Release|Any CPU.Build.0 = Release|Any CPU
		{67F9D3A8-F71E-4428-913F-C37AE82CDB24}.Release|ARM.ActiveCfg = Release|Any CPU
		{67F9D3A8-F71E-4428-913F-C37AE82CDB24}.Release|ARM.Build.0 = Release|Any CPU
		{67F9D3A8-F71E-4428-913F-C37AE82CDB24}.Release|iPhone.ActiveCfg = Release|Any CPU
		{67F9D3A8-F71E-4428-913F-C37AE82CDB24}.Release|iPhone.Build.0 = Release|Any CPU
		{67F9D3A8-F71E-4428-913F-C37AE82CDB24}.Release|iPhoneSimulator.ActiveCfg = Release|Any CPU
		{67F9D3A8-F71E-4428-913F-C37AE82CDB24}.Release|iPhoneSimulator.Build.0 = Release|Any CPU
		{67F9D3A8-F71E-4428-913F-C37AE82CDB24}.Release|x64.ActiveCfg = Release|Any CPU
		{67F9D3A8-F71E-4428-913F-C37AE82CDB24}.Release|x64.Build.0 = Release|Any CPU
		{67F9D3A8-F71E-4428-913F-C37AE82CDB24}.Release|x86.ActiveCfg = Release|Any CPU
		{67F9D3A8-F71E-4428-913F-C37AE82CDB24}.Release|x86.Build.0 = Release|Any CPU
		{67F9D3A8-F71E-4428-913F-C37AE82CDB24}.WinDev|Any CPU.ActiveCfg = WinDev|Any CPU
		{67F9D3A8-F71E-4428-913F-C37AE82CDB24}.WinDev|Any CPU.Build.0 = WinDev|Any CPU
		{67F9D3A8-F71E-4428-913F-C37AE82CDB24}.WinDev|ARM.ActiveCfg = WinDev|Any CPU
		{67F9D3A8-F71E-4428-913F-C37AE82CDB24}.WinDev|ARM.Build.0 = WinDev|Any CPU
		{67F9D3A8-F71E-4428-913F-C37AE82CDB24}.WinDev|iPhone.ActiveCfg = WinDev|Any CPU
		{67F9D3A8-F71E-4428-913F-C37AE82CDB24}.WinDev|iPhone.Build.0 = WinDev|Any CPU
		{67F9D3A8-F71E-4428-913F-C37AE82CDB24}.WinDev|iPhoneSimulator.ActiveCfg = WinDev|Any CPU
		{67F9D3A8-F71E-4428-913F-C37AE82CDB24}.WinDev|iPhoneSimulator.Build.0 = WinDev|Any CPU
		{67F9D3A8-F71E-4428-913F-C37AE82CDB24}.WinDev|x64.ActiveCfg = WinDev|Any CPU
		{67F9D3A8-F71E-4428-913F-C37AE82CDB24}.WinDev|x64.Build.0 = WinDev|Any CPU
		{67F9D3A8-F71E-4428-913F-C37AE82CDB24}.WinDev|x86.ActiveCfg = WinDev|Any CPU
		{67F9D3A8-F71E-4428-913F-C37AE82CDB24}.WinDev|x86.Build.0 = WinDev|Any CPU
		{67F9D3A8-F71E-4428-913F-C37AE82CDB24}.Yavsc|Any CPU.ActiveCfg = Yavsc|Any CPU
		{67F9D3A8-F71E-4428-913F-C37AE82CDB24}.Yavsc|Any CPU.Build.0 = Yavsc|Any CPU
		{67F9D3A8-F71E-4428-913F-C37AE82CDB24}.Yavsc|ARM.ActiveCfg = Yavsc|Any CPU
		{67F9D3A8-F71E-4428-913F-C37AE82CDB24}.Yavsc|ARM.Build.0 = Yavsc|Any CPU
		{67F9D3A8-F71E-4428-913F-C37AE82CDB24}.Yavsc|iPhone.ActiveCfg = Yavsc|Any CPU
		{67F9D3A8-F71E-4428-913F-C37AE82CDB24}.Yavsc|iPhone.Build.0 = Yavsc|Any CPU
		{67F9D3A8-F71E-4428-913F-C37AE82CDB24}.Yavsc|iPhoneSimulator.ActiveCfg = Yavsc|Any CPU
		{67F9D3A8-F71E-4428-913F-C37AE82CDB24}.Yavsc|iPhoneSimulator.Build.0 = Yavsc|Any CPU
		{67F9D3A8-F71E-4428-913F-C37AE82CDB24}.Yavsc|x64.ActiveCfg = Yavsc|Any CPU
		{67F9D3A8-F71E-4428-913F-C37AE82CDB24}.Yavsc|x64.Build.0 = Yavsc|Any CPU
		{67F9D3A8-F71E-4428-913F-C37AE82CDB24}.Yavsc|x86.ActiveCfg = Yavsc|Any CPU
		{67F9D3A8-F71E-4428-913F-C37AE82CDB24}.Yavsc|x86.Build.0 = Yavsc|Any CPU
		{67F9D3A8-F71E-4428-913F-C37AE82CDB24}.ZicMoove|Any CPU.ActiveCfg = ZicMoove|Any CPU
		{67F9D3A8-F71E-4428-913F-C37AE82CDB24}.ZicMoove|Any CPU.Build.0 = ZicMoove|Any CPU
		{67F9D3A8-F71E-4428-913F-C37AE82CDB24}.ZicMoove|ARM.ActiveCfg = ZicMoove|Any CPU
		{67F9D3A8-F71E-4428-913F-C37AE82CDB24}.ZicMoove|ARM.Build.0 = ZicMoove|Any CPU
		{67F9D3A8-F71E-4428-913F-C37AE82CDB24}.ZicMoove|iPhone.ActiveCfg = ZicMoove|Any CPU
		{67F9D3A8-F71E-4428-913F-C37AE82CDB24}.ZicMoove|iPhone.Build.0 = ZicMoove|Any CPU
		{67F9D3A8-F71E-4428-913F-C37AE82CDB24}.ZicMoove|iPhoneSimulator.ActiveCfg = ZicMoove|Any CPU
		{67F9D3A8-F71E-4428-913F-C37AE82CDB24}.ZicMoove|iPhoneSimulator.Build.0 = ZicMoove|Any CPU
		{67F9D3A8-F71E-4428-913F-C37AE82CDB24}.ZicMoove|x64.ActiveCfg = ZicMoove|Any CPU
		{67F9D3A8-F71E-4428-913F-C37AE82CDB24}.ZicMoove|x64.Build.0 = ZicMoove|Any CPU
		{67F9D3A8-F71E-4428-913F-C37AE82CDB24}.ZicMoove|x86.ActiveCfg = ZicMoove|Any CPU
		{67F9D3A8-F71E-4428-913F-C37AE82CDB24}.ZicMoove|x86.Build.0 = ZicMoove|Any CPU
	EndGlobalSection
	GlobalSection(SolutionProperties) = preSolution
		HideSolutionNode = FALSE
	EndGlobalSection
EndGlobal
