# THIS IS AN AUTOGENERATED FILE. DO NOT EDIT THIS FILE DIRECTLY.
# yarn lockfile v1


ansi-to-html@^0.6.11:
  version "0.6.11"
  resolved "https://registry.yarnpkg.com/ansi-to-html/-/ansi-to-html-0.6.11.tgz#5093fc4962186c0e9343dec572a4f71abdc93439"
  integrity sha512-88XZtrcwrfkyn6fGstHnkaF1kl7hGtNCYh4vSmItgEV+6JnQHryDBf7udF4f2RhTRQmYvJvPcTtqgaqrxzc9oA==
  dependencies:
    entities "^1.1.1"

entities@^1.1.1:
  version "1.1.2"
  resolved "https://registry.yarnpkg.com/entities/-/entities-1.1.2.tgz#bdfa735299664dfafd34529ed4f8522a275fea56"
  integrity sha512-f2LZMYl1Fzu7YSBKg+RoROelpOaNrcGmE9AZubeDfrCEia483oW4MI4VyFd5VNHIgQ/7qm1I0wUHK1eJnn2y2w==
